{
  "name": "nswag-integration-typescriptweb",
  "requires": true,
  "lockfileVersion": 1,
  "dependencies": {
    "@angular/common": {
      "version": "2.4.10",
      "resolved": "https://registry.npmjs.org/@angular/common/-/common-2.4.10.tgz",
      "integrity": "sha1-o6aC0iKPow7CPdDrV8joh/uiaZc="
    },
    "@angular/core": {
      "version": "2.4.10",
      "resolved": "https://registry.npmjs.org/@angular/core/-/core-2.4.10.tgz",
      "integrity": "sha1-C4MgplBlll2ZhkWx9c0892m0Qeo="
    },
    "@angular/http": {
      "version": "2.4.10",
      "resolved": "https://registry.npmjs.org/@angular/http/-/http-2.4.10.tgz",
      "integrity": "sha1-/2vq3ls5yYnr8jk8SbNO69Q+lVU="
    },
    "@angular/platform-browser": {
      "version": "2.4.10",
      "resolved": "https://registry.npmjs.org/@angular/platform-browser/-/platform-browser-2.4.10.tgz",
      "integrity": "sha1-y/JWCBSPtP/vlsxQBbpdez4JOQY="
    },
    "@types/angular": {
      "version": "1.6.32",
      "resolved": "https://registry.npmjs.org/@types/angular/-/angular-1.6.32.tgz",
      "integrity": "sha512-xpx7oFBN2oQEwtD80m+aI8wpejzGvlgkgzYD+MpxFTyJtlbwUUUIaJEaEJOtgtF/9Fndt3q6W1qNGf7vO2AUjw==",
      "dev": true
    },
    "@types/jasmine": {
      "version": "2.5.54",
      "resolved": "https://registry.npmjs.org/@types/jasmine/-/jasmine-2.5.54.tgz",
      "integrity": "sha512-B9YofFbUljs19g5gBKUYeLIulsh31U5AK70F41BImQRHEZQGm4GcN922UvnYwkduMqbC/NH+9fruWa/zrqvHIg==",
      "dev": true
    },
    "@types/jquery": {
      "version": "2.0.48",
      "resolved": "https://registry.npmjs.org/@types/jquery/-/jquery-2.0.48.tgz",
      "integrity": "sha512-nNLzUrVjaRV/Ds1eHZLYTd7IZxs38cwwLSaqMJj8OTXY8xNUbxSK69bi9cMLvQ7dm/IBeQ1wHwQ0S1uYa0rd2w==",
      "dev": true
    },
    "@types/knockout": {
      "version": "3.4.45",
      "resolved": "https://registry.npmjs.org/@types/knockout/-/knockout-3.4.45.tgz",
      "integrity": "sha512-RgzIhwDtvem3rHxmyMokAEGsPk/b0npoKUgGkIKXiEj89B1TXXbWd1fC8BPxV/CyPg5kLD5QKK24MzXdU6DDvQ==",
      "dev": true
    },
    "aurelia-binding": {
      "version": "1.2.2",
      "resolved": "https://registry.npmjs.org/aurelia-binding/-/aurelia-binding-1.2.2.tgz",
      "integrity": "sha1-9A2hsxqmgEbTKqBbz69b0/PklxY=",
      "requires": {
        "aurelia-logging": "^1.0.0",
        "aurelia-metadata": "^1.0.0",
        "aurelia-pal": "^1.0.0",
        "aurelia-task-queue": "^1.0.0"
      }
    },
    "aurelia-dependency-injection": {
      "version": "1.3.2",
      "resolved": "https://registry.npmjs.org/aurelia-dependency-injection/-/aurelia-dependency-injection-1.3.2.tgz",
      "integrity": "sha1-X5yl3t5qHMxyoIOMmA3z3+eRh1Y=",
      "requires": {
        "aurelia-metadata": "^1.0.0",
        "aurelia-pal": "^1.0.0"
      }
    },
    "aurelia-fetch-client": {
      "version": "1.1.3",
      "resolved": "https://registry.npmjs.org/aurelia-fetch-client/-/aurelia-fetch-client-1.1.3.tgz",
      "integrity": "sha1-O2pLi53kgJ6Za9oSmfBYOMOQewo="
    },
    "aurelia-framework": {
      "version": "1.1.4",
      "resolved": "https://registry.npmjs.org/aurelia-framework/-/aurelia-framework-1.1.4.tgz",
      "integrity": "sha1-TcYwscSCAxZ0ZuXfKHiAP/Qd/2U=",
      "requires": {
        "aurelia-binding": "^1.0.0",
        "aurelia-dependency-injection": "^1.0.0",
        "aurelia-loader": "^1.0.0",
        "aurelia-logging": "^1.0.0",
        "aurelia-metadata": "^1.0.0",
        "aurelia-pal": "^1.0.0",
        "aurelia-path": "^1.0.0",
        "aurelia-task-queue": "^1.0.0",
        "aurelia-templating": "^1.0.0"
      }
    },
    "aurelia-loader": {
      "version": "1.0.0",
      "resolved": "https://registry.npmjs.org/aurelia-loader/-/aurelia-loader-1.0.0.tgz",
      "integrity": "sha1-t4wqKBOqjkQSRyN91m/WLl1OGeo=",
      "requires": {
        "aurelia-metadata": "^1.0.0",
        "aurelia-path": "^1.0.0"
      }
    },
    "aurelia-logging": {
      "version": "1.3.1",
      "resolved": "https://registry.npmjs.org/aurelia-logging/-/aurelia-logging-1.3.1.tgz",
      "integrity": "sha1-s0rnWTcroIdAqxIjOom60VSH/pg="
    },
    "aurelia-metadata": {
      "version": "1.0.3",
      "resolved": "https://registry.npmjs.org/aurelia-metadata/-/aurelia-metadata-1.0.3.tgz",
      "integrity": "sha1-Ho1Z2hiOKHGorXSbpCyoUISj8w4=",
      "requires": {
        "aurelia-pal": "^1.0.0"
      }
    },
    "aurelia-pal": {
      "version": "1.4.0",
      "resolved": "https://registry.npmjs.org/aurelia-pal/-/aurelia-pal-1.4.0.tgz",
      "integrity": "sha1-EUjyVshUwOAgoKj0Zcv0pu6vkYg="
    },
    "aurelia-path": {
      "version": "1.1.1",
      "resolved": "https://registry.npmjs.org/aurelia-path/-/aurelia-path-1.1.1.tgz",
      "integrity": "sha1-yqnSC8hRWl+fKG2aOxjYGyyFsN0="
    },
    "aurelia-task-queue": {
      "version": "1.2.0",
      "resolved": "https://registry.npmjs.org/aurelia-task-queue/-/aurelia-task-queue-1.2.0.tgz",
      "integrity": "sha1-kjOsMOwQtiARO7qzcCSijmH1mGU=",
      "requires": {
        "aurelia-pal": "^1.0.0"
      }
    },
    "aurelia-templating": {
      "version": "1.4.2",
      "resolved": "https://registry.npmjs.org/aurelia-templating/-/aurelia-templating-1.4.2.tgz",
      "integrity": "sha1-R5zkdwWglf1jbgl1yct5y+5+18s=",
      "requires": {
        "aurelia-binding": "^1.0.0",
        "aurelia-dependency-injection": "^1.0.0",
        "aurelia-loader": "^1.0.0",
        "aurelia-logging": "^1.0.0",
        "aurelia-metadata": "^1.0.0",
        "aurelia-pal": "^1.0.0",
        "aurelia-path": "^1.0.0",
        "aurelia-task-queue": "^1.1.0"
      }
    },
    "rxjs": {
      "version": "5.4.3",
      "resolved": "https://registry.npmjs.org/rxjs/-/rxjs-5.4.3.tgz",
      "integrity": "sha512-fSNi+y+P9ss+EZuV0GcIIqPUK07DEaMRUtLJvdcvMyFjc9dizuDjere+A4V7JrLGnm9iCc+nagV/4QdMTkqC4A==",
      "requires": {
        "symbol-observable": "^1.0.1"
      }
    },
    "symbol-observable": {
      "version": "1.0.4",
      "resolved": "https://registry.npmjs.org/symbol-observable/-/symbol-observable-1.0.4.tgz",
      "integrity": "sha1-Kb9hXUqnEhvdiYsi1LP5vE4qoD0="
    },
    "typescript": {
      "version": "2.4.2",
      "resolved": "https://registry.npmjs.org/typescript/-/typescript-2.4.2.tgz",
      "integrity": "sha1-+DlfhdRZJ2BnyYiqQYN6j4KHCEQ=",
      "dev": true
    },
    "zone.js": {
      "version": "0.7.8",
      "resolved": "https://registry.npmjs.org/zone.js/-/zone.js-0.7.8.tgz",
      "integrity": "sha1-Tz/og01EWX8mOQU6D6Q43zT//e0="
    }
  }
}
