
Microsoft Visual Studio Solution File, Format Version 12.00
# Visual Studio 15
VisualStudioVersion = 15.0.27703.2042
MinimumVisualStudioVersion = 10.0.40219.1
Project("{9A19103F-16F7-4668-BE54-9A1E7A4F7556}") = "Sample.AspNetCore20", "WithoutMiddleware\Sample.AspNetCore20\Sample.AspNetCore20.csproj", "{5A204483-5A44-4B80-8B0B-A58284CC4CCB}"
EndProject
Project("{9A19103F-16F7-4668-BE54-9A1E7A4F7556}") = "Sample.AspNetCore21", "WithoutMiddleware\Sample.AspNetCore21\Sample.AspNetCore21.csproj", "{55E2BF82-3ECE-45E2-96BD-65C09C42843D}"
EndProject
Global
	GlobalSection(SolutionConfigurationPlatforms) = preSolution
		Debug|Any CPU = Debug|Any CPU
		Release|Any CPU = Release|Any CPU
	EndGlobalSection
	GlobalSection(ProjectConfigurationPlatforms) = postSolution
		{5A204483-5A44-4B80-8B0B-A58284CC4CCB}.Debug|Any CPU.ActiveCfg = Debug|Any CPU
		{5A204483-5A44-4B80-8B0B-A58284CC4CCB}.Debug|Any CPU.Build.0 = Debug|Any CPU
		{5A204483-5A44-4B80-8B0B-A58284CC4CCB}.Release|Any CPU.ActiveCfg = Release|Any CPU
		{5A204483-5A44-4B80-8B0B-A58284CC4CCB}.Release|Any CPU.Build.0 = Release|Any CPU
		{55E2BF82-3ECE-45E2-96BD-65C09C42843D}.Debug|Any CPU.ActiveCfg = Debug|Any CPU
		{55E2BF82-3ECE-45E2-96BD-65C09C42843D}.Debug|Any CPU.Build.0 = Debug|Any CPU
		{55E2BF82-3ECE-45E2-96BD-65C09C42843D}.Release|Any CPU.ActiveCfg = Release|Any CPU
		{55E2BF82-3ECE-45E2-96BD-65C09C42843D}.Release|Any CPU.Build.0 = Release|Any CPU
	EndGlobalSection
	GlobalSection(SolutionProperties) = preSolution
		HideSolutionNode = FALSE
	EndGlobalSection
	GlobalSection(ExtensibilityGlobals) = postSolution
		SolutionGuid = {733EB565-BE1C-48BE-80C3-872F39D78955}
	EndGlobalSection
EndGlobal
