
Microsoft Visual Studio Solution File, Format Version 12.00
# Visual Studio Version 16
VisualStudioVersion = 16.0.28803.352
MinimumVisualStudioVersion = 10.0.40219.1
Project("{9A19103F-16F7-4668-BE54-9A1E7A4F7556}") = "Sample.AspNetCore21.Nginx", "Sample.AspNetCore21.Nginx.csproj", "{1D7FCD75-55BD-4D44-823B-AE3787BDE313}"
EndProject
Project("{E53339B2-1760-4266-BCC7-CA923CBCF16C}") = "docker-compose", "docker-compose.dcproj", "{3093F9F5-4FEC-4238-A84D-7B6BB5D9EA1C}"
EndProject
Global
	GlobalSection(SolutionConfigurationPlatforms) = preSolution
		Debug|Any CPU = Debug|Any CPU
		Release|Any CPU = Release|Any CPU
	EndGlobalSection
	GlobalSection(ProjectConfigurationPlatforms) = postSolution
		{1D7FCD75-55BD-4D44-823B-AE3787BDE313}.Debug|Any CPU.ActiveCfg = Debug|Any CPU
		{1D7FCD75-55BD-4D44-823B-AE3787BDE313}.Debug|Any CPU.Build.0 = Debug|Any CPU
		{1D7FCD75-55BD-4D44-823B-AE3787BDE313}.Release|Any CPU.ActiveCfg = Release|Any CPU
		{1D7FCD75-55BD-4D44-823B-AE3787BDE313}.Release|Any CPU.Build.0 = Release|Any CPU
		{3093F9F5-4FEC-4238-A84D-7B6BB5D9EA1C}.Debug|Any CPU.ActiveCfg = Debug|Any CPU
		{3093F9F5-4FEC-4238-A84D-7B6BB5D9EA1C}.Debug|Any CPU.Build.0 = Debug|Any CPU
		{3093F9F5-4FEC-4238-A84D-7B6BB5D9EA1C}.Release|Any CPU.ActiveCfg = Release|Any CPU
		{3093F9F5-4FEC-4238-A84D-7B6BB5D9EA1C}.Release|Any CPU.Build.0 = Release|Any CPU
	EndGlobalSection
	GlobalSection(SolutionProperties) = preSolution
		HideSolutionNode = FALSE
	EndGlobalSection
	GlobalSection(ExtensibilityGlobals) = postSolution
		SolutionGuid = {F4533C7E-C2A0-4845-9A3D-2408380AED4C}
	EndGlobalSection
EndGlobal
