
Microsoft Visual Studio Solution File, Format Version 12.00
# Visual Studio Version 17
VisualStudioVersion = 17.0.31903.59
MinimumVisualStudioVersion = 10.0.40219.1
Project("{FAE04EC0-301F-11D3-BF4B-00C04F79EFBC}") = "NSwagException", "NSwagException.csproj", "{091A205E-1D12-4A15-A7AE-E7E4025A5577}"
EndProject
Global
	GlobalSection(SolutionConfigurationPlatforms) = preSolution
		Debug|Any CPU = Debug|Any CPU
		Release|Any CPU = Release|Any CPU
	EndGlobalSection
	GlobalSection(ProjectConfigurationPlatforms) = postSolution
		{091A205E-1D12-4A15-A7AE-E7E4025A5577}.Debug|Any CPU.ActiveCfg = Debug|Any CPU
		{091A205E-1D12-4A15-A7AE-E7E4025A5577}.Debug|Any CPU.Build.0 = Debug|Any CPU
		{091A205E-1D12-4A15-A7AE-E7E4025A5577}.Release|Any CPU.ActiveCfg = Release|Any CPU
		{091A205E-1D12-4A15-A7AE-E7E4025A5577}.Release|Any CPU.Build.0 = Release|Any CPU
	EndGlobalSection
	GlobalSection(SolutionProperties) = preSolution
		HideSolutionNode = FALSE
	EndGlobalSection
	GlobalSection(ExtensibilityGlobals) = postSolution
		SolutionGuid = {605A0733-0E8B-49CE-A423-C764F0A1CC86}
	EndGlobalSection
EndGlobal
