
Microsoft Visual Studio Solution File, Format Version 12.00
# Visual Studio 14
VisualStudioVersion = 14.0.25420.1
MinimumVisualStudioVersion = 10.0.40219.1
Project("{2150E333-8FDC-42A3-9474-1A3956D46DE8}") = "Demo", "Demo", "{CCE905FB-0DE1-4A8A-89AE-D84E9367D35C}"
EndProject
Project("{8BB2217D-0F2D-49D1-97BC-3654ED321F3B}") = "NSwag.AspNetCore", "NSwag.AspNetCore\NSwag.AspNetCore.xproj", "{B03DBAAF-5D92-4AE6-A946-0009E4823615}"
EndProject
Project("{8BB2217D-0F2D-49D1-97BC-3654ED321F3B}") = "NSwag.Demo.OwinCoreWeb", "NSwag.Demo.OwinCoreWeb\NSwag.Demo.OwinCoreWeb.xproj", "{0F66E2B4-DAFE-448C-8370-52DF730CD0A6}"
EndProject
Project("{8BB2217D-0F2D-49D1-97BC-3654ED321F3B}") = "NSwag.AssemblyLoaderCore", "NSwag.AssemblyLoaderCore\NSwag.AssemblyLoaderCore.xproj", "{79619C2E-AC7D-430A-9A0B-2C9D2D62C87D}"
EndProject
Project("{8BB2217D-0F2D-49D1-97BC-3654ED321F3B}") = "NSwag.ConsoleCore", "NSwag.ConsoleCore\NSwag.ConsoleCore.xproj", "{6ECFF26D-BB69-4F1D-BB18-3C722E6A73A6}"
EndProject
Global
	GlobalSection(SolutionConfigurationPlatforms) = preSolution
		Debug|Any CPU = Debug|Any CPU
		Debug|ARM = Debug|ARM
		Debug|x64 = Debug|x64
		Debug|x86 = Debug|x86
		Release|Any CPU = Release|Any CPU
		Release|ARM = Release|ARM
		Release|x64 = Release|x64
		Release|x86 = Release|x86
	EndGlobalSection
	GlobalSection(ProjectConfigurationPlatforms) = postSolution
		{B03DBAAF-5D92-4AE6-A946-0009E4823615}.Debug|Any CPU.ActiveCfg = Debug|Any CPU
		{B03DBAAF-5D92-4AE6-A946-0009E4823615}.Debug|Any CPU.Build.0 = Debug|Any CPU
		{B03DBAAF-5D92-4AE6-A946-0009E4823615}.Debug|ARM.ActiveCfg = Debug|Any CPU
		{B03DBAAF-5D92-4AE6-A946-0009E4823615}.Debug|ARM.Build.0 = Debug|Any CPU
		{B03DBAAF-5D92-4AE6-A946-0009E4823615}.Debug|x64.ActiveCfg = Debug|Any CPU
		{B03DBAAF-5D92-4AE6-A946-0009E4823615}.Debug|x64.Build.0 = Debug|Any CPU
		{B03DBAAF-5D92-4AE6-A946-0009E4823615}.Debug|x86.ActiveCfg = Debug|Any CPU
		{B03DBAAF-5D92-4AE6-A946-0009E4823615}.Debug|x86.Build.0 = Debug|Any CPU
		{B03DBAAF-5D92-4AE6-A946-0009E4823615}.Release|Any CPU.ActiveCfg = Release|Any CPU
		{B03DBAAF-5D92-4AE6-A946-0009E4823615}.Release|Any CPU.Build.0 = Release|Any CPU
		{B03DBAAF-5D92-4AE6-A946-0009E4823615}.Release|ARM.ActiveCfg = Release|Any CPU
		{B03DBAAF-5D92-4AE6-A946-0009E4823615}.Release|ARM.Build.0 = Release|Any CPU
		{B03DBAAF-5D92-4AE6-A946-0009E4823615}.Release|x64.ActiveCfg = Release|Any CPU
		{B03DBAAF-5D92-4AE6-A946-0009E4823615}.Release|x64.Build.0 = Release|Any CPU
		{B03DBAAF-5D92-4AE6-A946-0009E4823615}.Release|x86.ActiveCfg = Release|Any CPU
		{B03DBAAF-5D92-4AE6-A946-0009E4823615}.Release|x86.Build.0 = Release|Any CPU
		{0F66E2B4-DAFE-448C-8370-52DF730CD0A6}.Debug|Any CPU.ActiveCfg = Debug|Any CPU
		{0F66E2B4-DAFE-448C-8370-52DF730CD0A6}.Debug|Any CPU.Build.0 = Debug|Any CPU
		{0F66E2B4-DAFE-448C-8370-52DF730CD0A6}.Debug|ARM.ActiveCfg = Debug|Any CPU
		{0F66E2B4-DAFE-448C-8370-52DF730CD0A6}.Debug|ARM.Build.0 = Debug|Any CPU
		{0F66E2B4-DAFE-448C-8370-52DF730CD0A6}.Debug|x64.ActiveCfg = Debug|Any CPU
		{0F66E2B4-DAFE-448C-8370-52DF730CD0A6}.Debug|x64.Build.0 = Debug|Any CPU
		{0F66E2B4-DAFE-448C-8370-52DF730CD0A6}.Debug|x86.ActiveCfg = Debug|Any CPU
		{0F66E2B4-DAFE-448C-8370-52DF730CD0A6}.Debug|x86.Build.0 = Debug|Any CPU
		{0F66E2B4-DAFE-448C-8370-52DF730CD0A6}.Release|Any CPU.ActiveCfg = Release|Any CPU
		{0F66E2B4-DAFE-448C-8370-52DF730CD0A6}.Release|Any CPU.Build.0 = Release|Any CPU
		{0F66E2B4-DAFE-448C-8370-52DF730CD0A6}.Release|ARM.ActiveCfg = Release|Any CPU
		{0F66E2B4-DAFE-448C-8370-52DF730CD0A6}.Release|ARM.Build.0 = Release|Any CPU
		{0F66E2B4-DAFE-448C-8370-52DF730CD0A6}.Release|x64.ActiveCfg = Release|Any CPU
		{0F66E2B4-DAFE-448C-8370-52DF730CD0A6}.Release|x64.Build.0 = Release|Any CPU
		{0F66E2B4-DAFE-448C-8370-52DF730CD0A6}.Release|x86.ActiveCfg = Release|Any CPU
		{0F66E2B4-DAFE-448C-8370-52DF730CD0A6}.Release|x86.Build.0 = Release|Any CPU
		{79619C2E-AC7D-430A-9A0B-2C9D2D62C87D}.Debug|Any CPU.ActiveCfg = Debug|Any CPU
		{79619C2E-AC7D-430A-9A0B-2C9D2D62C87D}.Debug|Any CPU.Build.0 = Debug|Any CPU
		{79619C2E-AC7D-430A-9A0B-2C9D2D62C87D}.Debug|ARM.ActiveCfg = Debug|Any CPU
		{79619C2E-AC7D-430A-9A0B-2C9D2D62C87D}.Debug|ARM.Build.0 = Debug|Any CPU
		{79619C2E-AC7D-430A-9A0B-2C9D2D62C87D}.Debug|x64.ActiveCfg = Debug|Any CPU
		{79619C2E-AC7D-430A-9A0B-2C9D2D62C87D}.Debug|x64.Build.0 = Debug|Any CPU
		{79619C2E-AC7D-430A-9A0B-2C9D2D62C87D}.Debug|x86.ActiveCfg = Debug|Any CPU
		{79619C2E-AC7D-430A-9A0B-2C9D2D62C87D}.Debug|x86.Build.0 = Debug|Any CPU
		{79619C2E-AC7D-430A-9A0B-2C9D2D62C87D}.Release|Any CPU.ActiveCfg = Release|Any CPU
		{79619C2E-AC7D-430A-9A0B-2C9D2D62C87D}.Release|Any CPU.Build.0 = Release|Any CPU
		{79619C2E-AC7D-430A-9A0B-2C9D2D62C87D}.Release|ARM.ActiveCfg = Release|Any CPU
		{79619C2E-AC7D-430A-9A0B-2C9D2D62C87D}.Release|ARM.Build.0 = Release|Any CPU
		{79619C2E-AC7D-430A-9A0B-2C9D2D62C87D}.Release|x64.ActiveCfg = Release|Any CPU
		{79619C2E-AC7D-430A-9A0B-2C9D2D62C87D}.Release|x64.Build.0 = Release|Any CPU
		{79619C2E-AC7D-430A-9A0B-2C9D2D62C87D}.Release|x86.ActiveCfg = Release|Any CPU
		{79619C2E-AC7D-430A-9A0B-2C9D2D62C87D}.Release|x86.Build.0 = Release|Any CPU
		{6ECFF26D-BB69-4F1D-BB18-3C722E6A73A6}.Debug|Any CPU.ActiveCfg = Debug|Any CPU
		{6ECFF26D-BB69-4F1D-BB18-3C722E6A73A6}.Debug|Any CPU.Build.0 = Debug|Any CPU
		{6ECFF26D-BB69-4F1D-BB18-3C722E6A73A6}.Debug|ARM.ActiveCfg = Debug|Any CPU
		{6ECFF26D-BB69-4F1D-BB18-3C722E6A73A6}.Debug|ARM.Build.0 = Debug|Any CPU
		{6ECFF26D-BB69-4F1D-BB18-3C722E6A73A6}.Debug|x64.ActiveCfg = Debug|Any CPU
		{6ECFF26D-BB69-4F1D-BB18-3C722E6A73A6}.Debug|x64.Build.0 = Debug|Any CPU
		{6ECFF26D-BB69-4F1D-BB18-3C722E6A73A6}.Debug|x86.ActiveCfg = Debug|Any CPU
		{6ECFF26D-BB69-4F1D-BB18-3C722E6A73A6}.Debug|x86.Build.0 = Debug|Any CPU
		{6ECFF26D-BB69-4F1D-BB18-3C722E6A73A6}.Release|Any CPU.ActiveCfg = Release|Any CPU
		{6ECFF26D-BB69-4F1D-BB18-3C722E6A73A6}.Release|Any CPU.Build.0 = Release|Any CPU
		{6ECFF26D-BB69-4F1D-BB18-3C722E6A73A6}.Release|ARM.ActiveCfg = Release|Any CPU
		{6ECFF26D-BB69-4F1D-BB18-3C722E6A73A6}.Release|ARM.Build.0 = Release|Any CPU
		{6ECFF26D-BB69-4F1D-BB18-3C722E6A73A6}.Release|x64.ActiveCfg = Release|Any CPU
		{6ECFF26D-BB69-4F1D-BB18-3C722E6A73A6}.Release|x64.Build.0 = Release|Any CPU
		{6ECFF26D-BB69-4F1D-BB18-3C722E6A73A6}.Release|x86.ActiveCfg = Release|Any CPU
		{6ECFF26D-BB69-4F1D-BB18-3C722E6A73A6}.Release|x86.Build.0 = Release|Any CPU
	EndGlobalSection
	GlobalSection(SolutionProperties) = preSolution
		HideSolutionNode = FALSE
	EndGlobalSection
	GlobalSection(NestedProjects) = preSolution
		{0F66E2B4-DAFE-448C-8370-52DF730CD0A6} = {CCE905FB-0DE1-4A8A-89AE-D84E9367D35C}
	EndGlobalSection
EndGlobal
