
Microsoft Visual Studio Solution File, Format Version 12.00
# Visual Studio Version 17
VisualStudioVersion = 17.0.31912.275
MinimumVisualStudioVersion = 10.0.40219.1
Project("{9A19103F-16F7-4668-BE54-9A1E7A4F7556}") = "NSwag.CodeGeneration", "NSwag.CodeGeneration\NSwag.CodeGeneration.csproj", "{75B3F91D-687E-4FB3-AD45-CCFA3C406DB4}"
EndProject
Project("{9A19103F-16F7-4668-BE54-9A1E7A4F7556}") = "NSwag.CodeGeneration.Tests", "NSwag.CodeGeneration.Tests\NSwag.CodeGeneration.Tests.csproj", "{37650571-163A-4BE7-86BF-DC1B02ADACBB}"
	ProjectSection(ProjectDependencies) = postProject
		{26CBD69C-EE7C-4D81-8D62-410F4AD4876B} = {26CBD69C-EE7C-4D81-8D62-410F4AD4876B}
		{37AE85DE-B127-4861-B925-1A67A35F314A} = {37AE85DE-B127-4861-B925-1A67A35F314A}
	EndProjectSection
EndProject
Project("{9A19103F-16F7-4668-BE54-9A1E7A4F7556}") = "NSwagStudio", "NSwagStudio\NSwagStudio.csproj", "{DADA2D11-14E2-40B1-B31D-B68D6F18378C}"
EndProject
Project("{9A19103F-16F7-4668-BE54-9A1E7A4F7556}") = "NSwag.Annotations", "NSwag.Annotations\NSwag.Annotations.csproj", "{CA084154-E758-4A44-938D-7806AF2DD886}"
EndProject
Project("{2150E333-8FDC-42A3-9474-1A3956D46DE8}") = "07 Integration Tests", "07 Integration Tests", "{F31829C6-CEE4-4242-A4D9-820C36127B0B}"
	ProjectSection(SolutionItems) = preProject
		IntegrationTests.md = IntegrationTests.md
	EndProjectSection
EndProject
Project("{9A19103F-16F7-4668-BE54-9A1E7A4F7556}") = "NSwag.Core", "NSwag.Core\NSwag.Core.csproj", "{2E6174AA-FC75-4821-9E86-51B30568BEC0}"
EndProject
Project("{930C7802-8A8C-48F9-8165-68863BCCD9DD}") = "NSwagStudio.Installer", "NSwagStudio.Installer\NSwagStudio.Installer.wixproj", "{50DCC09C-7349-4BAC-8833-261A641E0669}"
	ProjectSection(ProjectDependencies) = postProject
		{26CBD69C-EE7C-4D81-8D62-410F4AD4876B} = {26CBD69C-EE7C-4D81-8D62-410F4AD4876B}
		{78F6BDD4-8F25-4CE4-B926-60F19BA657E9} = {78F6BDD4-8F25-4CE4-B926-60F19BA657E9}
	EndProjectSection
EndProject
Project("{2150E333-8FDC-42A3-9474-1A3956D46DE8}") = "Sample Configurations", "Sample Configurations", "{B50AC8CD-CF12-4E7E-9295-E65750C46AA6}"
	ProjectSection(SolutionItems) = preProject
		Samples\DemoWeb.nswag = Samples\DemoWeb.nswag
		Samples\SwaggerUrlImport.nswag = Samples\SwaggerUrlImport.nswag
	EndProjectSection
EndProject
Project("{9A19103F-16F7-4668-BE54-9A1E7A4F7556}") = "NSwag.AssemblyLoader", "NSwag.AssemblyLoader\NSwag.AssemblyLoader.csproj", "{46634C60-BA7D-43E6-9049-6AD461488C39}"
EndProject
Project("{2150E333-8FDC-42A3-9474-1A3956D46DE8}") = "NSwag.MSBuild", "NSwag.MSBuild", "{0CBA6B21-C510-441F-A37F-6B74D504B966}"
	ProjectSection(SolutionItems) = preProject
		NSwag.MSBuild\build.bat = NSwag.MSBuild\build.bat
		NSwag.MSBuild\NSwag.MSBuild.nuspec = NSwag.MSBuild\NSwag.MSBuild.nuspec
		NSwag.MSBuild\NSwag.MSBuild.props = NSwag.MSBuild\NSwag.MSBuild.props
	EndProjectSection
EndProject
Project("{9A19103F-16F7-4668-BE54-9A1E7A4F7556}") = "NSwag.AspNet.Owin", "NSwag.AspNet.Owin\NSwag.AspNet.Owin.csproj", "{69A692EB-C277-46AB-BA55-B33E7E6E129C}"
EndProject
Project("{2150E333-8FDC-42A3-9474-1A3956D46DE8}") = "NSwagStudio.Chocolatey", "NSwagStudio.Chocolatey", "{19DD88A1-6C11-4D99-B753-9878048E8935}"
	ProjectSection(SolutionItems) = preProject
		NSwagStudio.Chocolatey\build.bat = NSwagStudio.Chocolatey\build.bat
		NSwagStudio.Chocolatey\NSwagStudio.ChocolateyInstall.ps1 = NSwagStudio.Chocolatey\NSwagStudio.ChocolateyInstall.ps1
		NSwagStudio.Chocolatey\NSwagStudio.ChocolateyUninstall.ps1 = NSwagStudio.Chocolatey\NSwagStudio.ChocolateyUninstall.ps1
		NSwagStudio.Chocolatey\NSwagStudio.nuspec = NSwagStudio.Chocolatey\NSwagStudio.nuspec
	EndProjectSection
EndProject
Project("{FAE04EC0-301F-11D3-BF4B-00C04F79EFBC}") = "NSwag.Integration.WebAPI", "NSwag.Integration.WebAPI\NSwag.Integration.WebAPI.csproj", "{6DF73809-53CA-4A82-AAE6-3C2C62C2D8E8}"
EndProject
Project("{9A19103F-16F7-4668-BE54-9A1E7A4F7556}") = "NSwag.Integration.ClientPCL", "NSwag.Integration.ClientPCL\NSwag.Integration.ClientPCL.csproj", "{ECD41518-A92C-4706-8E74-9707AFA554B7}"
EndProject
Project("{9A19103F-16F7-4668-BE54-9A1E7A4F7556}") = "NSwag.Integration.ClientPCL.Tests", "NSwag.Integration.ClientPCL.Tests\NSwag.Integration.ClientPCL.Tests.csproj", "{A46ED5E6-95EE-448B-AA88-E43FA32482B6}"
EndProject
Project("{9A19103F-16F7-4668-BE54-9A1E7A4F7556}") = "NSwag.AspNet.WebApi", "NSwag.AspNet.WebApi\NSwag.AspNet.WebApi.csproj", "{E5AC8F27-F9E2-4E98-AC98-6F9361132A2E}"
EndProject
Project("{2150E333-8FDC-42A3-9474-1A3956D46DE8}") = "08 Packages", "08 Packages", "{DDBB05AC-B066-48C4-933C-034F401EBB6A}"
EndProject
Project("{9A19103F-16F7-4668-BE54-9A1E7A4F7556}") = "NSwag.Integration.Console", "NSwag.Integration.Console\NSwag.Integration.Console.csproj", "{C683AABE-5FE5-47B8-BB4D-EE5C5E89D9DE}"
EndProject
Project("{9A19103F-16F7-4668-BE54-9A1E7A4F7556}") = "NSwag.Commands", "NSwag.Commands\NSwag.Commands.csproj", "{71B39C21-46A2-471B-AACE-226C575B8AC1}"
EndProject
Project("{9A19103F-16F7-4668-BE54-9A1E7A4F7556}") = "NSwag.Console", "NSwag.Console\NSwag.Console.csproj", "{26CBD69C-EE7C-4D81-8D62-410F4AD4876B}"
EndProject
Project("{2150E333-8FDC-42A3-9474-1A3956D46DE8}") = "NSwag.Npm", "NSwag.Npm", "{E0EE88B9-E6AD-434A-A11E-FC6A987CC02B}"
	ProjectSection(SolutionItems) = preProject
		NSwag.Npm\bin\nswag.js = NSwag.Npm\bin\nswag.js
		NSwag.Npm\package.json = NSwag.Npm\package.json
		NSwag.Npm\README.md = NSwag.Npm\README.md
	EndProjectSection
EndProject
Project("{9A19103F-16F7-4668-BE54-9A1E7A4F7556}") = "NSwag.Generation", "NSwag.Generation\NSwag.Generation.csproj", "{5EBE3EFF-9558-45F2-9C8F-5C8CFB74D574}"
EndProject
Project("{9A19103F-16F7-4668-BE54-9A1E7A4F7556}") = "NSwag.CodeGeneration.CSharp", "NSwag.CodeGeneration.CSharp\NSwag.CodeGeneration.CSharp.csproj", "{F0036DA5-5DD4-494C-91B0-37689E00511E}"
EndProject
Project("{9A19103F-16F7-4668-BE54-9A1E7A4F7556}") = "NSwag.CodeGeneration.TypeScript", "NSwag.CodeGeneration.TypeScript\NSwag.CodeGeneration.TypeScript.csproj", "{9293CFCD-6C7B-43E0-9FBD-88753EBF64CC}"
EndProject
Project("{2150E333-8FDC-42A3-9474-1A3956D46DE8}") = "03 CodeGeneration", "03 CodeGeneration", "{441A2B84-3FF3-43BE-BAD8-609A1EBDC95C}"
EndProject
Project("{2150E333-8FDC-42A3-9474-1A3956D46DE8}") = "01 Core", "01 Core", "{1030C3AA-7549-473B-AA7E-5DFAC2F9D37A}"
EndProject
Project("{2150E333-8FDC-42A3-9474-1A3956D46DE8}") = "02 Generation", "02 Generation", "{48E8B044-3374-4F39-A180-9E01F7A10785}"
EndProject
Project("{2150E333-8FDC-42A3-9474-1A3956D46DE8}") = "05 Frontends", "05 Frontends", "{F0F26A35-C4B6-42D0-A1DF-98CA46A5C560}"
EndProject
Project("{9A19103F-16F7-4668-BE54-9A1E7A4F7556}") = "NSwag.Generation.WebApi", "NSwag.Generation.WebApi\NSwag.Generation.WebApi.csproj", "{8A547CB0-930F-466D-92EB-E780FF14C0A6}"
EndProject
Project("{9A19103F-16F7-4668-BE54-9A1E7A4F7556}") = "NSwag.CodeGeneration.CSharp.Tests", "NSwag.CodeGeneration.CSharp.Tests\NSwag.CodeGeneration.CSharp.Tests.csproj", "{C7923A8B-D0CE-4FD8-ADA0-7507D5F3F693}"
EndProject
Project("{9A19103F-16F7-4668-BE54-9A1E7A4F7556}") = "NSwag.Generation.WebApi.Tests", "NSwag.Generation.WebApi.Tests\NSwag.Generation.WebApi.Tests.csproj", "{869C5D59-22B5-4FF8-A1D3-94DDD11D1EED}"
EndProject
Project("{9A19103F-16F7-4668-BE54-9A1E7A4F7556}") = "NSwag.CodeGeneration.TypeScript.Tests", "NSwag.CodeGeneration.TypeScript.Tests\NSwag.CodeGeneration.TypeScript.Tests.csproj", "{95B83E7B-1ADF-4185-AB36-3B17459B0128}"
EndProject
Project("{2150E333-8FDC-42A3-9474-1A3956D46DE8}") = "06 Tests", "06 Tests", "{634E4ABD-29EC-4EB2-81EF-7E41D6D6F6E0}"
EndProject
Project("{9A19103F-16F7-4668-BE54-9A1E7A4F7556}") = "NSwag.AspNetCore", "NSwag.AspNetCore\NSwag.AspNetCore.csproj", "{73E71805-C3AB-400A-8258-7BF429F04EC2}"
EndProject
Project("{9A19103F-16F7-4668-BE54-9A1E7A4F7556}") = "NSwag.ConsoleCore", "NSwag.ConsoleCore\NSwag.ConsoleCore.csproj", "{6162580C-E6FF-4E11-A5AD-089D7F411E78}"
EndProject
Project("{2150E333-8FDC-42A3-9474-1A3956D46DE8}") = "04 ASP.NET", "04 ASP.NET", "{0AF934BD-80BE-483E-BCB7-D9B3F7B816E3}"
EndProject
Project("{9A19103F-16F7-4668-BE54-9A1E7A4F7556}") = "NSwag.VersionMissmatchTest", "NSwag.VersionMissmatchTest\NSwag.VersionMissmatchTest.csproj", "{8B57755E-2868-434D-A008-45CE2EDBD879}"
EndProject
Project("{9A19103F-16F7-4668-BE54-9A1E7A4F7556}") = "NSwag.Sample.NetCoreAngular", "NSwag.Sample.NetCoreAngular\NSwag.Sample.NetCoreAngular.csproj", "{5A8A4C49-0BEE-4553-9016-DCD74127BBC7}"
EndProject
Project("{2150E333-8FDC-42A3-9474-1A3956D46DE8}") = "09 Samples", "09 Samples", "{D8CC0D1C-8DAC-49FE-AA78-C028DC124DD5}"
EndProject
Project("{9A19103F-16F7-4668-BE54-9A1E7A4F7556}") = "NSwag.Sample.Common", "NSwag.Sample.Common\NSwag.Sample.Common.csproj", "{F3B6E032-08DC-410D-924D-EF0E065A24DB}"
EndProject
Project("{9A19103F-16F7-4668-BE54-9A1E7A4F7556}") = "NSwag.Sample.NetCoreAngular.Clients", "NSwag.Sample.NetCoreAngular.Clients\NSwag.Sample.NetCoreAngular.Clients.csproj", "{2C5B05B7-6954-4E96-ABB9-859ADE656AE2}"
EndProject
Project("{FAE04EC0-301F-11D3-BF4B-00C04F79EFBC}") = "NSwag.Sample.NetGlobalAsax", "NSwag.Sample.NetGlobalAsax\NSwag.Sample.NetGlobalAsax.csproj", "{DA432F28-7EF8-42D6-988C-65CFA097F0D2}"
EndProject
Project("{FAE04EC0-301F-11D3-BF4B-00C04F79EFBC}") = "NSwag.Demo.Web", "NSwag.Demo.Web\NSwag.Demo.Web.csproj", "{37AE85DE-B127-4861-B925-1A67A35F314A}"
EndProject
Project("{9A19103F-16F7-4668-BE54-9A1E7A4F7556}") = "NSwag.Sample.NetCoreAurelia", "NSwag.Sample.NetCoreAurelia\NSwag.Sample.NetCoreAurelia.csproj", "{ECB6195B-DDF5-4161-AC28-50634BA053F2}"
EndProject
Project("{9A19103F-16F7-4668-BE54-9A1E7A4F7556}") = "NSwag.Console.x86", "NSwag.Console.x86\NSwag.Console.x86.csproj", "{78F6BDD4-8F25-4CE4-B926-60F19BA657E9}"
EndProject
Project("{9A19103F-16F7-4668-BE54-9A1E7A4F7556}") = "NSwag.Core.Yaml", "NSwag.Core.Yaml\NSwag.Core.Yaml.csproj", "{9E74D2F4-F3E8-4E9F-AC8E-54A3D86A5FCC}"
EndProject
Project("{9A19103F-16F7-4668-BE54-9A1E7A4F7556}") = "NSwag.Generation.AspNetCore", "NSwag.Generation.AspNetCore\NSwag.Generation.AspNetCore.csproj", "{51740C29-AF4F-40AD-BFDE-09E6F8C873D2}"
EndProject
Project("{9A19103F-16F7-4668-BE54-9A1E7A4F7556}") = "NSwag.Generation.AspNetCore.Tests", "NSwag.Generation.AspNetCore.Tests\NSwag.Generation.AspNetCore.Tests.csproj", "{5A11ECF6-6783-4797-9CBD-F1F2A63493DF}"
EndProject
Project("{9A19103F-16F7-4668-BE54-9A1E7A4F7556}") = "NSwag.AspNetCore.Launcher", "NSwag.AspNetCore.Launcher\NSwag.AspNetCore.Launcher.csproj", "{B715070B-E76E-4959-894A-623EB7639E5F}"
EndProject
Project("{9A19103F-16F7-4668-BE54-9A1E7A4F7556}") = "NSwag.AspNetCore.Launcher.x86", "NSwag.AspNetCore.Launcher.x86\NSwag.AspNetCore.Launcher.x86.csproj", "{E90E9C77-7983-40D0-AAB3-91D16DC639CE}"
EndProject
Project("{9A19103F-16F7-4668-BE54-9A1E7A4F7556}") = "NSwag.Core.Tests", "NSwag.Core.Tests\NSwag.Core.Tests.csproj", "{810AF444-D713-4CEE-BC9F-13D7875AE69B}"
EndProject
Project("{9A19103F-16F7-4668-BE54-9A1E7A4F7556}") = "NSwag.Sample.NETCore21", "NSwag.Sample.NETCore21\NSwag.Sample.NETCore21.csproj", "{B60E7723-91F4-412B-9EB3-4050B71B0DAA}"
EndProject
Project("{9A19103F-16F7-4668-BE54-9A1E7A4F7556}") = "NSwag.Sample.NET50", "NSwag.Sample.NET50\NSwag.Sample.NET50.csproj", "{F109D48B-A2FF-497D-8374-FEA60C5F2365}"
EndProject
Project("{9A19103F-16F7-4668-BE54-9A1E7A4F7556}") = "NSwag.Generation.AspNetCore.Tests.Web", "NSwag.Generation.AspNetCore.Tests.Web\NSwag.Generation.AspNetCore.Tests.Web.csproj", "{FDD41017-91E2-4BD8-B827-F851BDEC6B6E}"
EndProject
Project("{9A19103F-16F7-4668-BE54-9A1E7A4F7556}") = "NSwag.AssemblyLoader.Tests", "NSwag.AssemblyLoader.Tests\NSwag.AssemblyLoader.Tests.csproj", "{1853262B-6D39-477B-872A-8B5473FE74BB}"
EndProject
Project("{2150E333-8FDC-42A3-9474-1A3956D46DE8}") = "NSwag.ApiDescription.Client", "NSwag.ApiDescription.Client", "{E6E40935-0C79-480B-BF29-8C493AC7E518}"
	ProjectSection(SolutionItems) = preProject
		NSwag.ApiDescription.Client\NSwag.ApiDescription.Client.nuspec = NSwag.ApiDescription.Client\NSwag.ApiDescription.Client.nuspec
		NSwag.ApiDescription.Client\NSwag.ApiDescription.Client.targets = NSwag.ApiDescription.Client\NSwag.ApiDescription.Client.targets
	EndProjectSection
EndProject
Project("{9A19103F-16F7-4668-BE54-9A1E7A4F7556}") = "NSwag.Core.Yaml.Tests", "NSwag.Core.Yaml.Tests\NSwag.Core.Yaml.Tests.csproj", "{B6467D5A-7B13-4B06-89BE-2BC7B6615956}"
EndProject
Project("{9A19103F-16F7-4668-BE54-9A1E7A4F7556}") = "NSwag.Generation.Tests", "NSwag.Generation.Tests\NSwag.Generation.Tests.csproj", "{F237A592-2D74-4C38-B222-2C91029B87F8}"
EndProject
Project("{9A19103F-16F7-4668-BE54-9A1E7A4F7556}") = "NSwag.Sample.NETCore31", "NSwag.Sample.NETCore31\NSwag.Sample.NETCore31.csproj", "{4BCF42CE-A289-4B6D-92DB-ED95F8ED4B19}"
EndProject
Project("{2150E333-8FDC-42A3-9474-1A3956D46DE8}") = "00 Build", "00 Build", "{6F5E4FDF-0A82-42D5-94AC-A9CD43CC931D}"
	ProjectSection(SolutionItems) = preProject
		..\azure-pipelines.yml = ..\azure-pipelines.yml
		Directory.Build.props = Directory.Build.props
	EndProjectSection
EndProject
Project("{9A19103F-16F7-4668-BE54-9A1E7A4F7556}") = "NSwag.Sample.NETCore20", "NSwag.Sample.NETCore20\NSwag.Sample.NETCore20.csproj", "{37563171-4C09-4BCD-B2FB-08F786198909}"
EndProject
Project("{9A19103F-16F7-4668-BE54-9A1E7A4F7556}") = "NSwag.Sample.NETCore20.Part", "NSwag.Sample.NETCore20.Part\NSwag.Sample.NETCore20.Part.csproj", "{60438B13-8111-44C3-B5E5-34C3F30FF234}"
EndProject
Project("{9A19103F-16F7-4668-BE54-9A1E7A4F7556}") = "_build", "..\build\_build.csproj", "{AC3D8125-AE21-49FC-A217-D96C7B585FF9}"
EndProject
Project("{9A19103F-16F7-4668-BE54-9A1E7A4F7556}") = "NSwag.Sample.NET60", "NSwag.Sample.NET60\NSwag.Sample.NET60.csproj", "{DE82965A-6935-43E0-A9A1-F3F35B4487EB}"
EndProject
Project("{9A19103F-16F7-4668-BE54-9A1E7A4F7556}") = "NSwag.Sample.NET60Minimal", "NSwag.Sample.NET60Minimal\NSwag.Sample.NET60Minimal.csproj", "{24693FBC-445E-4360-A1E8-B6F136C563FB}"
EndProject
Project("{FAE04EC0-301F-11D3-BF4B-00C04F79EFBC}") = "NSwag.Sample.NET70", "NSwag.Sample.NET70\NSwag.Sample.NET70.csproj", "{4D70DC56-C31D-49EF-8CDC-AB1E4DF77ED9}"
EndProject
Project("{FAE04EC0-301F-11D3-BF4B-00C04F79EFBC}") = "NSwag.Sample.NET70Minimal", "NSwag.Sample.NET70Minimal\NSwag.Sample.NET70Minimal.csproj", "{EBFFF84D-A50D-4E0E-A0A5-A4483E78FC8E}"
EndProject
Project("{2150E333-8FDC-42A3-9474-1A3956D46DE8}") = "workflows", "workflows", "{F6478768-C7C9-4879-A327-233785330F86}"
	ProjectSection(SolutionItems) = preProject
		..\.github\workflows\build.yml = ..\.github\workflows\build.yml
		..\.github\workflows\pr.yml = ..\.github\workflows\pr.yml
	EndProjectSection
EndProject
Global
	GlobalSection(SolutionConfigurationPlatforms) = preSolution
		Debug|Any CPU = Debug|Any CPU
		Debug|x64 = Debug|x64
		Debug|x86 = Debug|x86
		Release|Any CPU = Release|Any CPU
		Release|x64 = Release|x64
		Release|x86 = Release|x86
		ReleaseTypeScriptStrict|Any CPU = ReleaseTypeScriptStrict|Any CPU
		ReleaseTypeScriptStrict|x64 = ReleaseTypeScriptStrict|x64
		ReleaseTypeScriptStrict|x86 = ReleaseTypeScriptStrict|x86
	EndGlobalSection
	GlobalSection(ProjectConfigurationPlatforms) = postSolution
		{75B3F91D-687E-4FB3-AD45-CCFA3C406DB4}.Debug|Any CPU.ActiveCfg = Debug|Any CPU
		{75B3F91D-687E-4FB3-AD45-CCFA3C406DB4}.Debug|Any CPU.Build.0 = Debug|Any CPU
		{75B3F91D-687E-4FB3-AD45-CCFA3C406DB4}.Debug|x64.ActiveCfg = Debug|Any CPU
		{75B3F91D-687E-4FB3-AD45-CCFA3C406DB4}.Debug|x64.Build.0 = Debug|Any CPU
		{75B3F91D-687E-4FB3-AD45-CCFA3C406DB4}.Debug|x86.ActiveCfg = Debug|Any CPU
		{75B3F91D-687E-4FB3-AD45-CCFA3C406DB4}.Debug|x86.Build.0 = Debug|Any CPU
		{75B3F91D-687E-4FB3-AD45-CCFA3C406DB4}.Release|Any CPU.ActiveCfg = Release|Any CPU
		{75B3F91D-687E-4FB3-AD45-CCFA3C406DB4}.Release|Any CPU.Build.0 = Release|Any CPU
		{75B3F91D-687E-4FB3-AD45-CCFA3C406DB4}.Release|x64.ActiveCfg = Release|Any CPU
		{75B3F91D-687E-4FB3-AD45-CCFA3C406DB4}.Release|x64.Build.0 = Release|Any CPU
		{75B3F91D-687E-4FB3-AD45-CCFA3C406DB4}.Release|x86.ActiveCfg = Release|Any CPU
		{75B3F91D-687E-4FB3-AD45-CCFA3C406DB4}.ReleaseTypeScriptStrict|Any CPU.ActiveCfg = Release|Any CPU
		{75B3F91D-687E-4FB3-AD45-CCFA3C406DB4}.ReleaseTypeScriptStrict|Any CPU.Build.0 = Release|Any CPU
		{75B3F91D-687E-4FB3-AD45-CCFA3C406DB4}.ReleaseTypeScriptStrict|x64.ActiveCfg = Release|Any CPU
		{75B3F91D-687E-4FB3-AD45-CCFA3C406DB4}.ReleaseTypeScriptStrict|x64.Build.0 = Release|Any CPU
		{75B3F91D-687E-4FB3-AD45-CCFA3C406DB4}.ReleaseTypeScriptStrict|x86.ActiveCfg = Release|Any CPU
		{37650571-163A-4BE7-86BF-DC1B02ADACBB}.Debug|Any CPU.ActiveCfg = Debug|Any CPU
		{37650571-163A-4BE7-86BF-DC1B02ADACBB}.Debug|Any CPU.Build.0 = Debug|Any CPU
		{37650571-163A-4BE7-86BF-DC1B02ADACBB}.Debug|x64.ActiveCfg = Debug|Any CPU
		{37650571-163A-4BE7-86BF-DC1B02ADACBB}.Debug|x64.Build.0 = Debug|Any CPU
		{37650571-163A-4BE7-86BF-DC1B02ADACBB}.Debug|x86.ActiveCfg = Debug|Any CPU
		{37650571-163A-4BE7-86BF-DC1B02ADACBB}.Debug|x86.Build.0 = Debug|Any CPU
		{37650571-163A-4BE7-86BF-DC1B02ADACBB}.Release|Any CPU.ActiveCfg = Release|Any CPU
		{37650571-163A-4BE7-86BF-DC1B02ADACBB}.Release|Any CPU.Build.0 = Release|Any CPU
		{37650571-163A-4BE7-86BF-DC1B02ADACBB}.Release|x64.ActiveCfg = Release|Any CPU
		{37650571-163A-4BE7-86BF-DC1B02ADACBB}.Release|x64.Build.0 = Release|Any CPU
		{37650571-163A-4BE7-86BF-DC1B02ADACBB}.Release|x86.ActiveCfg = Release|Any CPU
		{37650571-163A-4BE7-86BF-DC1B02ADACBB}.ReleaseTypeScriptStrict|Any CPU.ActiveCfg = Release|Any CPU
		{37650571-163A-4BE7-86BF-DC1B02ADACBB}.ReleaseTypeScriptStrict|Any CPU.Build.0 = Release|Any CPU
		{37650571-163A-4BE7-86BF-DC1B02ADACBB}.ReleaseTypeScriptStrict|x64.ActiveCfg = Release|Any CPU
		{37650571-163A-4BE7-86BF-DC1B02ADACBB}.ReleaseTypeScriptStrict|x64.Build.0 = Release|Any CPU
		{37650571-163A-4BE7-86BF-DC1B02ADACBB}.ReleaseTypeScriptStrict|x86.ActiveCfg = Release|Any CPU
		{DADA2D11-14E2-40B1-B31D-B68D6F18378C}.Debug|Any CPU.ActiveCfg = Debug|Any CPU
		{DADA2D11-14E2-40B1-B31D-B68D6F18378C}.Debug|Any CPU.Build.0 = Debug|Any CPU
		{DADA2D11-14E2-40B1-B31D-B68D6F18378C}.Debug|x64.ActiveCfg = Debug|Any CPU
		{DADA2D11-14E2-40B1-B31D-B68D6F18378C}.Debug|x64.Build.0 = Debug|Any CPU
		{DADA2D11-14E2-40B1-B31D-B68D6F18378C}.Debug|x86.ActiveCfg = Debug|Any CPU
		{DADA2D11-14E2-40B1-B31D-B68D6F18378C}.Debug|x86.Build.0 = Debug|Any CPU
		{DADA2D11-14E2-40B1-B31D-B68D6F18378C}.Release|Any CPU.ActiveCfg = Release|Any CPU
		{DADA2D11-14E2-40B1-B31D-B68D6F18378C}.Release|Any CPU.Build.0 = Release|Any CPU
		{DADA2D11-14E2-40B1-B31D-B68D6F18378C}.Release|x64.ActiveCfg = Release|Any CPU
		{DADA2D11-14E2-40B1-B31D-B68D6F18378C}.Release|x64.Build.0 = Release|Any CPU
		{DADA2D11-14E2-40B1-B31D-B68D6F18378C}.Release|x86.ActiveCfg = Release|Any CPU
		{DADA2D11-14E2-40B1-B31D-B68D6F18378C}.Release|x86.Build.0 = Release|Any CPU
		{DADA2D11-14E2-40B1-B31D-B68D6F18378C}.ReleaseTypeScriptStrict|Any CPU.ActiveCfg = Release|Any CPU
		{DADA2D11-14E2-40B1-B31D-B68D6F18378C}.ReleaseTypeScriptStrict|Any CPU.Build.0 = Release|Any CPU
		{DADA2D11-14E2-40B1-B31D-B68D6F18378C}.ReleaseTypeScriptStrict|x64.ActiveCfg = Release|Any CPU
		{DADA2D11-14E2-40B1-B31D-B68D6F18378C}.ReleaseTypeScriptStrict|x64.Build.0 = Release|Any CPU
		{DADA2D11-14E2-40B1-B31D-B68D6F18378C}.ReleaseTypeScriptStrict|x86.ActiveCfg = Release|Any CPU
		{DADA2D11-14E2-40B1-B31D-B68D6F18378C}.ReleaseTypeScriptStrict|x86.Build.0 = Release|Any CPU
		{CA084154-E758-4A44-938D-7806AF2DD886}.Debug|Any CPU.ActiveCfg = Debug|Any CPU
		{CA084154-E758-4A44-938D-7806AF2DD886}.Debug|Any CPU.Build.0 = Debug|Any CPU
		{CA084154-E758-4A44-938D-7806AF2DD886}.Debug|x64.ActiveCfg = Debug|Any CPU
		{CA084154-E758-4A44-938D-7806AF2DD886}.Debug|x64.Build.0 = Debug|Any CPU
		{CA084154-E758-4A44-938D-7806AF2DD886}.Debug|x86.ActiveCfg = Debug|Any CPU
		{CA084154-E758-4A44-938D-7806AF2DD886}.Debug|x86.Build.0 = Debug|Any CPU
		{CA084154-E758-4A44-938D-7806AF2DD886}.Release|Any CPU.ActiveCfg = Release|Any CPU
		{CA084154-E758-4A44-938D-7806AF2DD886}.Release|Any CPU.Build.0 = Release|Any CPU
		{CA084154-E758-4A44-938D-7806AF2DD886}.Release|x64.ActiveCfg = Release|Any CPU
		{CA084154-E758-4A44-938D-7806AF2DD886}.Release|x64.Build.0 = Release|Any CPU
		{CA084154-E758-4A44-938D-7806AF2DD886}.Release|x86.ActiveCfg = Release|Any CPU
		{CA084154-E758-4A44-938D-7806AF2DD886}.Release|x86.Build.0 = Release|Any CPU
		{CA084154-E758-4A44-938D-7806AF2DD886}.ReleaseTypeScriptStrict|Any CPU.ActiveCfg = Release|Any CPU
		{CA084154-E758-4A44-938D-7806AF2DD886}.ReleaseTypeScriptStrict|Any CPU.Build.0 = Release|Any CPU
		{CA084154-E758-4A44-938D-7806AF2DD886}.ReleaseTypeScriptStrict|x64.ActiveCfg = Release|Any CPU
		{CA084154-E758-4A44-938D-7806AF2DD886}.ReleaseTypeScriptStrict|x64.Build.0 = Release|Any CPU
		{CA084154-E758-4A44-938D-7806AF2DD886}.ReleaseTypeScriptStrict|x86.ActiveCfg = Release|Any CPU
		{CA084154-E758-4A44-938D-7806AF2DD886}.ReleaseTypeScriptStrict|x86.Build.0 = Release|Any CPU
		{2E6174AA-FC75-4821-9E86-51B30568BEC0}.Debug|Any CPU.ActiveCfg = Debug|Any CPU
		{2E6174AA-FC75-4821-9E86-51B30568BEC0}.Debug|Any CPU.Build.0 = Debug|Any CPU
		{2E6174AA-FC75-4821-9E86-51B30568BEC0}.Debug|x64.ActiveCfg = Debug|Any CPU
		{2E6174AA-FC75-4821-9E86-51B30568BEC0}.Debug|x64.Build.0 = Debug|Any CPU
		{2E6174AA-FC75-4821-9E86-51B30568BEC0}.Debug|x86.ActiveCfg = Debug|Any CPU
		{2E6174AA-FC75-4821-9E86-51B30568BEC0}.Debug|x86.Build.0 = Debug|Any CPU
		{2E6174AA-FC75-4821-9E86-51B30568BEC0}.Release|Any CPU.ActiveCfg = Release|Any CPU
		{2E6174AA-FC75-4821-9E86-51B30568BEC0}.Release|Any CPU.Build.0 = Release|Any CPU
		{2E6174AA-FC75-4821-9E86-51B30568BEC0}.Release|x64.ActiveCfg = Release|Any CPU
		{2E6174AA-FC75-4821-9E86-51B30568BEC0}.Release|x64.Build.0 = Release|Any CPU
		{2E6174AA-FC75-4821-9E86-51B30568BEC0}.Release|x86.ActiveCfg = Release|Any CPU
		{2E6174AA-FC75-4821-9E86-51B30568BEC0}.Release|x86.Build.0 = Release|Any CPU
		{2E6174AA-FC75-4821-9E86-51B30568BEC0}.ReleaseTypeScriptStrict|Any CPU.ActiveCfg = Release|Any CPU
		{2E6174AA-FC75-4821-9E86-51B30568BEC0}.ReleaseTypeScriptStrict|Any CPU.Build.0 = Release|Any CPU
		{2E6174AA-FC75-4821-9E86-51B30568BEC0}.ReleaseTypeScriptStrict|x64.ActiveCfg = Release|Any CPU
		{2E6174AA-FC75-4821-9E86-51B30568BEC0}.ReleaseTypeScriptStrict|x64.Build.0 = Release|Any CPU
		{2E6174AA-FC75-4821-9E86-51B30568BEC0}.ReleaseTypeScriptStrict|x86.ActiveCfg = Release|Any CPU
		{2E6174AA-FC75-4821-9E86-51B30568BEC0}.ReleaseTypeScriptStrict|x86.Build.0 = Release|Any CPU
		{50DCC09C-7349-4BAC-8833-261A641E0669}.Debug|Any CPU.ActiveCfg = Debug|x86
		{50DCC09C-7349-4BAC-8833-261A641E0669}.Debug|Any CPU.Build.0 = Debug|x86
		{50DCC09C-7349-4BAC-8833-261A641E0669}.Debug|x64.ActiveCfg = Debug|x86
		{50DCC09C-7349-4BAC-8833-261A641E0669}.Debug|x86.ActiveCfg = Debug|x86
		{50DCC09C-7349-4BAC-8833-261A641E0669}.Debug|x86.Build.0 = Debug|x86
		{50DCC09C-7349-4BAC-8833-261A641E0669}.Release|Any CPU.ActiveCfg = Release|x86
		{50DCC09C-7349-4BAC-8833-261A641E0669}.Release|Any CPU.Build.0 = Release|x86
		{50DCC09C-7349-4BAC-8833-261A641E0669}.Release|x64.ActiveCfg = Release|x86
		{50DCC09C-7349-4BAC-8833-261A641E0669}.Release|x86.ActiveCfg = Release|x86
		{50DCC09C-7349-4BAC-8833-261A641E0669}.Release|x86.Build.0 = Release|x86
		{50DCC09C-7349-4BAC-8833-261A641E0669}.ReleaseTypeScriptStrict|Any CPU.ActiveCfg = Release|x86
		{50DCC09C-7349-4BAC-8833-261A641E0669}.ReleaseTypeScriptStrict|Any CPU.Build.0 = Release|x86
		{50DCC09C-7349-4BAC-8833-261A641E0669}.ReleaseTypeScriptStrict|x64.ActiveCfg = Release|x86
		{50DCC09C-7349-4BAC-8833-261A641E0669}.ReleaseTypeScriptStrict|x86.ActiveCfg = Release|x86
		{50DCC09C-7349-4BAC-8833-261A641E0669}.ReleaseTypeScriptStrict|x86.Build.0 = Release|x86
		{46634C60-BA7D-43E6-9049-6AD461488C39}.Debug|Any CPU.ActiveCfg = Debug|Any CPU
		{46634C60-BA7D-43E6-9049-6AD461488C39}.Debug|Any CPU.Build.0 = Debug|Any CPU
		{46634C60-BA7D-43E6-9049-6AD461488C39}.Debug|x64.ActiveCfg = Debug|Any CPU
		{46634C60-BA7D-43E6-9049-6AD461488C39}.Debug|x64.Build.0 = Debug|Any CPU
		{46634C60-BA7D-43E6-9049-6AD461488C39}.Debug|x86.ActiveCfg = Debug|Any CPU
		{46634C60-BA7D-43E6-9049-6AD461488C39}.Debug|x86.Build.0 = Debug|Any CPU
		{46634C60-BA7D-43E6-9049-6AD461488C39}.Release|Any CPU.ActiveCfg = Release|Any CPU
		{46634C60-BA7D-43E6-9049-6AD461488C39}.Release|Any CPU.Build.0 = Release|Any CPU
		{46634C60-BA7D-43E6-9049-6AD461488C39}.Release|x64.ActiveCfg = Release|Any CPU
		{46634C60-BA7D-43E6-9049-6AD461488C39}.Release|x64.Build.0 = Release|Any CPU
		{46634C60-BA7D-43E6-9049-6AD461488C39}.Release|x86.ActiveCfg = Release|Any CPU
		{46634C60-BA7D-43E6-9049-6AD461488C39}.Release|x86.Build.0 = Release|Any CPU
		{46634C60-BA7D-43E6-9049-6AD461488C39}.ReleaseTypeScriptStrict|Any CPU.ActiveCfg = Release|Any CPU
		{46634C60-BA7D-43E6-9049-6AD461488C39}.ReleaseTypeScriptStrict|Any CPU.Build.0 = Release|Any CPU
		{46634C60-BA7D-43E6-9049-6AD461488C39}.ReleaseTypeScriptStrict|x64.ActiveCfg = Release|Any CPU
		{46634C60-BA7D-43E6-9049-6AD461488C39}.ReleaseTypeScriptStrict|x64.Build.0 = Release|Any CPU
		{46634C60-BA7D-43E6-9049-6AD461488C39}.ReleaseTypeScriptStrict|x86.ActiveCfg = Release|Any CPU
		{46634C60-BA7D-43E6-9049-6AD461488C39}.ReleaseTypeScriptStrict|x86.Build.0 = Release|Any CPU
		{69A692EB-C277-46AB-BA55-B33E7E6E129C}.Debug|Any CPU.ActiveCfg = Debug|Any CPU
		{69A692EB-C277-46AB-BA55-B33E7E6E129C}.Debug|Any CPU.Build.0 = Debug|Any CPU
		{69A692EB-C277-46AB-BA55-B33E7E6E129C}.Debug|x64.ActiveCfg = Debug|Any CPU
		{69A692EB-C277-46AB-BA55-B33E7E6E129C}.Debug|x64.Build.0 = Debug|Any CPU
		{69A692EB-C277-46AB-BA55-B33E7E6E129C}.Debug|x86.ActiveCfg = Debug|Any CPU
		{69A692EB-C277-46AB-BA55-B33E7E6E129C}.Debug|x86.Build.0 = Debug|Any CPU
		{69A692EB-C277-46AB-BA55-B33E7E6E129C}.Release|Any CPU.ActiveCfg = Release|Any CPU
		{69A692EB-C277-46AB-BA55-B33E7E6E129C}.Release|Any CPU.Build.0 = Release|Any CPU
		{69A692EB-C277-46AB-BA55-B33E7E6E129C}.Release|x64.ActiveCfg = Release|Any CPU
		{69A692EB-C277-46AB-BA55-B33E7E6E129C}.Release|x64.Build.0 = Release|Any CPU
		{69A692EB-C277-46AB-BA55-B33E7E6E129C}.Release|x86.ActiveCfg = Release|Any CPU
		{69A692EB-C277-46AB-BA55-B33E7E6E129C}.Release|x86.Build.0 = Release|Any CPU
		{69A692EB-C277-46AB-BA55-B33E7E6E129C}.ReleaseTypeScriptStrict|Any CPU.ActiveCfg = Release|Any CPU
		{69A692EB-C277-46AB-BA55-B33E7E6E129C}.ReleaseTypeScriptStrict|Any CPU.Build.0 = Release|Any CPU
		{69A692EB-C277-46AB-BA55-B33E7E6E129C}.ReleaseTypeScriptStrict|x64.ActiveCfg = Release|Any CPU
		{69A692EB-C277-46AB-BA55-B33E7E6E129C}.ReleaseTypeScriptStrict|x64.Build.0 = Release|Any CPU
		{69A692EB-C277-46AB-BA55-B33E7E6E129C}.ReleaseTypeScriptStrict|x86.ActiveCfg = Release|Any CPU
		{69A692EB-C277-46AB-BA55-B33E7E6E129C}.ReleaseTypeScriptStrict|x86.Build.0 = Release|Any CPU
		{6DF73809-53CA-4A82-AAE6-3C2C62C2D8E8}.Debug|Any CPU.ActiveCfg = Debug|Any CPU
		{6DF73809-53CA-4A82-AAE6-3C2C62C2D8E8}.Debug|Any CPU.Build.0 = Debug|Any CPU
		{6DF73809-53CA-4A82-AAE6-3C2C62C2D8E8}.Debug|x64.ActiveCfg = Debug|x64
		{6DF73809-53CA-4A82-AAE6-3C2C62C2D8E8}.Debug|x64.Build.0 = Debug|x64
		{6DF73809-53CA-4A82-AAE6-3C2C62C2D8E8}.Debug|x86.ActiveCfg = Debug|Any CPU
		{6DF73809-53CA-4A82-AAE6-3C2C62C2D8E8}.Debug|x86.Build.0 = Debug|Any CPU
		{6DF73809-53CA-4A82-AAE6-3C2C62C2D8E8}.Release|Any CPU.ActiveCfg = Release|Any CPU
		{6DF73809-53CA-4A82-AAE6-3C2C62C2D8E8}.Release|Any CPU.Build.0 = Release|Any CPU
		{6DF73809-53CA-4A82-AAE6-3C2C62C2D8E8}.Release|x64.ActiveCfg = Release|x64
		{6DF73809-53CA-4A82-AAE6-3C2C62C2D8E8}.Release|x64.Build.0 = Release|x64
		{6DF73809-53CA-4A82-AAE6-3C2C62C2D8E8}.Release|x86.ActiveCfg = Release|Any CPU
		{6DF73809-53CA-4A82-AAE6-3C2C62C2D8E8}.Release|x86.Build.0 = Release|Any CPU
		{6DF73809-53CA-4A82-AAE6-3C2C62C2D8E8}.ReleaseTypeScriptStrict|Any CPU.ActiveCfg = Release|Any CPU
		{6DF73809-53CA-4A82-AAE6-3C2C62C2D8E8}.ReleaseTypeScriptStrict|Any CPU.Build.0 = Release|Any CPU
		{6DF73809-53CA-4A82-AAE6-3C2C62C2D8E8}.ReleaseTypeScriptStrict|x64.ActiveCfg = Release|x64
		{6DF73809-53CA-4A82-AAE6-3C2C62C2D8E8}.ReleaseTypeScriptStrict|x64.Build.0 = Release|x64
		{6DF73809-53CA-4A82-AAE6-3C2C62C2D8E8}.ReleaseTypeScriptStrict|x86.ActiveCfg = Release|Any CPU
		{6DF73809-53CA-4A82-AAE6-3C2C62C2D8E8}.ReleaseTypeScriptStrict|x86.Build.0 = Release|Any CPU
		{ECD41518-A92C-4706-8E74-9707AFA554B7}.Debug|Any CPU.ActiveCfg = Debug|Any CPU
		{ECD41518-A92C-4706-8E74-9707AFA554B7}.Debug|Any CPU.Build.0 = Debug|Any CPU
		{ECD41518-A92C-4706-8E74-9707AFA554B7}.Debug|x64.ActiveCfg = Debug|Any CPU
		{ECD41518-A92C-4706-8E74-9707AFA554B7}.Debug|x64.Build.0 = Debug|Any CPU
		{ECD41518-A92C-4706-8E74-9707AFA554B7}.Debug|x86.ActiveCfg = Debug|Any CPU
		{ECD41518-A92C-4706-8E74-9707AFA554B7}.Debug|x86.Build.0 = Debug|Any CPU
		{ECD41518-A92C-4706-8E74-9707AFA554B7}.Release|Any CPU.ActiveCfg = Release|Any CPU
		{ECD41518-A92C-4706-8E74-9707AFA554B7}.Release|Any CPU.Build.0 = Release|Any CPU
		{ECD41518-A92C-4706-8E74-9707AFA554B7}.Release|x64.ActiveCfg = Release|Any CPU
		{ECD41518-A92C-4706-8E74-9707AFA554B7}.Release|x64.Build.0 = Release|Any CPU
		{ECD41518-A92C-4706-8E74-9707AFA554B7}.Release|x86.ActiveCfg = Release|Any CPU
		{ECD41518-A92C-4706-8E74-9707AFA554B7}.Release|x86.Build.0 = Release|Any CPU
		{ECD41518-A92C-4706-8E74-9707AFA554B7}.ReleaseTypeScriptStrict|Any CPU.ActiveCfg = Release|Any CPU
		{ECD41518-A92C-4706-8E74-9707AFA554B7}.ReleaseTypeScriptStrict|Any CPU.Build.0 = Release|Any CPU
		{ECD41518-A92C-4706-8E74-9707AFA554B7}.ReleaseTypeScriptStrict|x64.ActiveCfg = Release|Any CPU
		{ECD41518-A92C-4706-8E74-9707AFA554B7}.ReleaseTypeScriptStrict|x64.Build.0 = Release|Any CPU
		{ECD41518-A92C-4706-8E74-9707AFA554B7}.ReleaseTypeScriptStrict|x86.ActiveCfg = Release|Any CPU
		{ECD41518-A92C-4706-8E74-9707AFA554B7}.ReleaseTypeScriptStrict|x86.Build.0 = Release|Any CPU
		{A46ED5E6-95EE-448B-AA88-E43FA32482B6}.Debug|Any CPU.ActiveCfg = Debug|Any CPU
		{A46ED5E6-95EE-448B-AA88-E43FA32482B6}.Debug|Any CPU.Build.0 = Debug|Any CPU
		{A46ED5E6-95EE-448B-AA88-E43FA32482B6}.Debug|x64.ActiveCfg = Debug|Any CPU
		{A46ED5E6-95EE-448B-AA88-E43FA32482B6}.Debug|x64.Build.0 = Debug|Any CPU
		{A46ED5E6-95EE-448B-AA88-E43FA32482B6}.Debug|x86.ActiveCfg = Debug|Any CPU
		{A46ED5E6-95EE-448B-AA88-E43FA32482B6}.Debug|x86.Build.0 = Debug|Any CPU
		{A46ED5E6-95EE-448B-AA88-E43FA32482B6}.Release|Any CPU.ActiveCfg = Release|Any CPU
		{A46ED5E6-95EE-448B-AA88-E43FA32482B6}.Release|Any CPU.Build.0 = Release|Any CPU
		{A46ED5E6-95EE-448B-AA88-E43FA32482B6}.Release|x64.ActiveCfg = Release|Any CPU
		{A46ED5E6-95EE-448B-AA88-E43FA32482B6}.Release|x64.Build.0 = Release|Any CPU
		{A46ED5E6-95EE-448B-AA88-E43FA32482B6}.Release|x86.ActiveCfg = Release|Any CPU
		{A46ED5E6-95EE-448B-AA88-E43FA32482B6}.Release|x86.Build.0 = Release|Any CPU
		{A46ED5E6-95EE-448B-AA88-E43FA32482B6}.ReleaseTypeScriptStrict|Any CPU.ActiveCfg = Release|Any CPU
		{A46ED5E6-95EE-448B-AA88-E43FA32482B6}.ReleaseTypeScriptStrict|Any CPU.Build.0 = Release|Any CPU
		{A46ED5E6-95EE-448B-AA88-E43FA32482B6}.ReleaseTypeScriptStrict|x64.ActiveCfg = Release|Any CPU
		{A46ED5E6-95EE-448B-AA88-E43FA32482B6}.ReleaseTypeScriptStrict|x64.Build.0 = Release|Any CPU
		{A46ED5E6-95EE-448B-AA88-E43FA32482B6}.ReleaseTypeScriptStrict|x86.ActiveCfg = Release|Any CPU
		{A46ED5E6-95EE-448B-AA88-E43FA32482B6}.ReleaseTypeScriptStrict|x86.Build.0 = Release|Any CPU
		{E5AC8F27-F9E2-4E98-AC98-6F9361132A2E}.Debug|Any CPU.ActiveCfg = Debug|Any CPU
		{E5AC8F27-F9E2-4E98-AC98-6F9361132A2E}.Debug|Any CPU.Build.0 = Debug|Any CPU
		{E5AC8F27-F9E2-4E98-AC98-6F9361132A2E}.Debug|x64.ActiveCfg = Debug|Any CPU
		{E5AC8F27-F9E2-4E98-AC98-6F9361132A2E}.Debug|x64.Build.0 = Debug|Any CPU
		{E5AC8F27-F9E2-4E98-AC98-6F9361132A2E}.Debug|x86.ActiveCfg = Debug|Any CPU
		{E5AC8F27-F9E2-4E98-AC98-6F9361132A2E}.Debug|x86.Build.0 = Debug|Any CPU
		{E5AC8F27-F9E2-4E98-AC98-6F9361132A2E}.Release|Any CPU.ActiveCfg = Release|Any CPU
		{E5AC8F27-F9E2-4E98-AC98-6F9361132A2E}.Release|Any CPU.Build.0 = Release|Any CPU
		{E5AC8F27-F9E2-4E98-AC98-6F9361132A2E}.Release|x64.ActiveCfg = Release|Any CPU
		{E5AC8F27-F9E2-4E98-AC98-6F9361132A2E}.Release|x64.Build.0 = Release|Any CPU
		{E5AC8F27-F9E2-4E98-AC98-6F9361132A2E}.Release|x86.ActiveCfg = Release|Any CPU
		{E5AC8F27-F9E2-4E98-AC98-6F9361132A2E}.Release|x86.Build.0 = Release|Any CPU
		{E5AC8F27-F9E2-4E98-AC98-6F9361132A2E}.ReleaseTypeScriptStrict|Any CPU.ActiveCfg = Release|Any CPU
		{E5AC8F27-F9E2-4E98-AC98-6F9361132A2E}.ReleaseTypeScriptStrict|Any CPU.Build.0 = Release|Any CPU
		{E5AC8F27-F9E2-4E98-AC98-6F9361132A2E}.ReleaseTypeScriptStrict|x64.ActiveCfg = Release|Any CPU
		{E5AC8F27-F9E2-4E98-AC98-6F9361132A2E}.ReleaseTypeScriptStrict|x64.Build.0 = Release|Any CPU
		{E5AC8F27-F9E2-4E98-AC98-6F9361132A2E}.ReleaseTypeScriptStrict|x86.ActiveCfg = Release|Any CPU
		{E5AC8F27-F9E2-4E98-AC98-6F9361132A2E}.ReleaseTypeScriptStrict|x86.Build.0 = Release|Any CPU
		{C683AABE-5FE5-47B8-BB4D-EE5C5E89D9DE}.Debug|Any CPU.ActiveCfg = Debug|Any CPU
		{C683AABE-5FE5-47B8-BB4D-EE5C5E89D9DE}.Debug|Any CPU.Build.0 = Debug|Any CPU
		{C683AABE-5FE5-47B8-BB4D-EE5C5E89D9DE}.Debug|x64.ActiveCfg = Debug|Any CPU
		{C683AABE-5FE5-47B8-BB4D-EE5C5E89D9DE}.Debug|x64.Build.0 = Debug|Any CPU
		{C683AABE-5FE5-47B8-BB4D-EE5C5E89D9DE}.Debug|x86.ActiveCfg = Debug|Any CPU
		{C683AABE-5FE5-47B8-BB4D-EE5C5E89D9DE}.Debug|x86.Build.0 = Debug|Any CPU
		{C683AABE-5FE5-47B8-BB4D-EE5C5E89D9DE}.Release|Any CPU.ActiveCfg = Release|Any CPU
		{C683AABE-5FE5-47B8-BB4D-EE5C5E89D9DE}.Release|Any CPU.Build.0 = Release|Any CPU
		{C683AABE-5FE5-47B8-BB4D-EE5C5E89D9DE}.Release|x64.ActiveCfg = Release|Any CPU
		{C683AABE-5FE5-47B8-BB4D-EE5C5E89D9DE}.Release|x64.Build.0 = Release|Any CPU
		{C683AABE-5FE5-47B8-BB4D-EE5C5E89D9DE}.Release|x86.ActiveCfg = Release|Any CPU
		{C683AABE-5FE5-47B8-BB4D-EE5C5E89D9DE}.Release|x86.Build.0 = Release|Any CPU
		{C683AABE-5FE5-47B8-BB4D-EE5C5E89D9DE}.ReleaseTypeScriptStrict|Any CPU.ActiveCfg = Release|Any CPU
		{C683AABE-5FE5-47B8-BB4D-EE5C5E89D9DE}.ReleaseTypeScriptStrict|Any CPU.Build.0 = Release|Any CPU
		{C683AABE-5FE5-47B8-BB4D-EE5C5E89D9DE}.ReleaseTypeScriptStrict|x64.ActiveCfg = Release|Any CPU
		{C683AABE-5FE5-47B8-BB4D-EE5C5E89D9DE}.ReleaseTypeScriptStrict|x64.Build.0 = Release|Any CPU
		{C683AABE-5FE5-47B8-BB4D-EE5C5E89D9DE}.ReleaseTypeScriptStrict|x86.ActiveCfg = Release|Any CPU
		{C683AABE-5FE5-47B8-BB4D-EE5C5E89D9DE}.ReleaseTypeScriptStrict|x86.Build.0 = Release|Any CPU
		{71B39C21-46A2-471B-AACE-226C575B8AC1}.Debug|Any CPU.ActiveCfg = Debug|Any CPU
		{71B39C21-46A2-471B-AACE-226C575B8AC1}.Debug|Any CPU.Build.0 = Debug|Any CPU
		{71B39C21-46A2-471B-AACE-226C575B8AC1}.Debug|x64.ActiveCfg = Debug|Any CPU
		{71B39C21-46A2-471B-AACE-226C575B8AC1}.Debug|x64.Build.0 = Debug|Any CPU
		{71B39C21-46A2-471B-AACE-226C575B8AC1}.Debug|x86.ActiveCfg = Debug|Any CPU
		{71B39C21-46A2-471B-AACE-226C575B8AC1}.Debug|x86.Build.0 = Debug|Any CPU
		{71B39C21-46A2-471B-AACE-226C575B8AC1}.Release|Any CPU.ActiveCfg = Release|Any CPU
		{71B39C21-46A2-471B-AACE-226C575B8AC1}.Release|Any CPU.Build.0 = Release|Any CPU
		{71B39C21-46A2-471B-AACE-226C575B8AC1}.Release|x64.ActiveCfg = Release|Any CPU
		{71B39C21-46A2-471B-AACE-226C575B8AC1}.Release|x64.Build.0 = Release|Any CPU
		{71B39C21-46A2-471B-AACE-226C575B8AC1}.Release|x86.ActiveCfg = Release|Any CPU
		{71B39C21-46A2-471B-AACE-226C575B8AC1}.Release|x86.Build.0 = Release|Any CPU
		{71B39C21-46A2-471B-AACE-226C575B8AC1}.ReleaseTypeScriptStrict|Any CPU.ActiveCfg = Release|Any CPU
		{71B39C21-46A2-471B-AACE-226C575B8AC1}.ReleaseTypeScriptStrict|Any CPU.Build.0 = Release|Any CPU
		{71B39C21-46A2-471B-AACE-226C575B8AC1}.ReleaseTypeScriptStrict|x64.ActiveCfg = Release|Any CPU
		{71B39C21-46A2-471B-AACE-226C575B8AC1}.ReleaseTypeScriptStrict|x64.Build.0 = Release|Any CPU
		{71B39C21-46A2-471B-AACE-226C575B8AC1}.ReleaseTypeScriptStrict|x86.ActiveCfg = Release|Any CPU
		{71B39C21-46A2-471B-AACE-226C575B8AC1}.ReleaseTypeScriptStrict|x86.Build.0 = Release|Any CPU
		{26CBD69C-EE7C-4D81-8D62-410F4AD4876B}.Debug|Any CPU.ActiveCfg = Debug|Any CPU
		{26CBD69C-EE7C-4D81-8D62-410F4AD4876B}.Debug|Any CPU.Build.0 = Debug|Any CPU
		{26CBD69C-EE7C-4D81-8D62-410F4AD4876B}.Debug|x64.ActiveCfg = Debug|Any CPU
		{26CBD69C-EE7C-4D81-8D62-410F4AD4876B}.Debug|x64.Build.0 = Debug|Any CPU
		{26CBD69C-EE7C-4D81-8D62-410F4AD4876B}.Debug|x86.ActiveCfg = Debug|Any CPU
		{26CBD69C-EE7C-4D81-8D62-410F4AD4876B}.Debug|x86.Build.0 = Debug|Any CPU
		{26CBD69C-EE7C-4D81-8D62-410F4AD4876B}.Release|Any CPU.ActiveCfg = Release|Any CPU
		{26CBD69C-EE7C-4D81-8D62-410F4AD4876B}.Release|Any CPU.Build.0 = Release|Any CPU
		{26CBD69C-EE7C-4D81-8D62-410F4AD4876B}.Release|x64.ActiveCfg = Release|Any CPU
		{26CBD69C-EE7C-4D81-8D62-410F4AD4876B}.Release|x64.Build.0 = Release|Any CPU
		{26CBD69C-EE7C-4D81-8D62-410F4AD4876B}.Release|x86.ActiveCfg = Release|Any CPU
		{26CBD69C-EE7C-4D81-8D62-410F4AD4876B}.Release|x86.Build.0 = Release|Any CPU
		{26CBD69C-EE7C-4D81-8D62-410F4AD4876B}.ReleaseTypeScriptStrict|Any CPU.ActiveCfg = Release|Any CPU
		{26CBD69C-EE7C-4D81-8D62-410F4AD4876B}.ReleaseTypeScriptStrict|Any CPU.Build.0 = Release|Any CPU
		{26CBD69C-EE7C-4D81-8D62-410F4AD4876B}.ReleaseTypeScriptStrict|x64.ActiveCfg = Release|Any CPU
		{26CBD69C-EE7C-4D81-8D62-410F4AD4876B}.ReleaseTypeScriptStrict|x64.Build.0 = Release|Any CPU
		{26CBD69C-EE7C-4D81-8D62-410F4AD4876B}.ReleaseTypeScriptStrict|x86.ActiveCfg = Release|Any CPU
		{26CBD69C-EE7C-4D81-8D62-410F4AD4876B}.ReleaseTypeScriptStrict|x86.Build.0 = Release|Any CPU
		{5EBE3EFF-9558-45F2-9C8F-5C8CFB74D574}.Debug|Any CPU.ActiveCfg = Debug|Any CPU
		{5EBE3EFF-9558-45F2-9C8F-5C8CFB74D574}.Debug|Any CPU.Build.0 = Debug|Any CPU
		{5EBE3EFF-9558-45F2-9C8F-5C8CFB74D574}.Debug|x64.ActiveCfg = Debug|Any CPU
		{5EBE3EFF-9558-45F2-9C8F-5C8CFB74D574}.Debug|x64.Build.0 = Debug|Any CPU
		{5EBE3EFF-9558-45F2-9C8F-5C8CFB74D574}.Debug|x86.ActiveCfg = Debug|Any CPU
		{5EBE3EFF-9558-45F2-9C8F-5C8CFB74D574}.Debug|x86.Build.0 = Debug|Any CPU
		{5EBE3EFF-9558-45F2-9C8F-5C8CFB74D574}.Release|Any CPU.ActiveCfg = Release|Any CPU
		{5EBE3EFF-9558-45F2-9C8F-5C8CFB74D574}.Release|Any CPU.Build.0 = Release|Any CPU
		{5EBE3EFF-9558-45F2-9C8F-5C8CFB74D574}.Release|x64.ActiveCfg = Release|Any CPU
		{5EBE3EFF-9558-45F2-9C8F-5C8CFB74D574}.Release|x64.Build.0 = Release|Any CPU
		{5EBE3EFF-9558-45F2-9C8F-5C8CFB74D574}.Release|x86.ActiveCfg = Release|Any CPU
		{5EBE3EFF-9558-45F2-9C8F-5C8CFB74D574}.Release|x86.Build.0 = Release|Any CPU
		{5EBE3EFF-9558-45F2-9C8F-5C8CFB74D574}.ReleaseTypeScriptStrict|Any CPU.ActiveCfg = Release|Any CPU
		{5EBE3EFF-9558-45F2-9C8F-5C8CFB74D574}.ReleaseTypeScriptStrict|Any CPU.Build.0 = Release|Any CPU
		{5EBE3EFF-9558-45F2-9C8F-5C8CFB74D574}.ReleaseTypeScriptStrict|x64.ActiveCfg = Release|Any CPU
		{5EBE3EFF-9558-45F2-9C8F-5C8CFB74D574}.ReleaseTypeScriptStrict|x64.Build.0 = Release|Any CPU
		{5EBE3EFF-9558-45F2-9C8F-5C8CFB74D574}.ReleaseTypeScriptStrict|x86.ActiveCfg = Release|Any CPU
		{5EBE3EFF-9558-45F2-9C8F-5C8CFB74D574}.ReleaseTypeScriptStrict|x86.Build.0 = Release|Any CPU
		{F0036DA5-5DD4-494C-91B0-37689E00511E}.Debug|Any CPU.ActiveCfg = Debug|Any CPU
		{F0036DA5-5DD4-494C-91B0-37689E00511E}.Debug|Any CPU.Build.0 = Debug|Any CPU
		{F0036DA5-5DD4-494C-91B0-37689E00511E}.Debug|x64.ActiveCfg = Debug|Any CPU
		{F0036DA5-5DD4-494C-91B0-37689E00511E}.Debug|x64.Build.0 = Debug|Any CPU
		{F0036DA5-5DD4-494C-91B0-37689E00511E}.Debug|x86.ActiveCfg = Debug|Any CPU
		{F0036DA5-5DD4-494C-91B0-37689E00511E}.Debug|x86.Build.0 = Debug|Any CPU
		{F0036DA5-5DD4-494C-91B0-37689E00511E}.Release|Any CPU.ActiveCfg = Release|Any CPU
		{F0036DA5-5DD4-494C-91B0-37689E00511E}.Release|Any CPU.Build.0 = Release|Any CPU
		{F0036DA5-5DD4-494C-91B0-37689E00511E}.Release|x64.ActiveCfg = Release|Any CPU
		{F0036DA5-5DD4-494C-91B0-37689E00511E}.Release|x64.Build.0 = Release|Any CPU
		{F0036DA5-5DD4-494C-91B0-37689E00511E}.Release|x86.ActiveCfg = Release|Any CPU
		{F0036DA5-5DD4-494C-91B0-37689E00511E}.Release|x86.Build.0 = Release|Any CPU
		{F0036DA5-5DD4-494C-91B0-37689E00511E}.ReleaseTypeScriptStrict|Any CPU.ActiveCfg = Release|Any CPU
		{F0036DA5-5DD4-494C-91B0-37689E00511E}.ReleaseTypeScriptStrict|Any CPU.Build.0 = Release|Any CPU
		{F0036DA5-5DD4-494C-91B0-37689E00511E}.ReleaseTypeScriptStrict|x64.ActiveCfg = Release|Any CPU
		{F0036DA5-5DD4-494C-91B0-37689E00511E}.ReleaseTypeScriptStrict|x64.Build.0 = Release|Any CPU
		{F0036DA5-5DD4-494C-91B0-37689E00511E}.ReleaseTypeScriptStrict|x86.ActiveCfg = Release|Any CPU
		{F0036DA5-5DD4-494C-91B0-37689E00511E}.ReleaseTypeScriptStrict|x86.Build.0 = Release|Any CPU
		{9293CFCD-6C7B-43E0-9FBD-88753EBF64CC}.Debug|Any CPU.ActiveCfg = Debug|Any CPU
		{9293CFCD-6C7B-43E0-9FBD-88753EBF64CC}.Debug|Any CPU.Build.0 = Debug|Any CPU
		{9293CFCD-6C7B-43E0-9FBD-88753EBF64CC}.Debug|x64.ActiveCfg = Debug|Any CPU
		{9293CFCD-6C7B-43E0-9FBD-88753EBF64CC}.Debug|x64.Build.0 = Debug|Any CPU
		{9293CFCD-6C7B-43E0-9FBD-88753EBF64CC}.Debug|x86.ActiveCfg = Debug|Any CPU
		{9293CFCD-6C7B-43E0-9FBD-88753EBF64CC}.Debug|x86.Build.0 = Debug|Any CPU
		{9293CFCD-6C7B-43E0-9FBD-88753EBF64CC}.Release|Any CPU.ActiveCfg = Release|Any CPU
		{9293CFCD-6C7B-43E0-9FBD-88753EBF64CC}.Release|Any CPU.Build.0 = Release|Any CPU
		{9293CFCD-6C7B-43E0-9FBD-88753EBF64CC}.Release|x64.ActiveCfg = Release|Any CPU
		{9293CFCD-6C7B-43E0-9FBD-88753EBF64CC}.Release|x64.Build.0 = Release|Any CPU
		{9293CFCD-6C7B-43E0-9FBD-88753EBF64CC}.Release|x86.ActiveCfg = Release|Any CPU
		{9293CFCD-6C7B-43E0-9FBD-88753EBF64CC}.Release|x86.Build.0 = Release|Any CPU
		{9293CFCD-6C7B-43E0-9FBD-88753EBF64CC}.ReleaseTypeScriptStrict|Any CPU.ActiveCfg = Release|Any CPU
		{9293CFCD-6C7B-43E0-9FBD-88753EBF64CC}.ReleaseTypeScriptStrict|Any CPU.Build.0 = Release|Any CPU
		{9293CFCD-6C7B-43E0-9FBD-88753EBF64CC}.ReleaseTypeScriptStrict|x64.ActiveCfg = Release|Any CPU
		{9293CFCD-6C7B-43E0-9FBD-88753EBF64CC}.ReleaseTypeScriptStrict|x64.Build.0 = Release|Any CPU
		{9293CFCD-6C7B-43E0-9FBD-88753EBF64CC}.ReleaseTypeScriptStrict|x86.ActiveCfg = Release|Any CPU
		{9293CFCD-6C7B-43E0-9FBD-88753EBF64CC}.ReleaseTypeScriptStrict|x86.Build.0 = Release|Any CPU
		{8A547CB0-930F-466D-92EB-E780FF14C0A6}.Debug|Any CPU.ActiveCfg = Debug|Any CPU
		{8A547CB0-930F-466D-92EB-E780FF14C0A6}.Debug|Any CPU.Build.0 = Debug|Any CPU
		{8A547CB0-930F-466D-92EB-E780FF14C0A6}.Debug|x64.ActiveCfg = Debug|Any CPU
		{8A547CB0-930F-466D-92EB-E780FF14C0A6}.Debug|x64.Build.0 = Debug|Any CPU
		{8A547CB0-930F-466D-92EB-E780FF14C0A6}.Debug|x86.ActiveCfg = Debug|Any CPU
		{8A547CB0-930F-466D-92EB-E780FF14C0A6}.Debug|x86.Build.0 = Debug|Any CPU
		{8A547CB0-930F-466D-92EB-E780FF14C0A6}.Release|Any CPU.ActiveCfg = Release|Any CPU
		{8A547CB0-930F-466D-92EB-E780FF14C0A6}.Release|Any CPU.Build.0 = Release|Any CPU
		{8A547CB0-930F-466D-92EB-E780FF14C0A6}.Release|x64.ActiveCfg = Release|Any CPU
		{8A547CB0-930F-466D-92EB-E780FF14C0A6}.Release|x64.Build.0 = Release|Any CPU
		{8A547CB0-930F-466D-92EB-E780FF14C0A6}.Release|x86.ActiveCfg = Release|Any CPU
		{8A547CB0-930F-466D-92EB-E780FF14C0A6}.Release|x86.Build.0 = Release|Any CPU
		{8A547CB0-930F-466D-92EB-E780FF14C0A6}.ReleaseTypeScriptStrict|Any CPU.ActiveCfg = Release|Any CPU
		{8A547CB0-930F-466D-92EB-E780FF14C0A6}.ReleaseTypeScriptStrict|Any CPU.Build.0 = Release|Any CPU
		{8A547CB0-930F-466D-92EB-E780FF14C0A6}.ReleaseTypeScriptStrict|x64.ActiveCfg = Release|Any CPU
		{8A547CB0-930F-466D-92EB-E780FF14C0A6}.ReleaseTypeScriptStrict|x64.Build.0 = Release|Any CPU
		{8A547CB0-930F-466D-92EB-E780FF14C0A6}.ReleaseTypeScriptStrict|x86.ActiveCfg = Release|Any CPU
		{8A547CB0-930F-466D-92EB-E780FF14C0A6}.ReleaseTypeScriptStrict|x86.Build.0 = Release|Any CPU
		{C7923A8B-D0CE-4FD8-ADA0-7507D5F3F693}.Debug|Any CPU.ActiveCfg = Debug|Any CPU
		{C7923A8B-D0CE-4FD8-ADA0-7507D5F3F693}.Debug|Any CPU.Build.0 = Debug|Any CPU
		{C7923A8B-D0CE-4FD8-ADA0-7507D5F3F693}.Debug|x64.ActiveCfg = Debug|Any CPU
		{C7923A8B-D0CE-4FD8-ADA0-7507D5F3F693}.Debug|x64.Build.0 = Debug|Any CPU
		{C7923A8B-D0CE-4FD8-ADA0-7507D5F3F693}.Debug|x86.ActiveCfg = Debug|Any CPU
		{C7923A8B-D0CE-4FD8-ADA0-7507D5F3F693}.Debug|x86.Build.0 = Debug|Any CPU
		{C7923A8B-D0CE-4FD8-ADA0-7507D5F3F693}.Release|Any CPU.ActiveCfg = Release|Any CPU
		{C7923A8B-D0CE-4FD8-ADA0-7507D5F3F693}.Release|Any CPU.Build.0 = Release|Any CPU
		{C7923A8B-D0CE-4FD8-ADA0-7507D5F3F693}.Release|x64.ActiveCfg = Release|Any CPU
		{C7923A8B-D0CE-4FD8-ADA0-7507D5F3F693}.Release|x64.Build.0 = Release|Any CPU
		{C7923A8B-D0CE-4FD8-ADA0-7507D5F3F693}.Release|x86.ActiveCfg = Release|Any CPU
		{C7923A8B-D0CE-4FD8-ADA0-7507D5F3F693}.Release|x86.Build.0 = Release|Any CPU
		{C7923A8B-D0CE-4FD8-ADA0-7507D5F3F693}.ReleaseTypeScriptStrict|Any CPU.ActiveCfg = Release|Any CPU
		{C7923A8B-D0CE-4FD8-ADA0-7507D5F3F693}.ReleaseTypeScriptStrict|Any CPU.Build.0 = Release|Any CPU
		{C7923A8B-D0CE-4FD8-ADA0-7507D5F3F693}.ReleaseTypeScriptStrict|x64.ActiveCfg = Release|Any CPU
		{C7923A8B-D0CE-4FD8-ADA0-7507D5F3F693}.ReleaseTypeScriptStrict|x64.Build.0 = Release|Any CPU
		{C7923A8B-D0CE-4FD8-ADA0-7507D5F3F693}.ReleaseTypeScriptStrict|x86.ActiveCfg = Release|Any CPU
		{C7923A8B-D0CE-4FD8-ADA0-7507D5F3F693}.ReleaseTypeScriptStrict|x86.Build.0 = Release|Any CPU
		{869C5D59-22B5-4FF8-A1D3-94DDD11D1EED}.Debug|Any CPU.ActiveCfg = Debug|Any CPU
		{869C5D59-22B5-4FF8-A1D3-94DDD11D1EED}.Debug|Any CPU.Build.0 = Debug|Any CPU
		{869C5D59-22B5-4FF8-A1D3-94DDD11D1EED}.Debug|x64.ActiveCfg = Debug|Any CPU
		{869C5D59-22B5-4FF8-A1D3-94DDD11D1EED}.Debug|x64.Build.0 = Debug|Any CPU
		{869C5D59-22B5-4FF8-A1D3-94DDD11D1EED}.Debug|x86.ActiveCfg = Debug|Any CPU
		{869C5D59-22B5-4FF8-A1D3-94DDD11D1EED}.Debug|x86.Build.0 = Debug|Any CPU
		{869C5D59-22B5-4FF8-A1D3-94DDD11D1EED}.Release|Any CPU.ActiveCfg = Release|Any CPU
		{869C5D59-22B5-4FF8-A1D3-94DDD11D1EED}.Release|Any CPU.Build.0 = Release|Any CPU
		{869C5D59-22B5-4FF8-A1D3-94DDD11D1EED}.Release|x64.ActiveCfg = Release|Any CPU
		{869C5D59-22B5-4FF8-A1D3-94DDD11D1EED}.Release|x64.Build.0 = Release|Any CPU
		{869C5D59-22B5-4FF8-A1D3-94DDD11D1EED}.Release|x86.ActiveCfg = Release|Any CPU
		{869C5D59-22B5-4FF8-A1D3-94DDD11D1EED}.Release|x86.Build.0 = Release|Any CPU
		{869C5D59-22B5-4FF8-A1D3-94DDD11D1EED}.ReleaseTypeScriptStrict|Any CPU.ActiveCfg = Release|Any CPU
		{869C5D59-22B5-4FF8-A1D3-94DDD11D1EED}.ReleaseTypeScriptStrict|Any CPU.Build.0 = Release|Any CPU
		{869C5D59-22B5-4FF8-A1D3-94DDD11D1EED}.ReleaseTypeScriptStrict|x64.ActiveCfg = Release|Any CPU
		{869C5D59-22B5-4FF8-A1D3-94DDD11D1EED}.ReleaseTypeScriptStrict|x64.Build.0 = Release|Any CPU
		{869C5D59-22B5-4FF8-A1D3-94DDD11D1EED}.ReleaseTypeScriptStrict|x86.ActiveCfg = Release|Any CPU
		{869C5D59-22B5-4FF8-A1D3-94DDD11D1EED}.ReleaseTypeScriptStrict|x86.Build.0 = Release|Any CPU
		{95B83E7B-1ADF-4185-AB36-3B17459B0128}.Debug|Any CPU.ActiveCfg = Debug|Any CPU
		{95B83E7B-1ADF-4185-AB36-3B17459B0128}.Debug|Any CPU.Build.0 = Debug|Any CPU
		{95B83E7B-1ADF-4185-AB36-3B17459B0128}.Debug|x64.ActiveCfg = Debug|Any CPU
		{95B83E7B-1ADF-4185-AB36-3B17459B0128}.Debug|x64.Build.0 = Debug|Any CPU
		{95B83E7B-1ADF-4185-AB36-3B17459B0128}.Debug|x86.ActiveCfg = Debug|Any CPU
		{95B83E7B-1ADF-4185-AB36-3B17459B0128}.Debug|x86.Build.0 = Debug|Any CPU
		{95B83E7B-1ADF-4185-AB36-3B17459B0128}.Release|Any CPU.ActiveCfg = Release|Any CPU
		{95B83E7B-1ADF-4185-AB36-3B17459B0128}.Release|Any CPU.Build.0 = Release|Any CPU
		{95B83E7B-1ADF-4185-AB36-3B17459B0128}.Release|x64.ActiveCfg = Release|Any CPU
		{95B83E7B-1ADF-4185-AB36-3B17459B0128}.Release|x64.Build.0 = Release|Any CPU
		{95B83E7B-1ADF-4185-AB36-3B17459B0128}.Release|x86.ActiveCfg = Release|Any CPU
		{95B83E7B-1ADF-4185-AB36-3B17459B0128}.Release|x86.Build.0 = Release|Any CPU
		{95B83E7B-1ADF-4185-AB36-3B17459B0128}.ReleaseTypeScriptStrict|Any CPU.ActiveCfg = Release|Any CPU
		{95B83E7B-1ADF-4185-AB36-3B17459B0128}.ReleaseTypeScriptStrict|Any CPU.Build.0 = Release|Any CPU
		{95B83E7B-1ADF-4185-AB36-3B17459B0128}.ReleaseTypeScriptStrict|x64.ActiveCfg = Release|Any CPU
		{95B83E7B-1ADF-4185-AB36-3B17459B0128}.ReleaseTypeScriptStrict|x64.Build.0 = Release|Any CPU
		{95B83E7B-1ADF-4185-AB36-3B17459B0128}.ReleaseTypeScriptStrict|x86.ActiveCfg = Release|Any CPU
		{95B83E7B-1ADF-4185-AB36-3B17459B0128}.ReleaseTypeScriptStrict|x86.Build.0 = Release|Any CPU
		{73E71805-C3AB-400A-8258-7BF429F04EC2}.Debug|Any CPU.ActiveCfg = Debug|Any CPU
		{73E71805-C3AB-400A-8258-7BF429F04EC2}.Debug|Any CPU.Build.0 = Debug|Any CPU
		{73E71805-C3AB-400A-8258-7BF429F04EC2}.Debug|x64.ActiveCfg = Debug|Any CPU
		{73E71805-C3AB-400A-8258-7BF429F04EC2}.Debug|x64.Build.0 = Debug|Any CPU
		{73E71805-C3AB-400A-8258-7BF429F04EC2}.Debug|x86.ActiveCfg = Debug|Any CPU
		{73E71805-C3AB-400A-8258-7BF429F04EC2}.Debug|x86.Build.0 = Debug|Any CPU
		{73E71805-C3AB-400A-8258-7BF429F04EC2}.Release|Any CPU.ActiveCfg = Release|Any CPU
		{73E71805-C3AB-400A-8258-7BF429F04EC2}.Release|Any CPU.Build.0 = Release|Any CPU
		{73E71805-C3AB-400A-8258-7BF429F04EC2}.Release|x64.ActiveCfg = Release|Any CPU
		{73E71805-C3AB-400A-8258-7BF429F04EC2}.Release|x64.Build.0 = Release|Any CPU
		{73E71805-C3AB-400A-8258-7BF429F04EC2}.Release|x86.ActiveCfg = Release|Any CPU
		{73E71805-C3AB-400A-8258-7BF429F04EC2}.Release|x86.Build.0 = Release|Any CPU
		{73E71805-C3AB-400A-8258-7BF429F04EC2}.ReleaseTypeScriptStrict|Any CPU.ActiveCfg = Release|Any CPU
		{73E71805-C3AB-400A-8258-7BF429F04EC2}.ReleaseTypeScriptStrict|Any CPU.Build.0 = Release|Any CPU
		{73E71805-C3AB-400A-8258-7BF429F04EC2}.ReleaseTypeScriptStrict|x64.ActiveCfg = Release|Any CPU
		{73E71805-C3AB-400A-8258-7BF429F04EC2}.ReleaseTypeScriptStrict|x64.Build.0 = Release|Any CPU
		{73E71805-C3AB-400A-8258-7BF429F04EC2}.ReleaseTypeScriptStrict|x86.ActiveCfg = Release|Any CPU
		{73E71805-C3AB-400A-8258-7BF429F04EC2}.ReleaseTypeScriptStrict|x86.Build.0 = Release|Any CPU
		{6162580C-E6FF-4E11-A5AD-089D7F411E78}.Debug|Any CPU.ActiveCfg = Debug|Any CPU
		{6162580C-E6FF-4E11-A5AD-089D7F411E78}.Debug|Any CPU.Build.0 = Debug|Any CPU
		{6162580C-E6FF-4E11-A5AD-089D7F411E78}.Debug|x64.ActiveCfg = Debug|Any CPU
		{6162580C-E6FF-4E11-A5AD-089D7F411E78}.Debug|x64.Build.0 = Debug|Any CPU
		{6162580C-E6FF-4E11-A5AD-089D7F411E78}.Debug|x86.ActiveCfg = Debug|Any CPU
		{6162580C-E6FF-4E11-A5AD-089D7F411E78}.Debug|x86.Build.0 = Debug|Any CPU
		{6162580C-E6FF-4E11-A5AD-089D7F411E78}.Release|Any CPU.ActiveCfg = Release|Any CPU
		{6162580C-E6FF-4E11-A5AD-089D7F411E78}.Release|Any CPU.Build.0 = Release|Any CPU
		{6162580C-E6FF-4E11-A5AD-089D7F411E78}.Release|x64.ActiveCfg = Release|Any CPU
		{6162580C-E6FF-4E11-A5AD-089D7F411E78}.Release|x64.Build.0 = Release|Any CPU
		{6162580C-E6FF-4E11-A5AD-089D7F411E78}.Release|x86.ActiveCfg = Release|Any CPU
		{6162580C-E6FF-4E11-A5AD-089D7F411E78}.Release|x86.Build.0 = Release|Any CPU
		{6162580C-E6FF-4E11-A5AD-089D7F411E78}.ReleaseTypeScriptStrict|Any CPU.ActiveCfg = Release|Any CPU
		{6162580C-E6FF-4E11-A5AD-089D7F411E78}.ReleaseTypeScriptStrict|Any CPU.Build.0 = Release|Any CPU
		{6162580C-E6FF-4E11-A5AD-089D7F411E78}.ReleaseTypeScriptStrict|x64.ActiveCfg = Release|Any CPU
		{6162580C-E6FF-4E11-A5AD-089D7F411E78}.ReleaseTypeScriptStrict|x64.Build.0 = Release|Any CPU
		{6162580C-E6FF-4E11-A5AD-089D7F411E78}.ReleaseTypeScriptStrict|x86.ActiveCfg = Release|Any CPU
		{6162580C-E6FF-4E11-A5AD-089D7F411E78}.ReleaseTypeScriptStrict|x86.Build.0 = Release|Any CPU
		{8B57755E-2868-434D-A008-45CE2EDBD879}.Debug|Any CPU.ActiveCfg = Debug|Any CPU
		{8B57755E-2868-434D-A008-45CE2EDBD879}.Debug|Any CPU.Build.0 = Debug|Any CPU
		{8B57755E-2868-434D-A008-45CE2EDBD879}.Debug|x64.ActiveCfg = Debug|Any CPU
		{8B57755E-2868-434D-A008-45CE2EDBD879}.Debug|x64.Build.0 = Debug|Any CPU
		{8B57755E-2868-434D-A008-45CE2EDBD879}.Debug|x86.ActiveCfg = Debug|Any CPU
		{8B57755E-2868-434D-A008-45CE2EDBD879}.Debug|x86.Build.0 = Debug|Any CPU
		{8B57755E-2868-434D-A008-45CE2EDBD879}.Release|Any CPU.ActiveCfg = Release|Any CPU
		{8B57755E-2868-434D-A008-45CE2EDBD879}.Release|Any CPU.Build.0 = Release|Any CPU
		{8B57755E-2868-434D-A008-45CE2EDBD879}.Release|x64.ActiveCfg = Release|Any CPU
		{8B57755E-2868-434D-A008-45CE2EDBD879}.Release|x64.Build.0 = Release|Any CPU
		{8B57755E-2868-434D-A008-45CE2EDBD879}.Release|x86.ActiveCfg = Release|Any CPU
		{8B57755E-2868-434D-A008-45CE2EDBD879}.Release|x86.Build.0 = Release|Any CPU
		{8B57755E-2868-434D-A008-45CE2EDBD879}.ReleaseTypeScriptStrict|Any CPU.ActiveCfg = Release|Any CPU
		{8B57755E-2868-434D-A008-45CE2EDBD879}.ReleaseTypeScriptStrict|Any CPU.Build.0 = Release|Any CPU
		{8B57755E-2868-434D-A008-45CE2EDBD879}.ReleaseTypeScriptStrict|x64.ActiveCfg = Release|Any CPU
		{8B57755E-2868-434D-A008-45CE2EDBD879}.ReleaseTypeScriptStrict|x64.Build.0 = Release|Any CPU
		{8B57755E-2868-434D-A008-45CE2EDBD879}.ReleaseTypeScriptStrict|x86.ActiveCfg = Release|Any CPU
		{8B57755E-2868-434D-A008-45CE2EDBD879}.ReleaseTypeScriptStrict|x86.Build.0 = Release|Any CPU
		{5A8A4C49-0BEE-4553-9016-DCD74127BBC7}.Debug|Any CPU.ActiveCfg = Debug|Any CPU
		{5A8A4C49-0BEE-4553-9016-DCD74127BBC7}.Debug|Any CPU.Build.0 = Debug|Any CPU
		{5A8A4C49-0BEE-4553-9016-DCD74127BBC7}.Debug|x64.ActiveCfg = Debug|Any CPU
		{5A8A4C49-0BEE-4553-9016-DCD74127BBC7}.Debug|x64.Build.0 = Debug|Any CPU
		{5A8A4C49-0BEE-4553-9016-DCD74127BBC7}.Debug|x86.ActiveCfg = Debug|Any CPU
		{5A8A4C49-0BEE-4553-9016-DCD74127BBC7}.Debug|x86.Build.0 = Debug|Any CPU
		{5A8A4C49-0BEE-4553-9016-DCD74127BBC7}.Release|Any CPU.ActiveCfg = Release|Any CPU
		{5A8A4C49-0BEE-4553-9016-DCD74127BBC7}.Release|Any CPU.Build.0 = Release|Any CPU
		{5A8A4C49-0BEE-4553-9016-DCD74127BBC7}.Release|x64.ActiveCfg = Release|Any CPU
		{5A8A4C49-0BEE-4553-9016-DCD74127BBC7}.Release|x64.Build.0 = Release|Any CPU
		{5A8A4C49-0BEE-4553-9016-DCD74127BBC7}.Release|x86.ActiveCfg = Release|Any CPU
		{5A8A4C49-0BEE-4553-9016-DCD74127BBC7}.Release|x86.Build.0 = Release|Any CPU
		{5A8A4C49-0BEE-4553-9016-DCD74127BBC7}.ReleaseTypeScriptStrict|Any CPU.ActiveCfg = Release|Any CPU
		{5A8A4C49-0BEE-4553-9016-DCD74127BBC7}.ReleaseTypeScriptStrict|Any CPU.Build.0 = Release|Any CPU
		{5A8A4C49-0BEE-4553-9016-DCD74127BBC7}.ReleaseTypeScriptStrict|x64.ActiveCfg = Release|Any CPU
		{5A8A4C49-0BEE-4553-9016-DCD74127BBC7}.ReleaseTypeScriptStrict|x64.Build.0 = Release|Any CPU
		{5A8A4C49-0BEE-4553-9016-DCD74127BBC7}.ReleaseTypeScriptStrict|x86.ActiveCfg = Release|Any CPU
		{5A8A4C49-0BEE-4553-9016-DCD74127BBC7}.ReleaseTypeScriptStrict|x86.Build.0 = Release|Any CPU
		{F3B6E032-08DC-410D-924D-EF0E065A24DB}.Debug|Any CPU.ActiveCfg = Debug|Any CPU
		{F3B6E032-08DC-410D-924D-EF0E065A24DB}.Debug|Any CPU.Build.0 = Debug|Any CPU
		{F3B6E032-08DC-410D-924D-EF0E065A24DB}.Debug|x64.ActiveCfg = Debug|Any CPU
		{F3B6E032-08DC-410D-924D-EF0E065A24DB}.Debug|x64.Build.0 = Debug|Any CPU
		{F3B6E032-08DC-410D-924D-EF0E065A24DB}.Debug|x86.ActiveCfg = Debug|Any CPU
		{F3B6E032-08DC-410D-924D-EF0E065A24DB}.Debug|x86.Build.0 = Debug|Any CPU
		{F3B6E032-08DC-410D-924D-EF0E065A24DB}.Release|Any CPU.ActiveCfg = Release|Any CPU
		{F3B6E032-08DC-410D-924D-EF0E065A24DB}.Release|Any CPU.Build.0 = Release|Any CPU
		{F3B6E032-08DC-410D-924D-EF0E065A24DB}.Release|x64.ActiveCfg = Release|Any CPU
		{F3B6E032-08DC-410D-924D-EF0E065A24DB}.Release|x64.Build.0 = Release|Any CPU
		{F3B6E032-08DC-410D-924D-EF0E065A24DB}.Release|x86.ActiveCfg = Release|Any CPU
		{F3B6E032-08DC-410D-924D-EF0E065A24DB}.Release|x86.Build.0 = Release|Any CPU
		{F3B6E032-08DC-410D-924D-EF0E065A24DB}.ReleaseTypeScriptStrict|Any CPU.ActiveCfg = Release|Any CPU
		{F3B6E032-08DC-410D-924D-EF0E065A24DB}.ReleaseTypeScriptStrict|Any CPU.Build.0 = Release|Any CPU
		{F3B6E032-08DC-410D-924D-EF0E065A24DB}.ReleaseTypeScriptStrict|x64.ActiveCfg = Release|Any CPU
		{F3B6E032-08DC-410D-924D-EF0E065A24DB}.ReleaseTypeScriptStrict|x64.Build.0 = Release|Any CPU
		{F3B6E032-08DC-410D-924D-EF0E065A24DB}.ReleaseTypeScriptStrict|x86.ActiveCfg = Release|Any CPU
		{F3B6E032-08DC-410D-924D-EF0E065A24DB}.ReleaseTypeScriptStrict|x86.Build.0 = Release|Any CPU
		{2C5B05B7-6954-4E96-ABB9-859ADE656AE2}.Debug|Any CPU.ActiveCfg = Debug|Any CPU
		{2C5B05B7-6954-4E96-ABB9-859ADE656AE2}.Debug|Any CPU.Build.0 = Debug|Any CPU
		{2C5B05B7-6954-4E96-ABB9-859ADE656AE2}.Debug|x64.ActiveCfg = Debug|Any CPU
		{2C5B05B7-6954-4E96-ABB9-859ADE656AE2}.Debug|x64.Build.0 = Debug|Any CPU
		{2C5B05B7-6954-4E96-ABB9-859ADE656AE2}.Debug|x86.ActiveCfg = Debug|Any CPU
		{2C5B05B7-6954-4E96-ABB9-859ADE656AE2}.Debug|x86.Build.0 = Debug|Any CPU
		{2C5B05B7-6954-4E96-ABB9-859ADE656AE2}.Release|Any CPU.ActiveCfg = Release|Any CPU
		{2C5B05B7-6954-4E96-ABB9-859ADE656AE2}.Release|Any CPU.Build.0 = Release|Any CPU
		{2C5B05B7-6954-4E96-ABB9-859ADE656AE2}.Release|x64.ActiveCfg = Release|Any CPU
		{2C5B05B7-6954-4E96-ABB9-859ADE656AE2}.Release|x64.Build.0 = Release|Any CPU
		{2C5B05B7-6954-4E96-ABB9-859ADE656AE2}.Release|x86.ActiveCfg = Release|Any CPU
		{2C5B05B7-6954-4E96-ABB9-859ADE656AE2}.Release|x86.Build.0 = Release|Any CPU
		{2C5B05B7-6954-4E96-ABB9-859ADE656AE2}.ReleaseTypeScriptStrict|Any CPU.ActiveCfg = Release|Any CPU
		{2C5B05B7-6954-4E96-ABB9-859ADE656AE2}.ReleaseTypeScriptStrict|Any CPU.Build.0 = Release|Any CPU
		{2C5B05B7-6954-4E96-ABB9-859ADE656AE2}.ReleaseTypeScriptStrict|x64.ActiveCfg = Release|Any CPU
		{2C5B05B7-6954-4E96-ABB9-859ADE656AE2}.ReleaseTypeScriptStrict|x64.Build.0 = Release|Any CPU
		{2C5B05B7-6954-4E96-ABB9-859ADE656AE2}.ReleaseTypeScriptStrict|x86.ActiveCfg = Release|Any CPU
		{2C5B05B7-6954-4E96-ABB9-859ADE656AE2}.ReleaseTypeScriptStrict|x86.Build.0 = Release|Any CPU
		{DA432F28-7EF8-42D6-988C-65CFA097F0D2}.Debug|Any CPU.ActiveCfg = Debug|Any CPU
		{DA432F28-7EF8-42D6-988C-65CFA097F0D2}.Debug|Any CPU.Build.0 = Debug|Any CPU
		{DA432F28-7EF8-42D6-988C-65CFA097F0D2}.Debug|x64.ActiveCfg = Debug|Any CPU
		{DA432F28-7EF8-42D6-988C-65CFA097F0D2}.Debug|x64.Build.0 = Debug|Any CPU
		{DA432F28-7EF8-42D6-988C-65CFA097F0D2}.Debug|x86.ActiveCfg = Debug|Any CPU
		{DA432F28-7EF8-42D6-988C-65CFA097F0D2}.Debug|x86.Build.0 = Debug|Any CPU
		{DA432F28-7EF8-42D6-988C-65CFA097F0D2}.Release|Any CPU.ActiveCfg = Release|Any CPU
		{DA432F28-7EF8-42D6-988C-65CFA097F0D2}.Release|Any CPU.Build.0 = Release|Any CPU
		{DA432F28-7EF8-42D6-988C-65CFA097F0D2}.Release|x64.ActiveCfg = Release|Any CPU
		{DA432F28-7EF8-42D6-988C-65CFA097F0D2}.Release|x64.Build.0 = Release|Any CPU
		{DA432F28-7EF8-42D6-988C-65CFA097F0D2}.Release|x86.ActiveCfg = Release|Any CPU
		{DA432F28-7EF8-42D6-988C-65CFA097F0D2}.Release|x86.Build.0 = Release|Any CPU
		{DA432F28-7EF8-42D6-988C-65CFA097F0D2}.ReleaseTypeScriptStrict|Any CPU.ActiveCfg = Release|Any CPU
		{DA432F28-7EF8-42D6-988C-65CFA097F0D2}.ReleaseTypeScriptStrict|Any CPU.Build.0 = Release|Any CPU
		{DA432F28-7EF8-42D6-988C-65CFA097F0D2}.ReleaseTypeScriptStrict|x64.ActiveCfg = Release|Any CPU
		{DA432F28-7EF8-42D6-988C-65CFA097F0D2}.ReleaseTypeScriptStrict|x64.Build.0 = Release|Any CPU
		{DA432F28-7EF8-42D6-988C-65CFA097F0D2}.ReleaseTypeScriptStrict|x86.ActiveCfg = Release|Any CPU
		{DA432F28-7EF8-42D6-988C-65CFA097F0D2}.ReleaseTypeScriptStrict|x86.Build.0 = Release|Any CPU
		{37AE85DE-B127-4861-B925-1A67A35F314A}.Debug|Any CPU.ActiveCfg = Debug|Any CPU
		{37AE85DE-B127-4861-B925-1A67A35F314A}.Debug|Any CPU.Build.0 = Debug|Any CPU
		{37AE85DE-B127-4861-B925-1A67A35F314A}.Debug|x64.ActiveCfg = Debug|x64
		{37AE85DE-B127-4861-B925-1A67A35F314A}.Debug|x64.Build.0 = Debug|x64
		{37AE85DE-B127-4861-B925-1A67A35F314A}.Debug|x86.ActiveCfg = Debug|Any CPU
		{37AE85DE-B127-4861-B925-1A67A35F314A}.Debug|x86.Build.0 = Debug|Any CPU
		{37AE85DE-B127-4861-B925-1A67A35F314A}.Release|Any CPU.ActiveCfg = Release|Any CPU
		{37AE85DE-B127-4861-B925-1A67A35F314A}.Release|Any CPU.Build.0 = Release|Any CPU
		{37AE85DE-B127-4861-B925-1A67A35F314A}.Release|x64.ActiveCfg = Release|x64
		{37AE85DE-B127-4861-B925-1A67A35F314A}.Release|x64.Build.0 = Release|x64
		{37AE85DE-B127-4861-B925-1A67A35F314A}.Release|x86.ActiveCfg = Release|Any CPU
		{37AE85DE-B127-4861-B925-1A67A35F314A}.Release|x86.Build.0 = Release|Any CPU
		{37AE85DE-B127-4861-B925-1A67A35F314A}.ReleaseTypeScriptStrict|Any CPU.ActiveCfg = Release|Any CPU
		{37AE85DE-B127-4861-B925-1A67A35F314A}.ReleaseTypeScriptStrict|Any CPU.Build.0 = Release|Any CPU
		{37AE85DE-B127-4861-B925-1A67A35F314A}.ReleaseTypeScriptStrict|x64.ActiveCfg = Release|x64
		{37AE85DE-B127-4861-B925-1A67A35F314A}.ReleaseTypeScriptStrict|x64.Build.0 = Release|x64
		{37AE85DE-B127-4861-B925-1A67A35F314A}.ReleaseTypeScriptStrict|x86.ActiveCfg = Release|Any CPU
		{37AE85DE-B127-4861-B925-1A67A35F314A}.ReleaseTypeScriptStrict|x86.Build.0 = Release|Any CPU
		{ECB6195B-DDF5-4161-AC28-50634BA053F2}.Debug|Any CPU.ActiveCfg = Debug|Any CPU
		{ECB6195B-DDF5-4161-AC28-50634BA053F2}.Debug|Any CPU.Build.0 = Debug|Any CPU
		{ECB6195B-DDF5-4161-AC28-50634BA053F2}.Debug|x64.ActiveCfg = Debug|Any CPU
		{ECB6195B-DDF5-4161-AC28-50634BA053F2}.Debug|x64.Build.0 = Debug|Any CPU
		{ECB6195B-DDF5-4161-AC28-50634BA053F2}.Debug|x86.ActiveCfg = Debug|Any CPU
		{ECB6195B-DDF5-4161-AC28-50634BA053F2}.Debug|x86.Build.0 = Debug|Any CPU
		{ECB6195B-DDF5-4161-AC28-50634BA053F2}.Release|Any CPU.ActiveCfg = Release|Any CPU
		{ECB6195B-DDF5-4161-AC28-50634BA053F2}.Release|Any CPU.Build.0 = Release|Any CPU
		{ECB6195B-DDF5-4161-AC28-50634BA053F2}.Release|x64.ActiveCfg = Release|Any CPU
		{ECB6195B-DDF5-4161-AC28-50634BA053F2}.Release|x64.Build.0 = Release|Any CPU
		{ECB6195B-DDF5-4161-AC28-50634BA053F2}.Release|x86.ActiveCfg = Release|Any CPU
		{ECB6195B-DDF5-4161-AC28-50634BA053F2}.Release|x86.Build.0 = Release|Any CPU
		{ECB6195B-DDF5-4161-AC28-50634BA053F2}.ReleaseTypeScriptStrict|Any CPU.ActiveCfg = Release|Any CPU
		{ECB6195B-DDF5-4161-AC28-50634BA053F2}.ReleaseTypeScriptStrict|Any CPU.Build.0 = Release|Any CPU
		{ECB6195B-DDF5-4161-AC28-50634BA053F2}.ReleaseTypeScriptStrict|x64.ActiveCfg = Release|Any CPU
		{ECB6195B-DDF5-4161-AC28-50634BA053F2}.ReleaseTypeScriptStrict|x64.Build.0 = Release|Any CPU
		{ECB6195B-DDF5-4161-AC28-50634BA053F2}.ReleaseTypeScriptStrict|x86.ActiveCfg = Release|Any CPU
		{ECB6195B-DDF5-4161-AC28-50634BA053F2}.ReleaseTypeScriptStrict|x86.Build.0 = Release|Any CPU
		{78F6BDD4-8F25-4CE4-B926-60F19BA657E9}.Debug|Any CPU.ActiveCfg = Debug|Any CPU
		{78F6BDD4-8F25-4CE4-B926-60F19BA657E9}.Debug|Any CPU.Build.0 = Debug|Any CPU
		{78F6BDD4-8F25-4CE4-B926-60F19BA657E9}.Debug|x64.ActiveCfg = Debug|Any CPU
		{78F6BDD4-8F25-4CE4-B926-60F19BA657E9}.Debug|x64.Build.0 = Debug|Any CPU
		{78F6BDD4-8F25-4CE4-B926-60F19BA657E9}.Debug|x86.ActiveCfg = Debug|Any CPU
		{78F6BDD4-8F25-4CE4-B926-60F19BA657E9}.Debug|x86.Build.0 = Debug|Any CPU
		{78F6BDD4-8F25-4CE4-B926-60F19BA657E9}.Release|Any CPU.ActiveCfg = Release|Any CPU
		{78F6BDD4-8F25-4CE4-B926-60F19BA657E9}.Release|Any CPU.Build.0 = Release|Any CPU
		{78F6BDD4-8F25-4CE4-B926-60F19BA657E9}.Release|x64.ActiveCfg = Release|Any CPU
		{78F6BDD4-8F25-4CE4-B926-60F19BA657E9}.Release|x64.Build.0 = Release|Any CPU
		{78F6BDD4-8F25-4CE4-B926-60F19BA657E9}.Release|x86.ActiveCfg = Release|Any CPU
		{78F6BDD4-8F25-4CE4-B926-60F19BA657E9}.Release|x86.Build.0 = Release|Any CPU
		{78F6BDD4-8F25-4CE4-B926-60F19BA657E9}.ReleaseTypeScriptStrict|Any CPU.ActiveCfg = Release|Any CPU
		{78F6BDD4-8F25-4CE4-B926-60F19BA657E9}.ReleaseTypeScriptStrict|Any CPU.Build.0 = Release|Any CPU
		{78F6BDD4-8F25-4CE4-B926-60F19BA657E9}.ReleaseTypeScriptStrict|x64.ActiveCfg = Release|Any CPU
		{78F6BDD4-8F25-4CE4-B926-60F19BA657E9}.ReleaseTypeScriptStrict|x64.Build.0 = Release|Any CPU
		{78F6BDD4-8F25-4CE4-B926-60F19BA657E9}.ReleaseTypeScriptStrict|x86.ActiveCfg = Release|Any CPU
		{78F6BDD4-8F25-4CE4-B926-60F19BA657E9}.ReleaseTypeScriptStrict|x86.Build.0 = Release|Any CPU
		{9E74D2F4-F3E8-4E9F-AC8E-54A3D86A5FCC}.Debug|Any CPU.ActiveCfg = Debug|Any CPU
		{9E74D2F4-F3E8-4E9F-AC8E-54A3D86A5FCC}.Debug|Any CPU.Build.0 = Debug|Any CPU
		{9E74D2F4-F3E8-4E9F-AC8E-54A3D86A5FCC}.Debug|x64.ActiveCfg = Debug|Any CPU
		{9E74D2F4-F3E8-4E9F-AC8E-54A3D86A5FCC}.Debug|x64.Build.0 = Debug|Any CPU
		{9E74D2F4-F3E8-4E9F-AC8E-54A3D86A5FCC}.Debug|x86.ActiveCfg = Debug|Any CPU
		{9E74D2F4-F3E8-4E9F-AC8E-54A3D86A5FCC}.Debug|x86.Build.0 = Debug|Any CPU
		{9E74D2F4-F3E8-4E9F-AC8E-54A3D86A5FCC}.Release|Any CPU.ActiveCfg = Release|Any CPU
		{9E74D2F4-F3E8-4E9F-AC8E-54A3D86A5FCC}.Release|Any CPU.Build.0 = Release|Any CPU
		{9E74D2F4-F3E8-4E9F-AC8E-54A3D86A5FCC}.Release|x64.ActiveCfg = Release|Any CPU
		{9E74D2F4-F3E8-4E9F-AC8E-54A3D86A5FCC}.Release|x64.Build.0 = Release|Any CPU
		{9E74D2F4-F3E8-4E9F-AC8E-54A3D86A5FCC}.Release|x86.ActiveCfg = Release|Any CPU
		{9E74D2F4-F3E8-4E9F-AC8E-54A3D86A5FCC}.Release|x86.Build.0 = Release|Any CPU
		{9E74D2F4-F3E8-4E9F-AC8E-54A3D86A5FCC}.ReleaseTypeScriptStrict|Any CPU.ActiveCfg = Release|Any CPU
		{9E74D2F4-F3E8-4E9F-AC8E-54A3D86A5FCC}.ReleaseTypeScriptStrict|Any CPU.Build.0 = Release|Any CPU
		{9E74D2F4-F3E8-4E9F-AC8E-54A3D86A5FCC}.ReleaseTypeScriptStrict|x64.ActiveCfg = Release|Any CPU
		{9E74D2F4-F3E8-4E9F-AC8E-54A3D86A5FCC}.ReleaseTypeScriptStrict|x64.Build.0 = Release|Any CPU
		{9E74D2F4-F3E8-4E9F-AC8E-54A3D86A5FCC}.ReleaseTypeScriptStrict|x86.ActiveCfg = Release|Any CPU
		{9E74D2F4-F3E8-4E9F-AC8E-54A3D86A5FCC}.ReleaseTypeScriptStrict|x86.Build.0 = Release|Any CPU
		{51740C29-AF4F-40AD-BFDE-09E6F8C873D2}.Debug|Any CPU.ActiveCfg = Debug|Any CPU
		{51740C29-AF4F-40AD-BFDE-09E6F8C873D2}.Debug|Any CPU.Build.0 = Debug|Any CPU
		{51740C29-AF4F-40AD-BFDE-09E6F8C873D2}.Debug|x64.ActiveCfg = Debug|Any CPU
		{51740C29-AF4F-40AD-BFDE-09E6F8C873D2}.Debug|x64.Build.0 = Debug|Any CPU
		{51740C29-AF4F-40AD-BFDE-09E6F8C873D2}.Debug|x86.ActiveCfg = Debug|Any CPU
		{51740C29-AF4F-40AD-BFDE-09E6F8C873D2}.Debug|x86.Build.0 = Debug|Any CPU
		{51740C29-AF4F-40AD-BFDE-09E6F8C873D2}.Release|Any CPU.ActiveCfg = Release|Any CPU
		{51740C29-AF4F-40AD-BFDE-09E6F8C873D2}.Release|Any CPU.Build.0 = Release|Any CPU
		{51740C29-AF4F-40AD-BFDE-09E6F8C873D2}.Release|x64.ActiveCfg = Release|Any CPU
		{51740C29-AF4F-40AD-BFDE-09E6F8C873D2}.Release|x64.Build.0 = Release|Any CPU
		{51740C29-AF4F-40AD-BFDE-09E6F8C873D2}.Release|x86.ActiveCfg = Release|Any CPU
		{51740C29-AF4F-40AD-BFDE-09E6F8C873D2}.Release|x86.Build.0 = Release|Any CPU
		{51740C29-AF4F-40AD-BFDE-09E6F8C873D2}.ReleaseTypeScriptStrict|Any CPU.ActiveCfg = Release|Any CPU
		{51740C29-AF4F-40AD-BFDE-09E6F8C873D2}.ReleaseTypeScriptStrict|Any CPU.Build.0 = Release|Any CPU
		{51740C29-AF4F-40AD-BFDE-09E6F8C873D2}.ReleaseTypeScriptStrict|x64.ActiveCfg = Release|Any CPU
		{51740C29-AF4F-40AD-BFDE-09E6F8C873D2}.ReleaseTypeScriptStrict|x64.Build.0 = Release|Any CPU
		{51740C29-AF4F-40AD-BFDE-09E6F8C873D2}.ReleaseTypeScriptStrict|x86.ActiveCfg = Release|Any CPU
		{51740C29-AF4F-40AD-BFDE-09E6F8C873D2}.ReleaseTypeScriptStrict|x86.Build.0 = Release|Any CPU
		{5A11ECF6-6783-4797-9CBD-F1F2A63493DF}.Debug|Any CPU.ActiveCfg = Debug|Any CPU
		{5A11ECF6-6783-4797-9CBD-F1F2A63493DF}.Debug|Any CPU.Build.0 = Debug|Any CPU
		{5A11ECF6-6783-4797-9CBD-F1F2A63493DF}.Debug|x64.ActiveCfg = Debug|Any CPU
		{5A11ECF6-6783-4797-9CBD-F1F2A63493DF}.Debug|x64.Build.0 = Debug|Any CPU
		{5A11ECF6-6783-4797-9CBD-F1F2A63493DF}.Debug|x86.ActiveCfg = Debug|Any CPU
		{5A11ECF6-6783-4797-9CBD-F1F2A63493DF}.Debug|x86.Build.0 = Debug|Any CPU
		{5A11ECF6-6783-4797-9CBD-F1F2A63493DF}.Release|Any CPU.ActiveCfg = Release|Any CPU
		{5A11ECF6-6783-4797-9CBD-F1F2A63493DF}.Release|Any CPU.Build.0 = Release|Any CPU
		{5A11ECF6-6783-4797-9CBD-F1F2A63493DF}.Release|x64.ActiveCfg = Release|Any CPU
		{5A11ECF6-6783-4797-9CBD-F1F2A63493DF}.Release|x64.Build.0 = Release|Any CPU
		{5A11ECF6-6783-4797-9CBD-F1F2A63493DF}.Release|x86.ActiveCfg = Release|Any CPU
		{5A11ECF6-6783-4797-9CBD-F1F2A63493DF}.Release|x86.Build.0 = Release|Any CPU
		{5A11ECF6-6783-4797-9CBD-F1F2A63493DF}.ReleaseTypeScriptStrict|Any CPU.ActiveCfg = Release|Any CPU
		{5A11ECF6-6783-4797-9CBD-F1F2A63493DF}.ReleaseTypeScriptStrict|Any CPU.Build.0 = Release|Any CPU
		{5A11ECF6-6783-4797-9CBD-F1F2A63493DF}.ReleaseTypeScriptStrict|x64.ActiveCfg = Release|Any CPU
		{5A11ECF6-6783-4797-9CBD-F1F2A63493DF}.ReleaseTypeScriptStrict|x64.Build.0 = Release|Any CPU
		{5A11ECF6-6783-4797-9CBD-F1F2A63493DF}.ReleaseTypeScriptStrict|x86.ActiveCfg = Release|Any CPU
		{5A11ECF6-6783-4797-9CBD-F1F2A63493DF}.ReleaseTypeScriptStrict|x86.Build.0 = Release|Any CPU
		{B715070B-E76E-4959-894A-623EB7639E5F}.Debug|Any CPU.ActiveCfg = Debug|Any CPU
		{B715070B-E76E-4959-894A-623EB7639E5F}.Debug|Any CPU.Build.0 = Debug|Any CPU
		{B715070B-E76E-4959-894A-623EB7639E5F}.Debug|x64.ActiveCfg = Debug|Any CPU
		{B715070B-E76E-4959-894A-623EB7639E5F}.Debug|x64.Build.0 = Debug|Any CPU
		{B715070B-E76E-4959-894A-623EB7639E5F}.Debug|x86.ActiveCfg = Debug|Any CPU
		{B715070B-E76E-4959-894A-623EB7639E5F}.Debug|x86.Build.0 = Debug|Any CPU
		{B715070B-E76E-4959-894A-623EB7639E5F}.Release|Any CPU.ActiveCfg = Release|Any CPU
		{B715070B-E76E-4959-894A-623EB7639E5F}.Release|Any CPU.Build.0 = Release|Any CPU
		{B715070B-E76E-4959-894A-623EB7639E5F}.Release|x64.ActiveCfg = Release|Any CPU
		{B715070B-E76E-4959-894A-623EB7639E5F}.Release|x64.Build.0 = Release|Any CPU
		{B715070B-E76E-4959-894A-623EB7639E5F}.Release|x86.ActiveCfg = Release|Any CPU
		{B715070B-E76E-4959-894A-623EB7639E5F}.Release|x86.Build.0 = Release|Any CPU
		{B715070B-E76E-4959-894A-623EB7639E5F}.ReleaseTypeScriptStrict|Any CPU.ActiveCfg = Release|Any CPU
		{B715070B-E76E-4959-894A-623EB7639E5F}.ReleaseTypeScriptStrict|Any CPU.Build.0 = Release|Any CPU
		{B715070B-E76E-4959-894A-623EB7639E5F}.ReleaseTypeScriptStrict|x64.ActiveCfg = Release|Any CPU
		{B715070B-E76E-4959-894A-623EB7639E5F}.ReleaseTypeScriptStrict|x64.Build.0 = Release|Any CPU
		{B715070B-E76E-4959-894A-623EB7639E5F}.ReleaseTypeScriptStrict|x86.ActiveCfg = Release|Any CPU
		{B715070B-E76E-4959-894A-623EB7639E5F}.ReleaseTypeScriptStrict|x86.Build.0 = Release|Any CPU
		{E90E9C77-7983-40D0-AAB3-91D16DC639CE}.Debug|Any CPU.ActiveCfg = Debug|Any CPU
		{E90E9C77-7983-40D0-AAB3-91D16DC639CE}.Debug|Any CPU.Build.0 = Debug|Any CPU
		{E90E9C77-7983-40D0-AAB3-91D16DC639CE}.Debug|x64.ActiveCfg = Debug|Any CPU
		{E90E9C77-7983-40D0-AAB3-91D16DC639CE}.Debug|x64.Build.0 = Debug|Any CPU
		{E90E9C77-7983-40D0-AAB3-91D16DC639CE}.Debug|x86.ActiveCfg = Debug|Any CPU
		{E90E9C77-7983-40D0-AAB3-91D16DC639CE}.Debug|x86.Build.0 = Debug|Any CPU
		{E90E9C77-7983-40D0-AAB3-91D16DC639CE}.Release|Any CPU.ActiveCfg = Release|Any CPU
		{E90E9C77-7983-40D0-AAB3-91D16DC639CE}.Release|Any CPU.Build.0 = Release|Any CPU
		{E90E9C77-7983-40D0-AAB3-91D16DC639CE}.Release|x64.ActiveCfg = Release|Any CPU
		{E90E9C77-7983-40D0-AAB3-91D16DC639CE}.Release|x64.Build.0 = Release|Any CPU
		{E90E9C77-7983-40D0-AAB3-91D16DC639CE}.Release|x86.ActiveCfg = Release|Any CPU
		{E90E9C77-7983-40D0-AAB3-91D16DC639CE}.Release|x86.Build.0 = Release|Any CPU
		{E90E9C77-7983-40D0-AAB3-91D16DC639CE}.ReleaseTypeScriptStrict|Any CPU.ActiveCfg = Release|Any CPU
		{E90E9C77-7983-40D0-AAB3-91D16DC639CE}.ReleaseTypeScriptStrict|Any CPU.Build.0 = Release|Any CPU
		{E90E9C77-7983-40D0-AAB3-91D16DC639CE}.ReleaseTypeScriptStrict|x64.ActiveCfg = Release|Any CPU
		{E90E9C77-7983-40D0-AAB3-91D16DC639CE}.ReleaseTypeScriptStrict|x64.Build.0 = Release|Any CPU
		{E90E9C77-7983-40D0-AAB3-91D16DC639CE}.ReleaseTypeScriptStrict|x86.ActiveCfg = Release|Any CPU
		{E90E9C77-7983-40D0-AAB3-91D16DC639CE}.ReleaseTypeScriptStrict|x86.Build.0 = Release|Any CPU
		{810AF444-D713-4CEE-BC9F-13D7875AE69B}.Debug|Any CPU.ActiveCfg = Debug|Any CPU
		{810AF444-D713-4CEE-BC9F-13D7875AE69B}.Debug|Any CPU.Build.0 = Debug|Any CPU
		{810AF444-D713-4CEE-BC9F-13D7875AE69B}.Debug|x64.ActiveCfg = Debug|Any CPU
		{810AF444-D713-4CEE-BC9F-13D7875AE69B}.Debug|x64.Build.0 = Debug|Any CPU
		{810AF444-D713-4CEE-BC9F-13D7875AE69B}.Debug|x86.ActiveCfg = Debug|Any CPU
		{810AF444-D713-4CEE-BC9F-13D7875AE69B}.Debug|x86.Build.0 = Debug|Any CPU
		{810AF444-D713-4CEE-BC9F-13D7875AE69B}.Release|Any CPU.ActiveCfg = Release|Any CPU
		{810AF444-D713-4CEE-BC9F-13D7875AE69B}.Release|Any CPU.Build.0 = Release|Any CPU
		{810AF444-D713-4CEE-BC9F-13D7875AE69B}.Release|x64.ActiveCfg = Release|Any CPU
		{810AF444-D713-4CEE-BC9F-13D7875AE69B}.Release|x64.Build.0 = Release|Any CPU
		{810AF444-D713-4CEE-BC9F-13D7875AE69B}.Release|x86.ActiveCfg = Release|Any CPU
		{810AF444-D713-4CEE-BC9F-13D7875AE69B}.Release|x86.Build.0 = Release|Any CPU
		{810AF444-D713-4CEE-BC9F-13D7875AE69B}.ReleaseTypeScriptStrict|Any CPU.ActiveCfg = Release|Any CPU
		{810AF444-D713-4CEE-BC9F-13D7875AE69B}.ReleaseTypeScriptStrict|Any CPU.Build.0 = Release|Any CPU
		{810AF444-D713-4CEE-BC9F-13D7875AE69B}.ReleaseTypeScriptStrict|x64.ActiveCfg = Release|Any CPU
		{810AF444-D713-4CEE-BC9F-13D7875AE69B}.ReleaseTypeScriptStrict|x64.Build.0 = Release|Any CPU
		{810AF444-D713-4CEE-BC9F-13D7875AE69B}.ReleaseTypeScriptStrict|x86.ActiveCfg = Release|Any CPU
		{810AF444-D713-4CEE-BC9F-13D7875AE69B}.ReleaseTypeScriptStrict|x86.Build.0 = Release|Any CPU
		{B60E7723-91F4-412B-9EB3-4050B71B0DAA}.Debug|Any CPU.ActiveCfg = Debug|Any CPU
		{B60E7723-91F4-412B-9EB3-4050B71B0DAA}.Debug|Any CPU.Build.0 = Debug|Any CPU
		{B60E7723-91F4-412B-9EB3-4050B71B0DAA}.Debug|x64.ActiveCfg = Debug|Any CPU
		{B60E7723-91F4-412B-9EB3-4050B71B0DAA}.Debug|x64.Build.0 = Debug|Any CPU
		{B60E7723-91F4-412B-9EB3-4050B71B0DAA}.Debug|x86.ActiveCfg = Debug|Any CPU
		{B60E7723-91F4-412B-9EB3-4050B71B0DAA}.Debug|x86.Build.0 = Debug|Any CPU
		{B60E7723-91F4-412B-9EB3-4050B71B0DAA}.Release|Any CPU.ActiveCfg = Release|Any CPU
		{B60E7723-91F4-412B-9EB3-4050B71B0DAA}.Release|Any CPU.Build.0 = Release|Any CPU
		{B60E7723-91F4-412B-9EB3-4050B71B0DAA}.Release|x64.ActiveCfg = Release|Any CPU
		{B60E7723-91F4-412B-9EB3-4050B71B0DAA}.Release|x64.Build.0 = Release|Any CPU
		{B60E7723-91F4-412B-9EB3-4050B71B0DAA}.Release|x86.ActiveCfg = Release|Any CPU
		{B60E7723-91F4-412B-9EB3-4050B71B0DAA}.Release|x86.Build.0 = Release|Any CPU
		{B60E7723-91F4-412B-9EB3-4050B71B0DAA}.ReleaseTypeScriptStrict|Any CPU.ActiveCfg = Release|Any CPU
		{B60E7723-91F4-412B-9EB3-4050B71B0DAA}.ReleaseTypeScriptStrict|Any CPU.Build.0 = Release|Any CPU
		{B60E7723-91F4-412B-9EB3-4050B71B0DAA}.ReleaseTypeScriptStrict|x64.ActiveCfg = Release|Any CPU
		{B60E7723-91F4-412B-9EB3-4050B71B0DAA}.ReleaseTypeScriptStrict|x64.Build.0 = Release|Any CPU
		{B60E7723-91F4-412B-9EB3-4050B71B0DAA}.ReleaseTypeScriptStrict|x86.ActiveCfg = Release|Any CPU
		{B60E7723-91F4-412B-9EB3-4050B71B0DAA}.ReleaseTypeScriptStrict|x86.Build.0 = Release|Any CPU
		{F109D48B-A2FF-497D-8374-FEA60C5F2365}.Debug|Any CPU.ActiveCfg = Debug|Any CPU
		{F109D48B-A2FF-497D-8374-FEA60C5F2365}.Debug|Any CPU.Build.0 = Debug|Any CPU
		{F109D48B-A2FF-497D-8374-FEA60C5F2365}.Debug|x64.ActiveCfg = Debug|Any CPU
		{F109D48B-A2FF-497D-8374-FEA60C5F2365}.Debug|x64.Build.0 = Debug|Any CPU
		{F109D48B-A2FF-497D-8374-FEA60C5F2365}.Debug|x86.ActiveCfg = Debug|Any CPU
		{F109D48B-A2FF-497D-8374-FEA60C5F2365}.Debug|x86.Build.0 = Debug|Any CPU
		{F109D48B-A2FF-497D-8374-FEA60C5F2365}.Release|Any CPU.ActiveCfg = Release|Any CPU
		{F109D48B-A2FF-497D-8374-FEA60C5F2365}.Release|Any CPU.Build.0 = Release|Any CPU
		{F109D48B-A2FF-497D-8374-FEA60C5F2365}.Release|x64.ActiveCfg = Release|Any CPU
		{F109D48B-A2FF-497D-8374-FEA60C5F2365}.Release|x64.Build.0 = Release|Any CPU
		{F109D48B-A2FF-497D-8374-FEA60C5F2365}.Release|x86.ActiveCfg = Release|Any CPU
		{F109D48B-A2FF-497D-8374-FEA60C5F2365}.Release|x86.Build.0 = Release|Any CPU
		{F109D48B-A2FF-497D-8374-FEA60C5F2365}.ReleaseTypeScriptStrict|Any CPU.ActiveCfg = Release|Any CPU
		{F109D48B-A2FF-497D-8374-FEA60C5F2365}.ReleaseTypeScriptStrict|Any CPU.Build.0 = Release|Any CPU
		{F109D48B-A2FF-497D-8374-FEA60C5F2365}.ReleaseTypeScriptStrict|x64.ActiveCfg = Release|Any CPU
		{F109D48B-A2FF-497D-8374-FEA60C5F2365}.ReleaseTypeScriptStrict|x64.Build.0 = Release|Any CPU
		{F109D48B-A2FF-497D-8374-FEA60C5F2365}.ReleaseTypeScriptStrict|x86.ActiveCfg = Release|Any CPU
		{F109D48B-A2FF-497D-8374-FEA60C5F2365}.ReleaseTypeScriptStrict|x86.Build.0 = Release|Any CPU
		{FDD41017-91E2-4BD8-B827-F851BDEC6B6E}.Debug|Any CPU.ActiveCfg = Debug|Any CPU
		{FDD41017-91E2-4BD8-B827-F851BDEC6B6E}.Debug|Any CPU.Build.0 = Debug|Any CPU
		{FDD41017-91E2-4BD8-B827-F851BDEC6B6E}.Debug|x64.ActiveCfg = Debug|Any CPU
		{FDD41017-91E2-4BD8-B827-F851BDEC6B6E}.Debug|x64.Build.0 = Debug|Any CPU
		{FDD41017-91E2-4BD8-B827-F851BDEC6B6E}.Debug|x86.ActiveCfg = Debug|Any CPU
		{FDD41017-91E2-4BD8-B827-F851BDEC6B6E}.Debug|x86.Build.0 = Debug|Any CPU
		{FDD41017-91E2-4BD8-B827-F851BDEC6B6E}.Release|Any CPU.ActiveCfg = Release|Any CPU
		{FDD41017-91E2-4BD8-B827-F851BDEC6B6E}.Release|Any CPU.Build.0 = Release|Any CPU
		{FDD41017-91E2-4BD8-B827-F851BDEC6B6E}.Release|x64.ActiveCfg = Release|Any CPU
		{FDD41017-91E2-4BD8-B827-F851BDEC6B6E}.Release|x64.Build.0 = Release|Any CPU
		{FDD41017-91E2-4BD8-B827-F851BDEC6B6E}.Release|x86.ActiveCfg = Release|Any CPU
		{FDD41017-91E2-4BD8-B827-F851BDEC6B6E}.Release|x86.Build.0 = Release|Any CPU
		{FDD41017-91E2-4BD8-B827-F851BDEC6B6E}.ReleaseTypeScriptStrict|Any CPU.ActiveCfg = Release|Any CPU
		{FDD41017-91E2-4BD8-B827-F851BDEC6B6E}.ReleaseTypeScriptStrict|Any CPU.Build.0 = Release|Any CPU
		{FDD41017-91E2-4BD8-B827-F851BDEC6B6E}.ReleaseTypeScriptStrict|x64.ActiveCfg = Release|Any CPU
		{FDD41017-91E2-4BD8-B827-F851BDEC6B6E}.ReleaseTypeScriptStrict|x64.Build.0 = Release|Any CPU
		{FDD41017-91E2-4BD8-B827-F851BDEC6B6E}.ReleaseTypeScriptStrict|x86.ActiveCfg = Release|Any CPU
		{FDD41017-91E2-4BD8-B827-F851BDEC6B6E}.ReleaseTypeScriptStrict|x86.Build.0 = Release|Any CPU
		{1853262B-6D39-477B-872A-8B5473FE74BB}.Debug|Any CPU.ActiveCfg = Debug|Any CPU
		{1853262B-6D39-477B-872A-8B5473FE74BB}.Debug|Any CPU.Build.0 = Debug|Any CPU
		{1853262B-6D39-477B-872A-8B5473FE74BB}.Debug|x64.ActiveCfg = Debug|Any CPU
		{1853262B-6D39-477B-872A-8B5473FE74BB}.Debug|x64.Build.0 = Debug|Any CPU
		{1853262B-6D39-477B-872A-8B5473FE74BB}.Debug|x86.ActiveCfg = Debug|Any CPU
		{1853262B-6D39-477B-872A-8B5473FE74BB}.Debug|x86.Build.0 = Debug|Any CPU
		{1853262B-6D39-477B-872A-8B5473FE74BB}.Release|Any CPU.ActiveCfg = Release|Any CPU
		{1853262B-6D39-477B-872A-8B5473FE74BB}.Release|Any CPU.Build.0 = Release|Any CPU
		{1853262B-6D39-477B-872A-8B5473FE74BB}.Release|x64.ActiveCfg = Release|Any CPU
		{1853262B-6D39-477B-872A-8B5473FE74BB}.Release|x64.Build.0 = Release|Any CPU
		{1853262B-6D39-477B-872A-8B5473FE74BB}.Release|x86.ActiveCfg = Release|Any CPU
		{1853262B-6D39-477B-872A-8B5473FE74BB}.Release|x86.Build.0 = Release|Any CPU
		{1853262B-6D39-477B-872A-8B5473FE74BB}.ReleaseTypeScriptStrict|Any CPU.ActiveCfg = Release|Any CPU
		{1853262B-6D39-477B-872A-8B5473FE74BB}.ReleaseTypeScriptStrict|Any CPU.Build.0 = Release|Any CPU
		{1853262B-6D39-477B-872A-8B5473FE74BB}.ReleaseTypeScriptStrict|x64.ActiveCfg = Release|Any CPU
		{1853262B-6D39-477B-872A-8B5473FE74BB}.ReleaseTypeScriptStrict|x64.Build.0 = Release|Any CPU
		{1853262B-6D39-477B-872A-8B5473FE74BB}.ReleaseTypeScriptStrict|x86.ActiveCfg = Release|Any CPU
		{1853262B-6D39-477B-872A-8B5473FE74BB}.ReleaseTypeScriptStrict|x86.Build.0 = Release|Any CPU
		{B6467D5A-7B13-4B06-89BE-2BC7B6615956}.Debug|Any CPU.ActiveCfg = Debug|Any CPU
		{B6467D5A-7B13-4B06-89BE-2BC7B6615956}.Debug|Any CPU.Build.0 = Debug|Any CPU
		{B6467D5A-7B13-4B06-89BE-2BC7B6615956}.Debug|x64.ActiveCfg = Debug|Any CPU
		{B6467D5A-7B13-4B06-89BE-2BC7B6615956}.Debug|x64.Build.0 = Debug|Any CPU
		{B6467D5A-7B13-4B06-89BE-2BC7B6615956}.Debug|x86.ActiveCfg = Debug|Any CPU
		{B6467D5A-7B13-4B06-89BE-2BC7B6615956}.Debug|x86.Build.0 = Debug|Any CPU
		{B6467D5A-7B13-4B06-89BE-2BC7B6615956}.Release|Any CPU.ActiveCfg = Release|Any CPU
		{B6467D5A-7B13-4B06-89BE-2BC7B6615956}.Release|Any CPU.Build.0 = Release|Any CPU
		{B6467D5A-7B13-4B06-89BE-2BC7B6615956}.Release|x64.ActiveCfg = Release|Any CPU
		{B6467D5A-7B13-4B06-89BE-2BC7B6615956}.Release|x64.Build.0 = Release|Any CPU
		{B6467D5A-7B13-4B06-89BE-2BC7B6615956}.Release|x86.ActiveCfg = Release|Any CPU
		{B6467D5A-7B13-4B06-89BE-2BC7B6615956}.Release|x86.Build.0 = Release|Any CPU
		{B6467D5A-7B13-4B06-89BE-2BC7B6615956}.ReleaseTypeScriptStrict|Any CPU.ActiveCfg = Release|Any CPU
		{B6467D5A-7B13-4B06-89BE-2BC7B6615956}.ReleaseTypeScriptStrict|Any CPU.Build.0 = Release|Any CPU
		{B6467D5A-7B13-4B06-89BE-2BC7B6615956}.ReleaseTypeScriptStrict|x64.ActiveCfg = Release|Any CPU
		{B6467D5A-7B13-4B06-89BE-2BC7B6615956}.ReleaseTypeScriptStrict|x64.Build.0 = Release|Any CPU
		{B6467D5A-7B13-4B06-89BE-2BC7B6615956}.ReleaseTypeScriptStrict|x86.ActiveCfg = Release|Any CPU
		{B6467D5A-7B13-4B06-89BE-2BC7B6615956}.ReleaseTypeScriptStrict|x86.Build.0 = Release|Any CPU
		{F237A592-2D74-4C38-B222-2C91029B87F8}.Debug|Any CPU.ActiveCfg = Debug|Any CPU
		{F237A592-2D74-4C38-B222-2C91029B87F8}.Debug|Any CPU.Build.0 = Debug|Any CPU
		{F237A592-2D74-4C38-B222-2C91029B87F8}.Debug|x64.ActiveCfg = Debug|Any CPU
		{F237A592-2D74-4C38-B222-2C91029B87F8}.Debug|x64.Build.0 = Debug|Any CPU
		{F237A592-2D74-4C38-B222-2C91029B87F8}.Debug|x86.ActiveCfg = Debug|Any CPU
		{F237A592-2D74-4C38-B222-2C91029B87F8}.Debug|x86.Build.0 = Debug|Any CPU
		{F237A592-2D74-4C38-B222-2C91029B87F8}.Release|Any CPU.ActiveCfg = Release|Any CPU
		{F237A592-2D74-4C38-B222-2C91029B87F8}.Release|Any CPU.Build.0 = Release|Any CPU
		{F237A592-2D74-4C38-B222-2C91029B87F8}.Release|x64.ActiveCfg = Release|Any CPU
		{F237A592-2D74-4C38-B222-2C91029B87F8}.Release|x64.Build.0 = Release|Any CPU
		{F237A592-2D74-4C38-B222-2C91029B87F8}.Release|x86.ActiveCfg = Release|Any CPU
		{F237A592-2D74-4C38-B222-2C91029B87F8}.Release|x86.Build.0 = Release|Any CPU
		{F237A592-2D74-4C38-B222-2C91029B87F8}.ReleaseTypeScriptStrict|Any CPU.ActiveCfg = Release|Any CPU
		{F237A592-2D74-4C38-B222-2C91029B87F8}.ReleaseTypeScriptStrict|Any CPU.Build.0 = Release|Any CPU
		{F237A592-2D74-4C38-B222-2C91029B87F8}.ReleaseTypeScriptStrict|x64.ActiveCfg = Release|Any CPU
		{F237A592-2D74-4C38-B222-2C91029B87F8}.ReleaseTypeScriptStrict|x64.Build.0 = Release|Any CPU
		{F237A592-2D74-4C38-B222-2C91029B87F8}.ReleaseTypeScriptStrict|x86.ActiveCfg = Release|Any CPU
		{F237A592-2D74-4C38-B222-2C91029B87F8}.ReleaseTypeScriptStrict|x86.Build.0 = Release|Any CPU
		{4BCF42CE-A289-4B6D-92DB-ED95F8ED4B19}.Debug|Any CPU.ActiveCfg = Debug|Any CPU
		{4BCF42CE-A289-4B6D-92DB-ED95F8ED4B19}.Debug|Any CPU.Build.0 = Debug|Any CPU
		{4BCF42CE-A289-4B6D-92DB-ED95F8ED4B19}.Debug|x64.ActiveCfg = Debug|Any CPU
		{4BCF42CE-A289-4B6D-92DB-ED95F8ED4B19}.Debug|x64.Build.0 = Debug|Any CPU
		{4BCF42CE-A289-4B6D-92DB-ED95F8ED4B19}.Debug|x86.ActiveCfg = Debug|Any CPU
		{4BCF42CE-A289-4B6D-92DB-ED95F8ED4B19}.Debug|x86.Build.0 = Debug|Any CPU
		{4BCF42CE-A289-4B6D-92DB-ED95F8ED4B19}.Release|Any CPU.ActiveCfg = Release|Any CPU
		{4BCF42CE-A289-4B6D-92DB-ED95F8ED4B19}.Release|Any CPU.Build.0 = Release|Any CPU
		{4BCF42CE-A289-4B6D-92DB-ED95F8ED4B19}.Release|x64.ActiveCfg = Release|Any CPU
		{4BCF42CE-A289-4B6D-92DB-ED95F8ED4B19}.Release|x64.Build.0 = Release|Any CPU
		{4BCF42CE-A289-4B6D-92DB-ED95F8ED4B19}.Release|x86.ActiveCfg = Release|Any CPU
		{4BCF42CE-A289-4B6D-92DB-ED95F8ED4B19}.Release|x86.Build.0 = Release|Any CPU
		{4BCF42CE-A289-4B6D-92DB-ED95F8ED4B19}.ReleaseTypeScriptStrict|Any CPU.ActiveCfg = Release|Any CPU
		{4BCF42CE-A289-4B6D-92DB-ED95F8ED4B19}.ReleaseTypeScriptStrict|Any CPU.Build.0 = Release|Any CPU
		{4BCF42CE-A289-4B6D-92DB-ED95F8ED4B19}.ReleaseTypeScriptStrict|x64.ActiveCfg = Release|Any CPU
		{4BCF42CE-A289-4B6D-92DB-ED95F8ED4B19}.ReleaseTypeScriptStrict|x64.Build.0 = Release|Any CPU
		{4BCF42CE-A289-4B6D-92DB-ED95F8ED4B19}.ReleaseTypeScriptStrict|x86.ActiveCfg = Release|Any CPU
		{4BCF42CE-A289-4B6D-92DB-ED95F8ED4B19}.ReleaseTypeScriptStrict|x86.Build.0 = Release|Any CPU
		{37563171-4C09-4BCD-B2FB-08F786198909}.Debug|Any CPU.ActiveCfg = Debug|Any CPU
		{37563171-4C09-4BCD-B2FB-08F786198909}.Debug|Any CPU.Build.0 = Debug|Any CPU
		{37563171-4C09-4BCD-B2FB-08F786198909}.Debug|x64.ActiveCfg = Debug|Any CPU
		{37563171-4C09-4BCD-B2FB-08F786198909}.Debug|x64.Build.0 = Debug|Any CPU
		{37563171-4C09-4BCD-B2FB-08F786198909}.Debug|x86.ActiveCfg = Debug|Any CPU
		{37563171-4C09-4BCD-B2FB-08F786198909}.Debug|x86.Build.0 = Debug|Any CPU
		{37563171-4C09-4BCD-B2FB-08F786198909}.Release|Any CPU.ActiveCfg = Release|Any CPU
		{37563171-4C09-4BCD-B2FB-08F786198909}.Release|Any CPU.Build.0 = Release|Any CPU
		{37563171-4C09-4BCD-B2FB-08F786198909}.Release|x64.ActiveCfg = Release|Any CPU
		{37563171-4C09-4BCD-B2FB-08F786198909}.Release|x64.Build.0 = Release|Any CPU
		{37563171-4C09-4BCD-B2FB-08F786198909}.Release|x86.ActiveCfg = Release|Any CPU
		{37563171-4C09-4BCD-B2FB-08F786198909}.Release|x86.Build.0 = Release|Any CPU
		{37563171-4C09-4BCD-B2FB-08F786198909}.ReleaseTypeScriptStrict|Any CPU.ActiveCfg = Release|Any CPU
		{37563171-4C09-4BCD-B2FB-08F786198909}.ReleaseTypeScriptStrict|Any CPU.Build.0 = Release|Any CPU
		{37563171-4C09-4BCD-B2FB-08F786198909}.ReleaseTypeScriptStrict|x64.ActiveCfg = Release|Any CPU
		{37563171-4C09-4BCD-B2FB-08F786198909}.ReleaseTypeScriptStrict|x64.Build.0 = Release|Any CPU
		{37563171-4C09-4BCD-B2FB-08F786198909}.ReleaseTypeScriptStrict|x86.ActiveCfg = Release|Any CPU
		{37563171-4C09-4BCD-B2FB-08F786198909}.ReleaseTypeScriptStrict|x86.Build.0 = Release|Any CPU
		{60438B13-8111-44C3-B5E5-34C3F30FF234}.Debug|Any CPU.ActiveCfg = Debug|Any CPU
		{60438B13-8111-44C3-B5E5-34C3F30FF234}.Debug|Any CPU.Build.0 = Debug|Any CPU
		{60438B13-8111-44C3-B5E5-34C3F30FF234}.Debug|x64.ActiveCfg = Debug|Any CPU
		{60438B13-8111-44C3-B5E5-34C3F30FF234}.Debug|x64.Build.0 = Debug|Any CPU
		{60438B13-8111-44C3-B5E5-34C3F30FF234}.Debug|x86.ActiveCfg = Debug|Any CPU
		{60438B13-8111-44C3-B5E5-34C3F30FF234}.Debug|x86.Build.0 = Debug|Any CPU
		{60438B13-8111-44C3-B5E5-34C3F30FF234}.Release|Any CPU.ActiveCfg = Release|Any CPU
		{60438B13-8111-44C3-B5E5-34C3F30FF234}.Release|Any CPU.Build.0 = Release|Any CPU
		{60438B13-8111-44C3-B5E5-34C3F30FF234}.Release|x64.ActiveCfg = Release|Any CPU
		{60438B13-8111-44C3-B5E5-34C3F30FF234}.Release|x64.Build.0 = Release|Any CPU
		{60438B13-8111-44C3-B5E5-34C3F30FF234}.Release|x86.ActiveCfg = Release|Any CPU
		{60438B13-8111-44C3-B5E5-34C3F30FF234}.Release|x86.Build.0 = Release|Any CPU
		{60438B13-8111-44C3-B5E5-34C3F30FF234}.ReleaseTypeScriptStrict|Any CPU.ActiveCfg = Release|Any CPU
		{60438B13-8111-44C3-B5E5-34C3F30FF234}.ReleaseTypeScriptStrict|Any CPU.Build.0 = Release|Any CPU
		{60438B13-8111-44C3-B5E5-34C3F30FF234}.ReleaseTypeScriptStrict|x64.ActiveCfg = Release|Any CPU
		{60438B13-8111-44C3-B5E5-34C3F30FF234}.ReleaseTypeScriptStrict|x64.Build.0 = Release|Any CPU
		{60438B13-8111-44C3-B5E5-34C3F30FF234}.ReleaseTypeScriptStrict|x86.ActiveCfg = Release|Any CPU
		{60438B13-8111-44C3-B5E5-34C3F30FF234}.ReleaseTypeScriptStrict|x86.Build.0 = Release|Any CPU
		{AC3D8125-AE21-49FC-A217-D96C7B585FF9}.Debug|Any CPU.ActiveCfg = Debug|Any CPU
		{AC3D8125-AE21-49FC-A217-D96C7B585FF9}.Debug|x64.ActiveCfg = Debug|Any CPU
		{AC3D8125-AE21-49FC-A217-D96C7B585FF9}.Debug|x86.ActiveCfg = Debug|Any CPU
		{AC3D8125-AE21-49FC-A217-D96C7B585FF9}.Release|Any CPU.ActiveCfg = Release|Any CPU
		{AC3D8125-AE21-49FC-A217-D96C7B585FF9}.Release|x64.ActiveCfg = Release|Any CPU
		{AC3D8125-AE21-49FC-A217-D96C7B585FF9}.Release|x86.ActiveCfg = Release|Any CPU
		{AC3D8125-AE21-49FC-A217-D96C7B585FF9}.ReleaseTypeScriptStrict|Any CPU.ActiveCfg = Release|Any CPU
		{AC3D8125-AE21-49FC-A217-D96C7B585FF9}.ReleaseTypeScriptStrict|x64.ActiveCfg = Release|Any CPU
		{AC3D8125-AE21-49FC-A217-D96C7B585FF9}.ReleaseTypeScriptStrict|x86.ActiveCfg = Release|Any CPU
		{DE82965A-6935-43E0-A9A1-F3F35B4487EB}.Debug|Any CPU.ActiveCfg = Debug|Any CPU
		{DE82965A-6935-43E0-A9A1-F3F35B4487EB}.Debug|Any CPU.Build.0 = Debug|Any CPU
		{DE82965A-6935-43E0-A9A1-F3F35B4487EB}.Debug|x64.ActiveCfg = Debug|Any CPU
		{DE82965A-6935-43E0-A9A1-F3F35B4487EB}.Debug|x64.Build.0 = Debug|Any CPU
		{DE82965A-6935-43E0-A9A1-F3F35B4487EB}.Debug|x86.ActiveCfg = Debug|Any CPU
		{DE82965A-6935-43E0-A9A1-F3F35B4487EB}.Debug|x86.Build.0 = Debug|Any CPU
		{DE82965A-6935-43E0-A9A1-F3F35B4487EB}.Release|Any CPU.ActiveCfg = Release|Any CPU
		{DE82965A-6935-43E0-A9A1-F3F35B4487EB}.Release|Any CPU.Build.0 = Release|Any CPU
		{DE82965A-6935-43E0-A9A1-F3F35B4487EB}.Release|x64.ActiveCfg = Release|Any CPU
		{DE82965A-6935-43E0-A9A1-F3F35B4487EB}.Release|x64.Build.0 = Release|Any CPU
		{DE82965A-6935-43E0-A9A1-F3F35B4487EB}.Release|x86.ActiveCfg = Release|Any CPU
		{DE82965A-6935-43E0-A9A1-F3F35B4487EB}.Release|x86.Build.0 = Release|Any CPU
		{DE82965A-6935-43E0-A9A1-F3F35B4487EB}.ReleaseTypeScriptStrict|Any CPU.ActiveCfg = Release|Any CPU
		{DE82965A-6935-43E0-A9A1-F3F35B4487EB}.ReleaseTypeScriptStrict|Any CPU.Build.0 = Release|Any CPU
		{DE82965A-6935-43E0-A9A1-F3F35B4487EB}.ReleaseTypeScriptStrict|x64.ActiveCfg = Release|Any CPU
		{DE82965A-6935-43E0-A9A1-F3F35B4487EB}.ReleaseTypeScriptStrict|x64.Build.0 = Release|Any CPU
		{DE82965A-6935-43E0-A9A1-F3F35B4487EB}.ReleaseTypeScriptStrict|x86.ActiveCfg = Release|Any CPU
		{DE82965A-6935-43E0-A9A1-F3F35B4487EB}.ReleaseTypeScriptStrict|x86.Build.0 = Release|Any CPU
		{24693FBC-445E-4360-A1E8-B6F136C563FB}.Debug|Any CPU.ActiveCfg = Debug|Any CPU
		{24693FBC-445E-4360-A1E8-B6F136C563FB}.Debug|Any CPU.Build.0 = Debug|Any CPU
		{24693FBC-445E-4360-A1E8-B6F136C563FB}.Debug|x64.ActiveCfg = Debug|Any CPU
		{24693FBC-445E-4360-A1E8-B6F136C563FB}.Debug|x64.Build.0 = Debug|Any CPU
		{24693FBC-445E-4360-A1E8-B6F136C563FB}.Debug|x86.ActiveCfg = Debug|Any CPU
		{24693FBC-445E-4360-A1E8-B6F136C563FB}.Debug|x86.Build.0 = Debug|Any CPU
		{24693FBC-445E-4360-A1E8-B6F136C563FB}.Release|Any CPU.ActiveCfg = Release|Any CPU
		{24693FBC-445E-4360-A1E8-B6F136C563FB}.Release|Any CPU.Build.0 = Release|Any CPU
		{24693FBC-445E-4360-A1E8-B6F136C563FB}.Release|x64.ActiveCfg = Release|Any CPU
		{24693FBC-445E-4360-A1E8-B6F136C563FB}.Release|x64.Build.0 = Release|Any CPU
		{24693FBC-445E-4360-A1E8-B6F136C563FB}.Release|x86.ActiveCfg = Release|Any CPU
		{24693FBC-445E-4360-A1E8-B6F136C563FB}.Release|x86.Build.0 = Release|Any CPU
		{24693FBC-445E-4360-A1E8-B6F136C563FB}.ReleaseTypeScriptStrict|Any CPU.ActiveCfg = Release|Any CPU
		{24693FBC-445E-4360-A1E8-B6F136C563FB}.ReleaseTypeScriptStrict|Any CPU.Build.0 = Release|Any CPU
		{24693FBC-445E-4360-A1E8-B6F136C563FB}.ReleaseTypeScriptStrict|x64.ActiveCfg = Release|Any CPU
		{24693FBC-445E-4360-A1E8-B6F136C563FB}.ReleaseTypeScriptStrict|x64.Build.0 = Release|Any CPU
		{24693FBC-445E-4360-A1E8-B6F136C563FB}.ReleaseTypeScriptStrict|x86.ActiveCfg = Release|Any CPU
		{24693FBC-445E-4360-A1E8-B6F136C563FB}.ReleaseTypeScriptStrict|x86.Build.0 = Release|Any CPU
		{4D70DC56-C31D-49EF-8CDC-AB1E4DF77ED9}.Debug|Any CPU.ActiveCfg = Debug|Any CPU
		{4D70DC56-C31D-49EF-8CDC-AB1E4DF77ED9}.Debug|Any CPU.Build.0 = Debug|Any CPU
		{4D70DC56-C31D-49EF-8CDC-AB1E4DF77ED9}.Debug|x64.ActiveCfg = Debug|Any CPU
		{4D70DC56-C31D-49EF-8CDC-AB1E4DF77ED9}.Debug|x64.Build.0 = Debug|Any CPU
		{4D70DC56-C31D-49EF-8CDC-AB1E4DF77ED9}.Debug|x86.ActiveCfg = Debug|Any CPU
		{4D70DC56-C31D-49EF-8CDC-AB1E4DF77ED9}.Debug|x86.Build.0 = Debug|Any CPU
		{4D70DC56-C31D-49EF-8CDC-AB1E4DF77ED9}.Release|Any CPU.ActiveCfg = Release|Any CPU
		{4D70DC56-C31D-49EF-8CDC-AB1E4DF77ED9}.Release|Any CPU.Build.0 = Release|Any CPU
		{4D70DC56-C31D-49EF-8CDC-AB1E4DF77ED9}.Release|x64.ActiveCfg = Release|Any CPU
		{4D70DC56-C31D-49EF-8CDC-AB1E4DF77ED9}.Release|x64.Build.0 = Release|Any CPU
		{4D70DC56-C31D-49EF-8CDC-AB1E4DF77ED9}.Release|x86.ActiveCfg = Release|Any CPU
		{4D70DC56-C31D-49EF-8CDC-AB1E4DF77ED9}.Release|x86.Build.0 = Release|Any CPU
		{4D70DC56-C31D-49EF-8CDC-AB1E4DF77ED9}.ReleaseTypeScriptStrict|Any CPU.ActiveCfg = Debug|Any CPU
		{4D70DC56-C31D-49EF-8CDC-AB1E4DF77ED9}.ReleaseTypeScriptStrict|Any CPU.Build.0 = Debug|Any CPU
		{4D70DC56-C31D-49EF-8CDC-AB1E4DF77ED9}.ReleaseTypeScriptStrict|x64.ActiveCfg = Debug|Any CPU
		{4D70DC56-C31D-49EF-8CDC-AB1E4DF77ED9}.ReleaseTypeScriptStrict|x64.Build.0 = Debug|Any CPU
		{4D70DC56-C31D-49EF-8CDC-AB1E4DF77ED9}.ReleaseTypeScriptStrict|x86.ActiveCfg = Debug|Any CPU
		{4D70DC56-C31D-49EF-8CDC-AB1E4DF77ED9}.ReleaseTypeScriptStrict|x86.Build.0 = Debug|Any CPU
		{EBFFF84D-A50D-4E0E-A0A5-A4483E78FC8E}.Debug|Any CPU.ActiveCfg = Debug|Any CPU
		{EBFFF84D-A50D-4E0E-A0A5-A4483E78FC8E}.Debug|Any CPU.Build.0 = Debug|Any CPU
		{EBFFF84D-A50D-4E0E-A0A5-A4483E78FC8E}.Debug|x64.ActiveCfg = Debug|Any CPU
		{EBFFF84D-A50D-4E0E-A0A5-A4483E78FC8E}.Debug|x64.Build.0 = Debug|Any CPU
		{EBFFF84D-A50D-4E0E-A0A5-A4483E78FC8E}.Debug|x86.ActiveCfg = Debug|Any CPU
		{EBFFF84D-A50D-4E0E-A0A5-A4483E78FC8E}.Debug|x86.Build.0 = Debug|Any CPU
		{EBFFF84D-A50D-4E0E-A0A5-A4483E78FC8E}.Release|Any CPU.ActiveCfg = Release|Any CPU
		{EBFFF84D-A50D-4E0E-A0A5-A4483E78FC8E}.Release|Any CPU.Build.0 = Release|Any CPU
		{EBFFF84D-A50D-4E0E-A0A5-A4483E78FC8E}.Release|x64.ActiveCfg = Release|Any CPU
		{EBFFF84D-A50D-4E0E-A0A5-A4483E78FC8E}.Release|x64.Build.0 = Release|Any CPU
		{EBFFF84D-A50D-4E0E-A0A5-A4483E78FC8E}.Release|x86.ActiveCfg = Release|Any CPU
		{EBFFF84D-A50D-4E0E-A0A5-A4483E78FC8E}.Release|x86.Build.0 = Release|Any CPU
		{EBFFF84D-A50D-4E0E-A0A5-A4483E78FC8E}.ReleaseTypeScriptStrict|Any CPU.ActiveCfg = Debug|Any CPU
		{EBFFF84D-A50D-4E0E-A0A5-A4483E78FC8E}.ReleaseTypeScriptStrict|Any CPU.Build.0 = Debug|Any CPU
		{EBFFF84D-A50D-4E0E-A0A5-A4483E78FC8E}.ReleaseTypeScriptStrict|x64.ActiveCfg = Debug|Any CPU
		{EBFFF84D-A50D-4E0E-A0A5-A4483E78FC8E}.ReleaseTypeScriptStrict|x64.Build.0 = Debug|Any CPU
		{EBFFF84D-A50D-4E0E-A0A5-A4483E78FC8E}.ReleaseTypeScriptStrict|x86.ActiveCfg = Debug|Any CPU
		{EBFFF84D-A50D-4E0E-A0A5-A4483E78FC8E}.ReleaseTypeScriptStrict|x86.Build.0 = Debug|Any CPU
	EndGlobalSection
	GlobalSection(SolutionProperties) = preSolution
		HideSolutionNode = FALSE
	EndGlobalSection
	GlobalSection(NestedProjects) = preSolution
		{75B3F91D-687E-4FB3-AD45-CCFA3C406DB4} = {441A2B84-3FF3-43BE-BAD8-609A1EBDC95C}
		{37650571-163A-4BE7-86BF-DC1B02ADACBB} = {634E4ABD-29EC-4EB2-81EF-7E41D6D6F6E0}
		{DADA2D11-14E2-40B1-B31D-B68D6F18378C} = {F0F26A35-C4B6-42D0-A1DF-98CA46A5C560}
		{CA084154-E758-4A44-938D-7806AF2DD886} = {1030C3AA-7549-473B-AA7E-5DFAC2F9D37A}
		{2E6174AA-FC75-4821-9E86-51B30568BEC0} = {1030C3AA-7549-473B-AA7E-5DFAC2F9D37A}
		{50DCC09C-7349-4BAC-8833-261A641E0669} = {F0F26A35-C4B6-42D0-A1DF-98CA46A5C560}
		{B50AC8CD-CF12-4E7E-9295-E65750C46AA6} = {D8CC0D1C-8DAC-49FE-AA78-C028DC124DD5}
		{46634C60-BA7D-43E6-9049-6AD461488C39} = {F0F26A35-C4B6-42D0-A1DF-98CA46A5C560}
		{0CBA6B21-C510-441F-A37F-6B74D504B966} = {DDBB05AC-B066-48C4-933C-034F401EBB6A}
		{69A692EB-C277-46AB-BA55-B33E7E6E129C} = {0AF934BD-80BE-483E-BCB7-D9B3F7B816E3}
		{19DD88A1-6C11-4D99-B753-9878048E8935} = {DDBB05AC-B066-48C4-933C-034F401EBB6A}
		{6DF73809-53CA-4A82-AAE6-3C2C62C2D8E8} = {F31829C6-CEE4-4242-A4D9-820C36127B0B}
		{ECD41518-A92C-4706-8E74-9707AFA554B7} = {F31829C6-CEE4-4242-A4D9-820C36127B0B}
		{A46ED5E6-95EE-448B-AA88-E43FA32482B6} = {F31829C6-CEE4-4242-A4D9-820C36127B0B}
		{E5AC8F27-F9E2-4E98-AC98-6F9361132A2E} = {0AF934BD-80BE-483E-BCB7-D9B3F7B816E3}
		{C683AABE-5FE5-47B8-BB4D-EE5C5E89D9DE} = {F31829C6-CEE4-4242-A4D9-820C36127B0B}
		{71B39C21-46A2-471B-AACE-226C575B8AC1} = {F0F26A35-C4B6-42D0-A1DF-98CA46A5C560}
		{26CBD69C-EE7C-4D81-8D62-410F4AD4876B} = {F0F26A35-C4B6-42D0-A1DF-98CA46A5C560}
		{E0EE88B9-E6AD-434A-A11E-FC6A987CC02B} = {DDBB05AC-B066-48C4-933C-034F401EBB6A}
		{5EBE3EFF-9558-45F2-9C8F-5C8CFB74D574} = {48E8B044-3374-4F39-A180-9E01F7A10785}
		{F0036DA5-5DD4-494C-91B0-37689E00511E} = {441A2B84-3FF3-43BE-BAD8-609A1EBDC95C}
		{9293CFCD-6C7B-43E0-9FBD-88753EBF64CC} = {441A2B84-3FF3-43BE-BAD8-609A1EBDC95C}
		{8A547CB0-930F-466D-92EB-E780FF14C0A6} = {48E8B044-3374-4F39-A180-9E01F7A10785}
		{C7923A8B-D0CE-4FD8-ADA0-7507D5F3F693} = {634E4ABD-29EC-4EB2-81EF-7E41D6D6F6E0}
		{869C5D59-22B5-4FF8-A1D3-94DDD11D1EED} = {634E4ABD-29EC-4EB2-81EF-7E41D6D6F6E0}
		{95B83E7B-1ADF-4185-AB36-3B17459B0128} = {634E4ABD-29EC-4EB2-81EF-7E41D6D6F6E0}
		{73E71805-C3AB-400A-8258-7BF429F04EC2} = {0AF934BD-80BE-483E-BCB7-D9B3F7B816E3}
		{6162580C-E6FF-4E11-A5AD-089D7F411E78} = {F0F26A35-C4B6-42D0-A1DF-98CA46A5C560}
		{8B57755E-2868-434D-A008-45CE2EDBD879} = {F31829C6-CEE4-4242-A4D9-820C36127B0B}
		{5A8A4C49-0BEE-4553-9016-DCD74127BBC7} = {D8CC0D1C-8DAC-49FE-AA78-C028DC124DD5}
		{F3B6E032-08DC-410D-924D-EF0E065A24DB} = {D8CC0D1C-8DAC-49FE-AA78-C028DC124DD5}
		{2C5B05B7-6954-4E96-ABB9-859ADE656AE2} = {D8CC0D1C-8DAC-49FE-AA78-C028DC124DD5}
		{DA432F28-7EF8-42D6-988C-65CFA097F0D2} = {D8CC0D1C-8DAC-49FE-AA78-C028DC124DD5}
		{37AE85DE-B127-4861-B925-1A67A35F314A} = {D8CC0D1C-8DAC-49FE-AA78-C028DC124DD5}
		{ECB6195B-DDF5-4161-AC28-50634BA053F2} = {D8CC0D1C-8DAC-49FE-AA78-C028DC124DD5}
		{78F6BDD4-8F25-4CE4-B926-60F19BA657E9} = {F0F26A35-C4B6-42D0-A1DF-98CA46A5C560}
		{9E74D2F4-F3E8-4E9F-AC8E-54A3D86A5FCC} = {1030C3AA-7549-473B-AA7E-5DFAC2F9D37A}
		{51740C29-AF4F-40AD-BFDE-09E6F8C873D2} = {48E8B044-3374-4F39-A180-9E01F7A10785}
		{5A11ECF6-6783-4797-9CBD-F1F2A63493DF} = {634E4ABD-29EC-4EB2-81EF-7E41D6D6F6E0}
		{B715070B-E76E-4959-894A-623EB7639E5F} = {F0F26A35-C4B6-42D0-A1DF-98CA46A5C560}
		{E90E9C77-7983-40D0-AAB3-91D16DC639CE} = {F0F26A35-C4B6-42D0-A1DF-98CA46A5C560}
		{810AF444-D713-4CEE-BC9F-13D7875AE69B} = {634E4ABD-29EC-4EB2-81EF-7E41D6D6F6E0}
		{B60E7723-91F4-412B-9EB3-4050B71B0DAA} = {D8CC0D1C-8DAC-49FE-AA78-C028DC124DD5}
		{F109D48B-A2FF-497D-8374-FEA60C5F2365} = {D8CC0D1C-8DAC-49FE-AA78-C028DC124DD5}
		{FDD41017-91E2-4BD8-B827-F851BDEC6B6E} = {634E4ABD-29EC-4EB2-81EF-7E41D6D6F6E0}
		{1853262B-6D39-477B-872A-8B5473FE74BB} = {634E4ABD-29EC-4EB2-81EF-7E41D6D6F6E0}
		{E6E40935-0C79-480B-BF29-8C493AC7E518} = {DDBB05AC-B066-48C4-933C-034F401EBB6A}
		{B6467D5A-7B13-4B06-89BE-2BC7B6615956} = {634E4ABD-29EC-4EB2-81EF-7E41D6D6F6E0}
		{F237A592-2D74-4C38-B222-2C91029B87F8} = {634E4ABD-29EC-4EB2-81EF-7E41D6D6F6E0}
		{4BCF42CE-A289-4B6D-92DB-ED95F8ED4B19} = {D8CC0D1C-8DAC-49FE-AA78-C028DC124DD5}
		{37563171-4C09-4BCD-B2FB-08F786198909} = {D8CC0D1C-8DAC-49FE-AA78-C028DC124DD5}
		{60438B13-8111-44C3-B5E5-34C3F30FF234} = {D8CC0D1C-8DAC-49FE-AA78-C028DC124DD5}
		{AC3D8125-AE21-49FC-A217-D96C7B585FF9} = {6F5E4FDF-0A82-42D5-94AC-A9CD43CC931D}
		{DE82965A-6935-43E0-A9A1-F3F35B4487EB} = {D8CC0D1C-8DAC-49FE-AA78-C028DC124DD5}
		{24693FBC-445E-4360-A1E8-B6F136C563FB} = {D8CC0D1C-8DAC-49FE-AA78-C028DC124DD5}
		{4D70DC56-C31D-49EF-8CDC-AB1E4DF77ED9} = {D8CC0D1C-8DAC-49FE-AA78-C028DC124DD5}
		{EBFFF84D-A50D-4E0E-A0A5-A4483E78FC8E} = {D8CC0D1C-8DAC-49FE-AA78-C028DC124DD5}
		{F6478768-C7C9-4879-A327-233785330F86} = {6F5E4FDF-0A82-42D5-94AC-A9CD43CC931D}
	EndGlobalSection
	GlobalSection(ExtensibilityGlobals) = postSolution
		SolutionGuid = {98FCEEE2-A45C-41E7-B2ED-1B14755E9067}
	EndGlobalSection
EndGlobal
