Microsoft Visual Studio Solution File, Format Version 12.00
# Visual Studio 15
VisualStudioVersion = 15.0.27130.2020
MinimumVisualStudioVersion = 10.0.40219.1
Project("{9A19103F-16F7-4668-BE54-9A1E7A4F7556}") = "NSwag.CodeGeneration", "NSwag.CodeGeneration\NSwag.CodeGeneration.csproj", "{75B3F91D-687E-4FB3-AD45-CCFA3C406DB4}"
EndProject
Project("{9A19103F-16F7-4668-BE54-9A1E7A4F7556}") = "NSwag.Annotations", "NSwag.Annotations\NSwag.Annotations.csproj", "{CA084154-E758-4A44-938D-7806AF2DD886}"
EndProject
Project("{9A19103F-16F7-4668-BE54-9A1E7A4F7556}") = "NSwag.Core", "NSwag.Core\NSwag.Core.csproj", "{2E6174AA-FC75-4821-9E86-51B30568BEC0}"
EndProject
Project("{9A19103F-16F7-4668-BE54-9A1E7A4F7556}") = "NSwag.AspNet.Owin", "NSwag.AspNet.Owin\NSwag.AspNet.Owin.csproj", "{69A692EB-C277-46AB-BA55-B33E7E6E129C}"
EndProject
Project("{9A19103F-16F7-4668-BE54-9A1E7A4F7556}") = "NSwag.AspNet.WebApi", "NSwag.AspNet.WebApi\NSwag.AspNet.WebApi.csproj", "{E5AC8F27-F9E2-4E98-AC98-6F9361132A2E}"
EndProject
Project("{9A19103F-16F7-4668-BE54-9A1E7A4F7556}") = "NSwag.SwaggerGeneration", "NSwag.SwaggerGeneration\NSwag.SwaggerGeneration.csproj", "{5EBE3EFF-9558-45F2-9C8F-5C8CFB74D574}"
EndProject
Project("{9A19103F-16F7-4668-BE54-9A1E7A4F7556}") = "NSwag.CodeGeneration.CSharp", "NSwag.CodeGeneration.CSharp\NSwag.CodeGeneration.CSharp.csproj", "{F0036DA5-5DD4-494C-91B0-37689E00511E}"
EndProject
Project("{9A19103F-16F7-4668-BE54-9A1E7A4F7556}") = "NSwag.CodeGeneration.TypeScript", "NSwag.CodeGeneration.TypeScript\NSwag.CodeGeneration.TypeScript.csproj", "{9293CFCD-6C7B-43E0-9FBD-88753EBF64CC}"
EndProject
Project("{2150E333-8FDC-42A3-9474-1A3956D46DE8}") = "03 CodeGeneration", "03 CodeGeneration", "{441A2B84-3FF3-43BE-BAD8-609A1EBDC95C}"
EndProject
Project("{2150E333-8FDC-42A3-9474-1A3956D46DE8}") = "01 Core", "01 Core", "{1030C3AA-7549-473B-AA7E-5DFAC2F9D37A}"
EndProject
Project("{2150E333-8FDC-42A3-9474-1A3956D46DE8}") = "02 SwaggerGeneration", "02 SwaggerGeneration", "{48E8B044-3374-4F39-A180-9E01F7A10785}"
EndProject
Project("{9A19103F-16F7-4668-BE54-9A1E7A4F7556}") = "NSwag.SwaggerGeneration.WebApi", "NSwag.SwaggerGeneration.WebApi\NSwag.SwaggerGeneration.WebApi.csproj", "{8A547CB0-930F-466D-92EB-E780FF14C0A6}"
EndProject
Project("{9A19103F-16F7-4668-BE54-9A1E7A4F7556}") = "NSwag.AspNetCore", "NSwag.AspNetCore\NSwag.AspNetCore.csproj", "{73E71805-C3AB-400A-8258-7BF429F04EC2}"
EndProject
Project("{2150E333-8FDC-42A3-9474-1A3956D46DE8}") = "04 ASP.NET", "04 ASP.NET", "{0AF934BD-80BE-483E-BCB7-D9B3F7B816E3}"
EndProject
Project("{2150E333-8FDC-42A3-9474-1A3956D46DE8}") = "05 Tests", "05 Tests", "{D8CC0D1C-8DAC-49FE-AA78-C028DC124DD5}"
EndProject
Project("{9A19103F-16F7-4668-BE54-9A1E7A4F7556}") = "NSwag.Core.Yaml", "NSwag.Core.Yaml\NSwag.Core.Yaml.csproj", "{9E74D2F4-F3E8-4E9F-AC8E-54A3D86A5FCC}"
EndProject
Project("{9A19103F-16F7-4668-BE54-9A1E7A4F7556}") = "NSwag.SwaggerGeneration.AspNetCore", "NSwag.SwaggerGeneration.AspNetCore\NSwag.SwaggerGeneration.AspNetCore.csproj", "{51740C29-AF4F-40AD-BFDE-09E6F8C873D2}"
EndProject
Project("{9A19103F-16F7-4668-BE54-9A1E7A4F7556}") = "NSwag.Core.Tests", "NSwag.Core.Tests\NSwag.Core.Tests.csproj", "{6AB4FD70-2CCF-4876-A193-B5FD6B32C39A}"
EndProject
Project("{2150E333-8FDC-42A3-9474-1A3956D46DE8}") = "09 Samples", "09 Samples", "{A0338E8D-A4A3-4380-9FF7-1D0BDC260E31}"
EndProject
Project("{9A19103F-16F7-4668-BE54-9A1E7A4F7556}") = "NSwag.Sample.NETCore11", "NSwag.Sample.NETCore11\NSwag.Sample.NETCore11.csproj", "{7E28AE28-B413-4A63-8D76-649CD4116569}"
EndProject
Project("{FAE04EC0-301F-11D3-BF4B-00C04F79EFBC}") = "NSwag.Sample.NetGlobalAsax", "NSwag.Sample.NetGlobalAsax\NSwag.Sample.NetGlobalAsax.csproj", "{DA432F28-7EF8-42D6-988C-65CFA097F0D2}"
EndProject
Project("{9A19103F-16F7-4668-BE54-9A1E7A4F7556}") = "NSwag.Sample.NETCore20", "NSwag.Sample.NETCore20\NSwag.Sample.NETCore20.csproj", "{E67B2298-2FD8-4DBC-B917-6D8D97EE6017}"
EndProject
Global
	GlobalSection(SolutionConfigurationPlatforms) = preSolution
		Debug|Any CPU = Debug|Any CPU
		Debug|x64 = Debug|x64
		Debug|x86 = Debug|x86
		Release|Any CPU = Release|Any CPU
		Release|x64 = Release|x64
		Release|x86 = Release|x86
		ReleaseTypeScriptStrict|Any CPU = ReleaseTypeScriptStrict|Any CPU
		ReleaseTypeScriptStrict|x64 = ReleaseTypeScriptStrict|x64
		ReleaseTypeScriptStrict|x86 = ReleaseTypeScriptStrict|x86
	EndGlobalSection
	GlobalSection(ProjectConfigurationPlatforms) = postSolution
		{75B3F91D-687E-4FB3-AD45-CCFA3C406DB4}.Debug|Any CPU.ActiveCfg = Debug|Any CPU
		{75B3F91D-687E-4FB3-AD45-CCFA3C406DB4}.Debug|Any CPU.Build.0 = Debug|Any CPU
		{75B3F91D-687E-4FB3-AD45-CCFA3C406DB4}.Debug|x64.ActiveCfg = Debug|Any CPU
		{75B3F91D-687E-4FB3-AD45-CCFA3C406DB4}.Debug|x64.Build.0 = Debug|Any CPU
		{75B3F91D-687E-4FB3-AD45-CCFA3C406DB4}.Debug|x86.ActiveCfg = Debug|Any CPU
		{75B3F91D-687E-4FB3-AD45-CCFA3C406DB4}.Debug|x86.Build.0 = Debug|Any CPU
		{75B3F91D-687E-4FB3-AD45-CCFA3C406DB4}.Release|Any CPU.ActiveCfg = Release|Any CPU
		{75B3F91D-687E-4FB3-AD45-CCFA3C406DB4}.Release|Any CPU.Build.0 = Release|Any CPU
		{75B3F91D-687E-4FB3-AD45-CCFA3C406DB4}.Release|x64.ActiveCfg = Release|Any CPU
		{75B3F91D-687E-4FB3-AD45-CCFA3C406DB4}.Release|x64.Build.0 = Release|Any CPU
		{75B3F91D-687E-4FB3-AD45-CCFA3C406DB4}.Release|x86.ActiveCfg = Release|Any CPU
		{75B3F91D-687E-4FB3-AD45-CCFA3C406DB4}.ReleaseTypeScriptStrict|Any CPU.ActiveCfg = Release|Any CPU
		{75B3F91D-687E-4FB3-AD45-CCFA3C406DB4}.ReleaseTypeScriptStrict|Any CPU.Build.0 = Release|Any CPU
		{75B3F91D-687E-4FB3-AD45-CCFA3C406DB4}.ReleaseTypeScriptStrict|x64.ActiveCfg = Release|Any CPU
		{75B3F91D-687E-4FB3-AD45-CCFA3C406DB4}.ReleaseTypeScriptStrict|x64.Build.0 = Release|Any CPU
		{75B3F91D-687E-4FB3-AD45-CCFA3C406DB4}.ReleaseTypeScriptStrict|x86.ActiveCfg = Release|Any CPU
		{CA084154-E758-4A44-938D-7806AF2DD886}.Debug|Any CPU.ActiveCfg = Debug|Any CPU
		{CA084154-E758-4A44-938D-7806AF2DD886}.Debug|Any CPU.Build.0 = Debug|Any CPU
		{CA084154-E758-4A44-938D-7806AF2DD886}.Debug|x64.ActiveCfg = Debug|Any CPU
		{CA084154-E758-4A44-938D-7806AF2DD886}.Debug|x64.Build.0 = Debug|Any CPU
		{CA084154-E758-4A44-938D-7806AF2DD886}.Debug|x86.ActiveCfg = Debug|Any CPU
		{CA084154-E758-4A44-938D-7806AF2DD886}.Debug|x86.Build.0 = Debug|Any CPU
		{CA084154-E758-4A44-938D-7806AF2DD886}.Release|Any CPU.ActiveCfg = Release|Any CPU
		{CA084154-E758-4A44-938D-7806AF2DD886}.Release|Any CPU.Build.0 = Release|Any CPU
		{CA084154-E758-4A44-938D-7806AF2DD886}.Release|x64.ActiveCfg = Release|Any CPU
		{CA084154-E758-4A44-938D-7806AF2DD886}.Release|x64.Build.0 = Release|Any CPU
		{CA084154-E758-4A44-938D-7806AF2DD886}.Release|x86.ActiveCfg = Release|Any CPU
		{CA084154-E758-4A44-938D-7806AF2DD886}.Release|x86.Build.0 = Release|Any CPU
		{CA084154-E758-4A44-938D-7806AF2DD886}.ReleaseTypeScriptStrict|Any CPU.ActiveCfg = Release|Any CPU
		{CA084154-E758-4A44-938D-7806AF2DD886}.ReleaseTypeScriptStrict|Any CPU.Build.0 = Release|Any CPU
		{CA084154-E758-4A44-938D-7806AF2DD886}.ReleaseTypeScriptStrict|x64.ActiveCfg = Release|Any CPU
		{CA084154-E758-4A44-938D-7806AF2DD886}.ReleaseTypeScriptStrict|x64.Build.0 = Release|Any CPU
		{CA084154-E758-4A44-938D-7806AF2DD886}.ReleaseTypeScriptStrict|x86.ActiveCfg = Release|Any CPU
		{CA084154-E758-4A44-938D-7806AF2DD886}.ReleaseTypeScriptStrict|x86.Build.0 = Release|Any CPU
		{2E6174AA-FC75-4821-9E86-51B30568BEC0}.Debug|Any CPU.ActiveCfg = Debug|Any CPU
		{2E6174AA-FC75-4821-9E86-51B30568BEC0}.Debug|Any CPU.Build.0 = Debug|Any CPU
		{2E6174AA-FC75-4821-9E86-51B30568BEC0}.Debug|x64.ActiveCfg = Debug|Any CPU
		{2E6174AA-FC75-4821-9E86-51B30568BEC0}.Debug|x64.Build.0 = Debug|Any CPU
		{2E6174AA-FC75-4821-9E86-51B30568BEC0}.Debug|x86.ActiveCfg = Debug|Any CPU
		{2E6174AA-FC75-4821-9E86-51B30568BEC0}.Debug|x86.Build.0 = Debug|Any CPU
		{2E6174AA-FC75-4821-9E86-51B30568BEC0}.Release|Any CPU.ActiveCfg = Release|Any CPU
		{2E6174AA-FC75-4821-9E86-51B30568BEC0}.Release|Any CPU.Build.0 = Release|Any CPU
		{2E6174AA-FC75-4821-9E86-51B30568BEC0}.Release|x64.ActiveCfg = Release|Any CPU
		{2E6174AA-FC75-4821-9E86-51B30568BEC0}.Release|x64.Build.0 = Release|Any CPU
		{2E6174AA-FC75-4821-9E86-51B30568BEC0}.Release|x86.ActiveCfg = Release|Any CPU
		{2E6174AA-FC75-4821-9E86-51B30568BEC0}.Release|x86.Build.0 = Release|Any CPU
		{2E6174AA-FC75-4821-9E86-51B30568BEC0}.ReleaseTypeScriptStrict|Any CPU.ActiveCfg = Release|Any CPU
		{2E6174AA-FC75-4821-9E86-51B30568BEC0}.ReleaseTypeScriptStrict|Any CPU.Build.0 = Release|Any CPU
		{2E6174AA-FC75-4821-9E86-51B30568BEC0}.ReleaseTypeScriptStrict|x64.ActiveCfg = Release|Any CPU
		{2E6174AA-FC75-4821-9E86-51B30568BEC0}.ReleaseTypeScriptStrict|x64.Build.0 = Release|Any CPU
		{2E6174AA-FC75-4821-9E86-51B30568BEC0}.ReleaseTypeScriptStrict|x86.ActiveCfg = Release|Any CPU
		{2E6174AA-FC75-4821-9E86-51B30568BEC0}.ReleaseTypeScriptStrict|x86.Build.0 = Release|Any CPU
		{69A692EB-C277-46AB-BA55-B33E7E6E129C}.Debug|Any CPU.ActiveCfg = Debug|Any CPU
		{69A692EB-C277-46AB-BA55-B33E7E6E129C}.Debug|Any CPU.Build.0 = Debug|Any CPU
		{69A692EB-C277-46AB-BA55-B33E7E6E129C}.Debug|x64.ActiveCfg = Debug|Any CPU
		{69A692EB-C277-46AB-BA55-B33E7E6E129C}.Debug|x64.Build.0 = Debug|Any CPU
		{69A692EB-C277-46AB-BA55-B33E7E6E129C}.Debug|x86.ActiveCfg = Debug|Any CPU
		{69A692EB-C277-46AB-BA55-B33E7E6E129C}.Debug|x86.Build.0 = Debug|Any CPU
		{69A692EB-C277-46AB-BA55-B33E7E6E129C}.Release|Any CPU.ActiveCfg = Release|Any CPU
		{69A692EB-C277-46AB-BA55-B33E7E6E129C}.Release|Any CPU.Build.0 = Release|Any CPU
		{69A692EB-C277-46AB-BA55-B33E7E6E129C}.Release|x64.ActiveCfg = Release|Any CPU
		{69A692EB-C277-46AB-BA55-B33E7E6E129C}.Release|x64.Build.0 = Release|Any CPU
		{69A692EB-C277-46AB-BA55-B33E7E6E129C}.Release|x86.ActiveCfg = Release|Any CPU
		{69A692EB-C277-46AB-BA55-B33E7E6E129C}.Release|x86.Build.0 = Release|Any CPU
		{69A692EB-C277-46AB-BA55-B33E7E6E129C}.ReleaseTypeScriptStrict|Any CPU.ActiveCfg = Release|Any CPU
		{69A692EB-C277-46AB-BA55-B33E7E6E129C}.ReleaseTypeScriptStrict|Any CPU.Build.0 = Release|Any CPU
		{69A692EB-C277-46AB-BA55-B33E7E6E129C}.ReleaseTypeScriptStrict|x64.ActiveCfg = Release|Any CPU
		{69A692EB-C277-46AB-BA55-B33E7E6E129C}.ReleaseTypeScriptStrict|x64.Build.0 = Release|Any CPU
		{69A692EB-C277-46AB-BA55-B33E7E6E129C}.ReleaseTypeScriptStrict|x86.ActiveCfg = Release|Any CPU
		{69A692EB-C277-46AB-BA55-B33E7E6E129C}.ReleaseTypeScriptStrict|x86.Build.0 = Release|Any CPU
		{E5AC8F27-F9E2-4E98-AC98-6F9361132A2E}.Debug|Any CPU.ActiveCfg = Debug|Any CPU
		{E5AC8F27-F9E2-4E98-AC98-6F9361132A2E}.Debug|Any CPU.Build.0 = Debug|Any CPU
		{E5AC8F27-F9E2-4E98-AC98-6F9361132A2E}.Debug|x64.ActiveCfg = Debug|Any CPU
		{E5AC8F27-F9E2-4E98-AC98-6F9361132A2E}.Debug|x64.Build.0 = Debug|Any CPU
		{E5AC8F27-F9E2-4E98-AC98-6F9361132A2E}.Debug|x86.ActiveCfg = Debug|Any CPU
		{E5AC8F27-F9E2-4E98-AC98-6F9361132A2E}.Debug|x86.Build.0 = Debug|Any CPU
		{E5AC8F27-F9E2-4E98-AC98-6F9361132A2E}.Release|Any CPU.ActiveCfg = Release|Any CPU
		{E5AC8F27-F9E2-4E98-AC98-6F9361132A2E}.Release|Any CPU.Build.0 = Release|Any CPU
		{E5AC8F27-F9E2-4E98-AC98-6F9361132A2E}.Release|x64.ActiveCfg = Release|Any CPU
		{E5AC8F27-F9E2-4E98-AC98-6F9361132A2E}.Release|x64.Build.0 = Release|Any CPU
		{E5AC8F27-F9E2-4E98-AC98-6F9361132A2E}.Release|x86.ActiveCfg = Release|Any CPU
		{E5AC8F27-F9E2-4E98-AC98-6F9361132A2E}.Release|x86.Build.0 = Release|Any CPU
		{E5AC8F27-F9E2-4E98-AC98-6F9361132A2E}.ReleaseTypeScriptStrict|Any CPU.ActiveCfg = Release|Any CPU
		{E5AC8F27-F9E2-4E98-AC98-6F9361132A2E}.ReleaseTypeScriptStrict|Any CPU.Build.0 = Release|Any CPU
		{E5AC8F27-F9E2-4E98-AC98-6F9361132A2E}.ReleaseTypeScriptStrict|x64.ActiveCfg = Release|Any CPU
		{E5AC8F27-F9E2-4E98-AC98-6F9361132A2E}.ReleaseTypeScriptStrict|x64.Build.0 = Release|Any CPU
		{E5AC8F27-F9E2-4E98-AC98-6F9361132A2E}.ReleaseTypeScriptStrict|x86.ActiveCfg = Release|Any CPU
		{E5AC8F27-F9E2-4E98-AC98-6F9361132A2E}.ReleaseTypeScriptStrict|x86.Build.0 = Release|Any CPU
		{5EBE3EFF-9558-45F2-9C8F-5C8CFB74D574}.Debug|Any CPU.ActiveCfg = Debug|Any CPU
		{5EBE3EFF-9558-45F2-9C8F-5C8CFB74D574}.Debug|Any CPU.Build.0 = Debug|Any CPU
		{5EBE3EFF-9558-45F2-9C8F-5C8CFB74D574}.Debug|x64.ActiveCfg = Debug|Any CPU
		{5EBE3EFF-9558-45F2-9C8F-5C8CFB74D574}.Debug|x64.Build.0 = Debug|Any CPU
		{5EBE3EFF-9558-45F2-9C8F-5C8CFB74D574}.Debug|x86.ActiveCfg = Debug|Any CPU
		{5EBE3EFF-9558-45F2-9C8F-5C8CFB74D574}.Debug|x86.Build.0 = Debug|Any CPU
		{5EBE3EFF-9558-45F2-9C8F-5C8CFB74D574}.Release|Any CPU.ActiveCfg = Release|Any CPU
		{5EBE3EFF-9558-45F2-9C8F-5C8CFB74D574}.Release|Any CPU.Build.0 = Release|Any CPU
		{5EBE3EFF-9558-45F2-9C8F-5C8CFB74D574}.Release|x64.ActiveCfg = Release|Any CPU
		{5EBE3EFF-9558-45F2-9C8F-5C8CFB74D574}.Release|x64.Build.0 = Release|Any CPU
		{5EBE3EFF-9558-45F2-9C8F-5C8CFB74D574}.Release|x86.ActiveCfg = Release|Any CPU
		{5EBE3EFF-9558-45F2-9C8F-5C8CFB74D574}.Release|x86.Build.0 = Release|Any CPU
		{5EBE3EFF-9558-45F2-9C8F-5C8CFB74D574}.ReleaseTypeScriptStrict|Any CPU.ActiveCfg = Release|Any CPU
		{5EBE3EFF-9558-45F2-9C8F-5C8CFB74D574}.ReleaseTypeScriptStrict|Any CPU.Build.0 = Release|Any CPU
		{5EBE3EFF-9558-45F2-9C8F-5C8CFB74D574}.ReleaseTypeScriptStrict|x64.ActiveCfg = Release|Any CPU
		{5EBE3EFF-9558-45F2-9C8F-5C8CFB74D574}.ReleaseTypeScriptStrict|x64.Build.0 = Release|Any CPU
		{5EBE3EFF-9558-45F2-9C8F-5C8CFB74D574}.ReleaseTypeScriptStrict|x86.ActiveCfg = Release|Any CPU
		{5EBE3EFF-9558-45F2-9C8F-5C8CFB74D574}.ReleaseTypeScriptStrict|x86.Build.0 = Release|Any CPU
		{F0036DA5-5DD4-494C-91B0-37689E00511E}.Debug|Any CPU.ActiveCfg = Debug|Any CPU
		{F0036DA5-5DD4-494C-91B0-37689E00511E}.Debug|Any CPU.Build.0 = Debug|Any CPU
		{F0036DA5-5DD4-494C-91B0-37689E00511E}.Debug|x64.ActiveCfg = Debug|Any CPU
		{F0036DA5-5DD4-494C-91B0-37689E00511E}.Debug|x64.Build.0 = Debug|Any CPU
		{F0036DA5-5DD4-494C-91B0-37689E00511E}.Debug|x86.ActiveCfg = Debug|Any CPU
		{F0036DA5-5DD4-494C-91B0-37689E00511E}.Debug|x86.Build.0 = Debug|Any CPU
		{F0036DA5-5DD4-494C-91B0-37689E00511E}.Release|Any CPU.ActiveCfg = Release|Any CPU
		{F0036DA5-5DD4-494C-91B0-37689E00511E}.Release|Any CPU.Build.0 = Release|Any CPU
		{F0036DA5-5DD4-494C-91B0-37689E00511E}.Release|x64.ActiveCfg = Release|Any CPU
		{F0036DA5-5DD4-494C-91B0-37689E00511E}.Release|x64.Build.0 = Release|Any CPU
		{F0036DA5-5DD4-494C-91B0-37689E00511E}.Release|x86.ActiveCfg = Release|Any CPU
		{F0036DA5-5DD4-494C-91B0-37689E00511E}.Release|x86.Build.0 = Release|Any CPU
		{F0036DA5-5DD4-494C-91B0-37689E00511E}.ReleaseTypeScriptStrict|Any CPU.ActiveCfg = Release|Any CPU
		{F0036DA5-5DD4-494C-91B0-37689E00511E}.ReleaseTypeScriptStrict|Any CPU.Build.0 = Release|Any CPU
		{F0036DA5-5DD4-494C-91B0-37689E00511E}.ReleaseTypeScriptStrict|x64.ActiveCfg = Release|Any CPU
		{F0036DA5-5DD4-494C-91B0-37689E00511E}.ReleaseTypeScriptStrict|x64.Build.0 = Release|Any CPU
		{F0036DA5-5DD4-494C-91B0-37689E00511E}.ReleaseTypeScriptStrict|x86.ActiveCfg = Release|Any CPU
		{F0036DA5-5DD4-494C-91B0-37689E00511E}.ReleaseTypeScriptStrict|x86.Build.0 = Release|Any CPU
		{9293CFCD-6C7B-43E0-9FBD-88753EBF64CC}.Debug|Any CPU.ActiveCfg = Debug|Any CPU
		{9293CFCD-6C7B-43E0-9FBD-88753EBF64CC}.Debug|Any CPU.Build.0 = Debug|Any CPU
		{9293CFCD-6C7B-43E0-9FBD-88753EBF64CC}.Debug|x64.ActiveCfg = Debug|Any CPU
		{9293CFCD-6C7B-43E0-9FBD-88753EBF64CC}.Debug|x64.Build.0 = Debug|Any CPU
		{9293CFCD-6C7B-43E0-9FBD-88753EBF64CC}.Debug|x86.ActiveCfg = Debug|Any CPU
		{9293CFCD-6C7B-43E0-9FBD-88753EBF64CC}.Debug|x86.Build.0 = Debug|Any CPU
		{9293CFCD-6C7B-43E0-9FBD-88753EBF64CC}.Release|Any CPU.ActiveCfg = Release|Any CPU
		{9293CFCD-6C7B-43E0-9FBD-88753EBF64CC}.Release|Any CPU.Build.0 = Release|Any CPU
		{9293CFCD-6C7B-43E0-9FBD-88753EBF64CC}.Release|x64.ActiveCfg = Release|Any CPU
		{9293CFCD-6C7B-43E0-9FBD-88753EBF64CC}.Release|x64.Build.0 = Release|Any CPU
		{9293CFCD-6C7B-43E0-9FBD-88753EBF64CC}.Release|x86.ActiveCfg = Release|Any CPU
		{9293CFCD-6C7B-43E0-9FBD-88753EBF64CC}.Release|x86.Build.0 = Release|Any CPU
		{9293CFCD-6C7B-43E0-9FBD-88753EBF64CC}.ReleaseTypeScriptStrict|Any CPU.ActiveCfg = Release|Any CPU
		{9293CFCD-6C7B-43E0-9FBD-88753EBF64CC}.ReleaseTypeScriptStrict|Any CPU.Build.0 = Release|Any CPU
		{9293CFCD-6C7B-43E0-9FBD-88753EBF64CC}.ReleaseTypeScriptStrict|x64.ActiveCfg = Release|Any CPU
		{9293CFCD-6C7B-43E0-9FBD-88753EBF64CC}.ReleaseTypeScriptStrict|x64.Build.0 = Release|Any CPU
		{9293CFCD-6C7B-43E0-9FBD-88753EBF64CC}.ReleaseTypeScriptStrict|x86.ActiveCfg = Release|Any CPU
		{9293CFCD-6C7B-43E0-9FBD-88753EBF64CC}.ReleaseTypeScriptStrict|x86.Build.0 = Release|Any CPU
		{8A547CB0-930F-466D-92EB-E780FF14C0A6}.Debug|Any CPU.ActiveCfg = Debug|Any CPU
		{8A547CB0-930F-466D-92EB-E780FF14C0A6}.Debug|Any CPU.Build.0 = Debug|Any CPU
		{8A547CB0-930F-466D-92EB-E780FF14C0A6}.Debug|x64.ActiveCfg = Debug|Any CPU
		{8A547CB0-930F-466D-92EB-E780FF14C0A6}.Debug|x64.Build.0 = Debug|Any CPU
		{8A547CB0-930F-466D-92EB-E780FF14C0A6}.Debug|x86.ActiveCfg = Debug|Any CPU
		{8A547CB0-930F-466D-92EB-E780FF14C0A6}.Debug|x86.Build.0 = Debug|Any CPU
		{8A547CB0-930F-466D-92EB-E780FF14C0A6}.Release|Any CPU.ActiveCfg = Release|Any CPU
		{8A547CB0-930F-466D-92EB-E780FF14C0A6}.Release|Any CPU.Build.0 = Release|Any CPU
		{8A547CB0-930F-466D-92EB-E780FF14C0A6}.Release|x64.ActiveCfg = Release|Any CPU
		{8A547CB0-930F-466D-92EB-E780FF14C0A6}.Release|x64.Build.0 = Release|Any CPU
		{8A547CB0-930F-466D-92EB-E780FF14C0A6}.Release|x86.ActiveCfg = Release|Any CPU
		{8A547CB0-930F-466D-92EB-E780FF14C0A6}.Release|x86.Build.0 = Release|Any CPU
		{8A547CB0-930F-466D-92EB-E780FF14C0A6}.ReleaseTypeScriptStrict|Any CPU.ActiveCfg = Release|Any CPU
		{8A547CB0-930F-466D-92EB-E780FF14C0A6}.ReleaseTypeScriptStrict|Any CPU.Build.0 = Release|Any CPU
		{8A547CB0-930F-466D-92EB-E780FF14C0A6}.ReleaseTypeScriptStrict|x64.ActiveCfg = Release|Any CPU
		{8A547CB0-930F-466D-92EB-E780FF14C0A6}.ReleaseTypeScriptStrict|x64.Build.0 = Release|Any CPU
		{8A547CB0-930F-466D-92EB-E780FF14C0A6}.ReleaseTypeScriptStrict|x86.ActiveCfg = Release|Any CPU
		{8A547CB0-930F-466D-92EB-E780FF14C0A6}.ReleaseTypeScriptStrict|x86.Build.0 = Release|Any CPU
		{73E71805-C3AB-400A-8258-7BF429F04EC2}.Debug|Any CPU.ActiveCfg = Debug|Any CPU
		{73E71805-C3AB-400A-8258-7BF429F04EC2}.Debug|Any CPU.Build.0 = Debug|Any CPU
		{73E71805-C3AB-400A-8258-7BF429F04EC2}.Debug|x64.ActiveCfg = Debug|Any CPU
		{73E71805-C3AB-400A-8258-7BF429F04EC2}.Debug|x64.Build.0 = Debug|Any CPU
		{73E71805-C3AB-400A-8258-7BF429F04EC2}.Debug|x86.ActiveCfg = Debug|Any CPU
		{73E71805-C3AB-400A-8258-7BF429F04EC2}.Debug|x86.Build.0 = Debug|Any CPU
		{73E71805-C3AB-400A-8258-7BF429F04EC2}.Release|Any CPU.ActiveCfg = Release|Any CPU
		{73E71805-C3AB-400A-8258-7BF429F04EC2}.Release|Any CPU.Build.0 = Release|Any CPU
		{73E71805-C3AB-400A-8258-7BF429F04EC2}.Release|x64.ActiveCfg = Release|Any CPU
		{73E71805-C3AB-400A-8258-7BF429F04EC2}.Release|x64.Build.0 = Release|Any CPU
		{73E71805-C3AB-400A-8258-7BF429F04EC2}.Release|x86.ActiveCfg = Release|Any CPU
		{73E71805-C3AB-400A-8258-7BF429F04EC2}.Release|x86.Build.0 = Release|Any CPU
		{73E71805-C3AB-400A-8258-7BF429F04EC2}.ReleaseTypeScriptStrict|Any CPU.ActiveCfg = Release|Any CPU
		{73E71805-C3AB-400A-8258-7BF429F04EC2}.ReleaseTypeScriptStrict|Any CPU.Build.0 = Release|Any CPU
		{73E71805-C3AB-400A-8258-7BF429F04EC2}.ReleaseTypeScriptStrict|x64.ActiveCfg = Release|Any CPU
		{73E71805-C3AB-400A-8258-7BF429F04EC2}.ReleaseTypeScriptStrict|x64.Build.0 = Release|Any CPU
		{73E71805-C3AB-400A-8258-7BF429F04EC2}.ReleaseTypeScriptStrict|x86.ActiveCfg = Release|Any CPU
		{73E71805-C3AB-400A-8258-7BF429F04EC2}.ReleaseTypeScriptStrict|x86.Build.0 = Release|Any CPU
		{9E74D2F4-F3E8-4E9F-AC8E-54A3D86A5FCC}.Debug|Any CPU.ActiveCfg = Debug|Any CPU
		{9E74D2F4-F3E8-4E9F-AC8E-54A3D86A5FCC}.Debug|Any CPU.Build.0 = Debug|Any CPU
		{9E74D2F4-F3E8-4E9F-AC8E-54A3D86A5FCC}.Debug|x64.ActiveCfg = Debug|Any CPU
		{9E74D2F4-F3E8-4E9F-AC8E-54A3D86A5FCC}.Debug|x64.Build.0 = Debug|Any CPU
		{9E74D2F4-F3E8-4E9F-AC8E-54A3D86A5FCC}.Debug|x86.ActiveCfg = Debug|Any CPU
		{9E74D2F4-F3E8-4E9F-AC8E-54A3D86A5FCC}.Debug|x86.Build.0 = Debug|Any CPU
		{9E74D2F4-F3E8-4E9F-AC8E-54A3D86A5FCC}.Release|Any CPU.ActiveCfg = Release|Any CPU
		{9E74D2F4-F3E8-4E9F-AC8E-54A3D86A5FCC}.Release|Any CPU.Build.0 = Release|Any CPU
		{9E74D2F4-F3E8-4E9F-AC8E-54A3D86A5FCC}.Release|x64.ActiveCfg = Release|Any CPU
		{9E74D2F4-F3E8-4E9F-AC8E-54A3D86A5FCC}.Release|x64.Build.0 = Release|Any CPU
		{9E74D2F4-F3E8-4E9F-AC8E-54A3D86A5FCC}.Release|x86.ActiveCfg = Release|Any CPU
		{9E74D2F4-F3E8-4E9F-AC8E-54A3D86A5FCC}.Release|x86.Build.0 = Release|Any CPU
		{9E74D2F4-F3E8-4E9F-AC8E-54A3D86A5FCC}.ReleaseTypeScriptStrict|Any CPU.ActiveCfg = Release|Any CPU
		{9E74D2F4-F3E8-4E9F-AC8E-54A3D86A5FCC}.ReleaseTypeScriptStrict|Any CPU.Build.0 = Release|Any CPU
		{9E74D2F4-F3E8-4E9F-AC8E-54A3D86A5FCC}.ReleaseTypeScriptStrict|x64.ActiveCfg = Release|Any CPU
		{9E74D2F4-F3E8-4E9F-AC8E-54A3D86A5FCC}.ReleaseTypeScriptStrict|x64.Build.0 = Release|Any CPU
		{9E74D2F4-F3E8-4E9F-AC8E-54A3D86A5FCC}.ReleaseTypeScriptStrict|x86.ActiveCfg = Release|Any CPU
		{9E74D2F4-F3E8-4E9F-AC8E-54A3D86A5FCC}.ReleaseTypeScriptStrict|x86.Build.0 = Release|Any CPU
		{51740C29-AF4F-40AD-BFDE-09E6F8C873D2}.Debug|Any CPU.ActiveCfg = Debug|Any CPU
		{51740C29-AF4F-40AD-BFDE-09E6F8C873D2}.Debug|Any CPU.Build.0 = Debug|Any CPU
		{51740C29-AF4F-40AD-BFDE-09E6F8C873D2}.Debug|x64.ActiveCfg = Debug|Any CPU
		{51740C29-AF4F-40AD-BFDE-09E6F8C873D2}.Debug|x64.Build.0 = Debug|Any CPU
		{51740C29-AF4F-40AD-BFDE-09E6F8C873D2}.Debug|x86.ActiveCfg = Debug|Any CPU
		{51740C29-AF4F-40AD-BFDE-09E6F8C873D2}.Debug|x86.Build.0 = Debug|Any CPU
		{51740C29-AF4F-40AD-BFDE-09E6F8C873D2}.Release|Any CPU.ActiveCfg = Release|Any CPU
		{51740C29-AF4F-40AD-BFDE-09E6F8C873D2}.Release|Any CPU.Build.0 = Release|Any CPU
		{51740C29-AF4F-40AD-BFDE-09E6F8C873D2}.Release|x64.ActiveCfg = Release|Any CPU
		{51740C29-AF4F-40AD-BFDE-09E6F8C873D2}.Release|x64.Build.0 = Release|Any CPU
		{51740C29-AF4F-40AD-BFDE-09E6F8C873D2}.Release|x86.ActiveCfg = Release|Any CPU
		{51740C29-AF4F-40AD-BFDE-09E6F8C873D2}.Release|x86.Build.0 = Release|Any CPU
		{51740C29-AF4F-40AD-BFDE-09E6F8C873D2}.ReleaseTypeScriptStrict|Any CPU.ActiveCfg = Release|Any CPU
		{51740C29-AF4F-40AD-BFDE-09E6F8C873D2}.ReleaseTypeScriptStrict|Any CPU.Build.0 = Release|Any CPU
		{51740C29-AF4F-40AD-BFDE-09E6F8C873D2}.ReleaseTypeScriptStrict|x64.ActiveCfg = Release|Any CPU
		{51740C29-AF4F-40AD-BFDE-09E6F8C873D2}.ReleaseTypeScriptStrict|x64.Build.0 = Release|Any CPU
		{51740C29-AF4F-40AD-BFDE-09E6F8C873D2}.ReleaseTypeScriptStrict|x86.ActiveCfg = Release|Any CPU
		{51740C29-AF4F-40AD-BFDE-09E6F8C873D2}.ReleaseTypeScriptStrict|x86.Build.0 = Release|Any CPU
		{6AB4FD70-2CCF-4876-A193-B5FD6B32C39A}.Debug|Any CPU.ActiveCfg = Debug|Any CPU
		{6AB4FD70-2CCF-4876-A193-B5FD6B32C39A}.Debug|Any CPU.Build.0 = Debug|Any CPU
		{6AB4FD70-2CCF-4876-A193-B5FD6B32C39A}.Debug|x64.ActiveCfg = Debug|Any CPU
		{6AB4FD70-2CCF-4876-A193-B5FD6B32C39A}.Debug|x64.Build.0 = Debug|Any CPU
		{6AB4FD70-2CCF-4876-A193-B5FD6B32C39A}.Debug|x86.ActiveCfg = Debug|Any CPU
		{6AB4FD70-2CCF-4876-A193-B5FD6B32C39A}.Debug|x86.Build.0 = Debug|Any CPU
		{6AB4FD70-2CCF-4876-A193-B5FD6B32C39A}.Release|Any CPU.ActiveCfg = Release|Any CPU
		{6AB4FD70-2CCF-4876-A193-B5FD6B32C39A}.Release|Any CPU.Build.0 = Release|Any CPU
		{6AB4FD70-2CCF-4876-A193-B5FD6B32C39A}.Release|x64.ActiveCfg = Release|Any CPU
		{6AB4FD70-2CCF-4876-A193-B5FD6B32C39A}.Release|x64.Build.0 = Release|Any CPU
		{6AB4FD70-2CCF-4876-A193-B5FD6B32C39A}.Release|x86.ActiveCfg = Release|Any CPU
		{6AB4FD70-2CCF-4876-A193-B5FD6B32C39A}.Release|x86.Build.0 = Release|Any CPU
		{6AB4FD70-2CCF-4876-A193-B5FD6B32C39A}.ReleaseTypeScriptStrict|Any CPU.ActiveCfg = Release|Any CPU
		{6AB4FD70-2CCF-4876-A193-B5FD6B32C39A}.ReleaseTypeScriptStrict|Any CPU.Build.0 = Release|Any CPU
		{6AB4FD70-2CCF-4876-A193-B5FD6B32C39A}.ReleaseTypeScriptStrict|x64.ActiveCfg = Release|Any CPU
		{6AB4FD70-2CCF-4876-A193-B5FD6B32C39A}.ReleaseTypeScriptStrict|x64.Build.0 = Release|Any CPU
		{6AB4FD70-2CCF-4876-A193-B5FD6B32C39A}.ReleaseTypeScriptStrict|x86.ActiveCfg = Release|Any CPU
		{6AB4FD70-2CCF-4876-A193-B5FD6B32C39A}.ReleaseTypeScriptStrict|x86.Build.0 = Release|Any CPU
		{7E28AE28-B413-4A63-8D76-649CD4116569}.Debug|Any CPU.ActiveCfg = Debug|Any CPU
		{7E28AE28-B413-4A63-8D76-649CD4116569}.Debug|Any CPU.Build.0 = Debug|Any CPU
		{7E28AE28-B413-4A63-8D76-649CD4116569}.Debug|x64.ActiveCfg = Debug|Any CPU
		{7E28AE28-B413-4A63-8D76-649CD4116569}.Debug|x64.Build.0 = Debug|Any CPU
		{7E28AE28-B413-4A63-8D76-649CD4116569}.Debug|x86.ActiveCfg = Debug|Any CPU
		{7E28AE28-B413-4A63-8D76-649CD4116569}.Debug|x86.Build.0 = Debug|Any CPU
		{7E28AE28-B413-4A63-8D76-649CD4116569}.Release|Any CPU.ActiveCfg = Release|Any CPU
		{7E28AE28-B413-4A63-8D76-649CD4116569}.Release|Any CPU.Build.0 = Release|Any CPU
		{7E28AE28-B413-4A63-8D76-649CD4116569}.Release|x64.ActiveCfg = Release|Any CPU
		{7E28AE28-B413-4A63-8D76-649CD4116569}.Release|x64.Build.0 = Release|Any CPU
		{7E28AE28-B413-4A63-8D76-649CD4116569}.Release|x86.ActiveCfg = Release|Any CPU
		{7E28AE28-B413-4A63-8D76-649CD4116569}.Release|x86.Build.0 = Release|Any CPU
		{7E28AE28-B413-4A63-8D76-649CD4116569}.ReleaseTypeScriptStrict|Any CPU.ActiveCfg = Release|Any CPU
		{7E28AE28-B413-4A63-8D76-649CD4116569}.ReleaseTypeScriptStrict|Any CPU.Build.0 = Release|Any CPU
		{7E28AE28-B413-4A63-8D76-649CD4116569}.ReleaseTypeScriptStrict|x64.ActiveCfg = Release|Any CPU
		{7E28AE28-B413-4A63-8D76-649CD4116569}.ReleaseTypeScriptStrict|x64.Build.0 = Release|Any CPU
		{7E28AE28-B413-4A63-8D76-649CD4116569}.ReleaseTypeScriptStrict|x86.ActiveCfg = Release|Any CPU
		{7E28AE28-B413-4A63-8D76-649CD4116569}.ReleaseTypeScriptStrict|x86.Build.0 = Release|Any CPU
		{DA432F28-7EF8-42D6-988C-65CFA097F0D2}.Debug|Any CPU.ActiveCfg = Debug|Any CPU
		{DA432F28-7EF8-42D6-988C-65CFA097F0D2}.Debug|Any CPU.Build.0 = Debug|Any CPU
		{DA432F28-7EF8-42D6-988C-65CFA097F0D2}.Debug|x64.ActiveCfg = Debug|Any CPU
		{DA432F28-7EF8-42D6-988C-65CFA097F0D2}.Debug|x64.Build.0 = Debug|Any CPU
		{DA432F28-7EF8-42D6-988C-65CFA097F0D2}.Debug|x86.ActiveCfg = Debug|Any CPU
		{DA432F28-7EF8-42D6-988C-65CFA097F0D2}.Debug|x86.Build.0 = Debug|Any CPU
		{DA432F28-7EF8-42D6-988C-65CFA097F0D2}.Release|Any CPU.ActiveCfg = Release|Any CPU
		{DA432F28-7EF8-42D6-988C-65CFA097F0D2}.Release|Any CPU.Build.0 = Release|Any CPU
		{DA432F28-7EF8-42D6-988C-65CFA097F0D2}.Release|x64.ActiveCfg = Release|Any CPU
		{DA432F28-7EF8-42D6-988C-65CFA097F0D2}.Release|x64.Build.0 = Release|Any CPU
		{DA432F28-7EF8-42D6-988C-65CFA097F0D2}.Release|x86.ActiveCfg = Release|Any CPU
		{DA432F28-7EF8-42D6-988C-65CFA097F0D2}.Release|x86.Build.0 = Release|Any CPU
		{DA432F28-7EF8-42D6-988C-65CFA097F0D2}.ReleaseTypeScriptStrict|Any CPU.ActiveCfg = Release|Any CPU
		{DA432F28-7EF8-42D6-988C-65CFA097F0D2}.ReleaseTypeScriptStrict|Any CPU.Build.0 = Release|Any CPU
		{DA432F28-7EF8-42D6-988C-65CFA097F0D2}.ReleaseTypeScriptStrict|x64.ActiveCfg = Release|Any CPU
		{DA432F28-7EF8-42D6-988C-65CFA097F0D2}.ReleaseTypeScriptStrict|x64.Build.0 = Release|Any CPU
		{DA432F28-7EF8-42D6-988C-65CFA097F0D2}.ReleaseTypeScriptStrict|x86.ActiveCfg = Release|Any CPU
		{DA432F28-7EF8-42D6-988C-65CFA097F0D2}.ReleaseTypeScriptStrict|x86.Build.0 = Release|Any CPU
		{E67B2298-2FD8-4DBC-B917-6D8D97EE6017}.Debug|Any CPU.ActiveCfg = Debug|Any CPU
		{E67B2298-2FD8-4DBC-B917-6D8D97EE6017}.Debug|Any CPU.Build.0 = Debug|Any CPU
		{E67B2298-2FD8-4DBC-B917-6D8D97EE6017}.Debug|x64.ActiveCfg = Debug|Any CPU
		{E67B2298-2FD8-4DBC-B917-6D8D97EE6017}.Debug|x64.Build.0 = Debug|Any CPU
		{E67B2298-2FD8-4DBC-B917-6D8D97EE6017}.Debug|x86.ActiveCfg = Debug|Any CPU
		{E67B2298-2FD8-4DBC-B917-6D8D97EE6017}.Debug|x86.Build.0 = Debug|Any CPU
		{E67B2298-2FD8-4DBC-B917-6D8D97EE6017}.Release|Any CPU.ActiveCfg = Release|Any CPU
		{E67B2298-2FD8-4DBC-B917-6D8D97EE6017}.Release|Any CPU.Build.0 = Release|Any CPU
		{E67B2298-2FD8-4DBC-B917-6D8D97EE6017}.Release|x64.ActiveCfg = Release|Any CPU
		{E67B2298-2FD8-4DBC-B917-6D8D97EE6017}.Release|x64.Build.0 = Release|Any CPU
		{E67B2298-2FD8-4DBC-B917-6D8D97EE6017}.Release|x86.ActiveCfg = Release|Any CPU
		{E67B2298-2FD8-4DBC-B917-6D8D97EE6017}.Release|x86.Build.0 = Release|Any CPU
		{E67B2298-2FD8-4DBC-B917-6D8D97EE6017}.ReleaseTypeScriptStrict|Any CPU.ActiveCfg = Release|Any CPU
		{E67B2298-2FD8-4DBC-B917-6D8D97EE6017}.ReleaseTypeScriptStrict|Any CPU.Build.0 = Release|Any CPU
		{E67B2298-2FD8-4DBC-B917-6D8D97EE6017}.ReleaseTypeScriptStrict|x64.ActiveCfg = Release|Any CPU
		{E67B2298-2FD8-4DBC-B917-6D8D97EE6017}.ReleaseTypeScriptStrict|x64.Build.0 = Release|Any CPU
		{E67B2298-2FD8-4DBC-B917-6D8D97EE6017}.ReleaseTypeScriptStrict|x86.ActiveCfg = Release|Any CPU
		{E67B2298-2FD8-4DBC-B917-6D8D97EE6017}.ReleaseTypeScriptStrict|x86.Build.0 = Release|Any CPU
	EndGlobalSection
	GlobalSection(SolutionProperties) = preSolution
		HideSolutionNode = FALSE
	EndGlobalSection
	GlobalSection(NestedProjects) = preSolution
		{75B3F91D-687E-4FB3-AD45-CCFA3C406DB4} = {441A2B84-3FF3-43BE-BAD8-609A1EBDC95C}
		{CA084154-E758-4A44-938D-7806AF2DD886} = {1030C3AA-7549-473B-AA7E-5DFAC2F9D37A}
		{2E6174AA-FC75-4821-9E86-51B30568BEC0} = {1030C3AA-7549-473B-AA7E-5DFAC2F9D37A}
		{69A692EB-C277-46AB-BA55-B33E7E6E129C} = {0AF934BD-80BE-483E-BCB7-D9B3F7B816E3}
		{E5AC8F27-F9E2-4E98-AC98-6F9361132A2E} = {0AF934BD-80BE-483E-BCB7-D9B3F7B816E3}
		{5EBE3EFF-9558-45F2-9C8F-5C8CFB74D574} = {48E8B044-3374-4F39-A180-9E01F7A10785}
		{F0036DA5-5DD4-494C-91B0-37689E00511E} = {441A2B84-3FF3-43BE-BAD8-609A1EBDC95C}
		{9293CFCD-6C7B-43E0-9FBD-88753EBF64CC} = {441A2B84-3FF3-43BE-BAD8-609A1EBDC95C}
		{8A547CB0-930F-466D-92EB-E780FF14C0A6} = {48E8B044-3374-4F39-A180-9E01F7A10785}
		{73E71805-C3AB-400A-8258-7BF429F04EC2} = {0AF934BD-80BE-483E-BCB7-D9B3F7B816E3}
		{9E74D2F4-F3E8-4E9F-AC8E-54A3D86A5FCC} = {1030C3AA-7549-473B-AA7E-5DFAC2F9D37A}
		{51740C29-AF4F-40AD-BFDE-09E6F8C873D2} = {48E8B044-3374-4F39-A180-9E01F7A10785}
		{6AB4FD70-2CCF-4876-A193-B5FD6B32C39A} = {D8CC0D1C-8DAC-49FE-AA78-C028DC124DD5}
		{7E28AE28-B413-4A63-8D76-649CD4116569} = {A0338E8D-A4A3-4380-9FF7-1D0BDC260E31}
		{DA432F28-7EF8-42D6-988C-65CFA097F0D2} = {A0338E8D-A4A3-4380-9FF7-1D0BDC260E31}
		{E67B2298-2FD8-4DBC-B917-6D8D97EE6017} = {A0338E8D-A4A3-4380-9FF7-1D0BDC260E31}
	EndGlobalSection
	GlobalSection(ExtensibilityGlobals) = postSolution
		SolutionGuid = {98FCEEE2-A45C-41E7-B2ED-1B14755E9067}
	EndGlobalSection
EndGlobal
