
Microsoft Visual Studio Solution File, Format Version 12.00
# Visual Studio 14
VisualStudioVersion = 14.0.25420.1
MinimumVisualStudioVersion = 10.0.40219.1
Project("{FAE04EC0-301F-11D3-BF4B-00C04F79EFBC}") = "NSwag.CodeGeneration", "NSwag.CodeGeneration\NSwag.CodeGeneration.csproj", "{75B3F91D-687E-4FB3-AD45-CCFA3C406DB4}"
EndProject
Project("{FAE04EC0-301F-11D3-BF4B-00C04F79EFBC}") = "NSwag.CodeGeneration.Tests", "NSwag.CodeGeneration.Tests\NSwag.CodeGeneration.Tests.csproj", "{37650571-163A-4BE7-86BF-DC1B02ADACBB}"
	ProjectSection(ProjectDependencies) = postProject
		{26CBD69C-EE7C-4D81-8D62-410F4AD4876B} = {26CBD69C-EE7C-4D81-8D62-410F4AD4876B}
		{37AE85DE-B127-4861-B925-1A67A35F314A} = {37AE85DE-B127-4861-B925-1A67A35F314A}
	EndProjectSection
EndProject
Project("{FAE04EC0-301F-11D3-BF4B-00C04F79EFBC}") = "NSwag.Demo.Web", "NSwag.Demo.Web\NSwag.Demo.Web.csproj", "{37AE85DE-B127-4861-B925-1A67A35F314A}"
EndProject
Project("{2150E333-8FDC-42A3-9474-1A3956D46DE8}") = "Demo", "Demo", "{CCE905FB-0DE1-4A8A-89AE-D84E9367D35C}"
EndProject
Project("{FAE04EC0-301F-11D3-BF4B-00C04F79EFBC}") = "NSwag.Demo.Client", "NSwag.Demo.Client\NSwag.Demo.Client.csproj", "{267D875B-3481-465D-AD2C-4BB18EB911BA}"
EndProject
Project("{FAE04EC0-301F-11D3-BF4B-00C04F79EFBC}") = "NSwagStudio", "NSwagStudio\NSwagStudio.csproj", "{DADA2D11-14E2-40B1-B31D-B68D6F18378C}"
EndProject
Project("{FAE04EC0-301F-11D3-BF4B-00C04F79EFBC}") = "NSwag.Tests", "NSwag.Tests\NSwag.Tests.csproj", "{8232C857-CAA5-400C-8EC5-6239C799BAF5}"
EndProject
Project("{FAE04EC0-301F-11D3-BF4B-00C04F79EFBC}") = "NSwag.Annotations", "NSwag.Annotations\NSwag.Annotations.csproj", "{CA084154-E758-4A44-938D-7806AF2DD886}"
EndProject
Project("{2150E333-8FDC-42A3-9474-1A3956D46DE8}") = "Tests", "Tests", "{F31829C6-CEE4-4242-A4D9-820C36127B0B}"
EndProject
Project("{FAE04EC0-301F-11D3-BF4B-00C04F79EFBC}") = "NSwag.Core", "NSwag.Core\NSwag.Core.csproj", "{2E6174AA-FC75-4821-9E86-51B30568BEC0}"
EndProject
Project("{930C7802-8A8C-48F9-8165-68863BCCD9DD}") = "NSwagStudio.Installer", "NSwagStudio.Installer\NSwagStudio.Installer.wixproj", "{50DCC09C-7349-4BAC-8833-261A641E0669}"
EndProject
Project("{2150E333-8FDC-42A3-9474-1A3956D46DE8}") = "Samples", "Samples", "{B50AC8CD-CF12-4E7E-9295-E65750C46AA6}"
	ProjectSection(SolutionItems) = preProject
		Samples\DemoWeb.nswag = Samples\DemoWeb.nswag
		Samples\SwaggerUrlImport.nswag = Samples\SwaggerUrlImport.nswag
	EndProjectSection
EndProject
Project("{FAE04EC0-301F-11D3-BF4B-00C04F79EFBC}") = "NSwag.AssemblyLoader", "NSwag.AssemblyLoader\NSwag.AssemblyLoader.csproj", "{46634C60-BA7D-43E6-9049-6AD461488C39}"
EndProject
Project("{2150E333-8FDC-42A3-9474-1A3956D46DE8}") = "NSwag.MSBuild", "NSwag.MSBuild", "{0CBA6B21-C510-441F-A37F-6B74D504B966}"
	ProjectSection(SolutionItems) = preProject
		NSwag.MSBuild\build.bat = NSwag.MSBuild\build.bat
		NSwag.MSBuild\NSwag.MSBuild.nuspec = NSwag.MSBuild\NSwag.MSBuild.nuspec
		NSwag.MSBuild\NSwag.MSBuild.targets = NSwag.MSBuild\NSwag.MSBuild.targets
		NSwag.MSBuild\NuGet.exe = NSwag.MSBuild\NuGet.exe
	EndProjectSection
EndProject
Project("{FAE04EC0-301F-11D3-BF4B-00C04F79EFBC}") = "NSwag.Demo.OwinWeb", "NSwag.Demo.OwinWeb\NSwag.Demo.OwinWeb.csproj", "{AFB11187-666F-4225-8039-D91AE046AFCB}"
EndProject
Project("{FAE04EC0-301F-11D3-BF4B-00C04F79EFBC}") = "NSwag.AspNet.Owin", "NSwag.AspNet.Owin\NSwag.AspNet.Owin.csproj", "{69A692EB-C277-46AB-BA55-B33E7E6E129C}"
EndProject
Project("{2150E333-8FDC-42A3-9474-1A3956D46DE8}") = "NSwag.AspNetCore", "NSwag.AspNetCore", "{B1B98B5E-313E-44D2-8707-9DF487E93F70}"
	ProjectSection(SolutionItems) = preProject
		NSwag.AspNetCore\project.json = NSwag.AspNetCore\project.json
	EndProjectSection
EndProject
Project("{2150E333-8FDC-42A3-9474-1A3956D46DE8}") = "NSwagStudio.Chocolatey", "NSwagStudio.Chocolatey", "{19DD88A1-6C11-4D99-B753-9878048E8935}"
	ProjectSection(SolutionItems) = preProject
		NSwagStudio.Chocolatey\build.bat = NSwagStudio.Chocolatey\build.bat
		NSwagStudio.Chocolatey\NSwagStudio.ChocolateyInstall.ps1 = NSwagStudio.Chocolatey\NSwagStudio.ChocolateyInstall.ps1
		NSwagStudio.Chocolatey\NSwagStudio.ChocolateyUninstall.ps1 = NSwagStudio.Chocolatey\NSwagStudio.ChocolateyUninstall.ps1
		NSwagStudio.Chocolatey\NSwagStudio.nuspec = NSwagStudio.Chocolatey\NSwagStudio.nuspec
	EndProjectSection
EndProject
Project("{2150E333-8FDC-42A3-9474-1A3956D46DE8}") = "Integration", "Integration", "{492F35DB-5245-4F5A-8DA9-E9C532C2DDA7}"
	ProjectSection(SolutionItems) = preProject
		readme.txt = readme.txt
	EndProjectSection
EndProject
Project("{FAE04EC0-301F-11D3-BF4B-00C04F79EFBC}") = "NSwag.Integration.WebAPI", "NSwag.Integration.WebAPI\NSwag.Integration.WebAPI.csproj", "{6DF73809-53CA-4A82-AAE6-3C2C62C2D8E8}"
EndProject
Project("{FAE04EC0-301F-11D3-BF4B-00C04F79EFBC}") = "NSwag.Integration.ClientPCL", "NSwag.Integration.ClientPCL\NSwag.Integration.ClientPCL.csproj", "{ECD41518-A92C-4706-8E74-9707AFA554B7}"
EndProject
Project("{FAE04EC0-301F-11D3-BF4B-00C04F79EFBC}") = "NSwag.Integration.TypeScriptWeb", "NSwag.Integration.TypeScriptWeb\NSwag.Integration.TypeScriptWeb.csproj", "{987EDAA3-9D9D-4F88-87C6-B81AE8213FCF}"
EndProject
Project("{FAE04EC0-301F-11D3-BF4B-00C04F79EFBC}") = "NSwag.Integration.ClientPCL.Tests", "NSwag.Integration.ClientPCL.Tests\NSwag.Integration.ClientPCL.Tests.csproj", "{A46ED5E6-95EE-448B-AA88-E43FA32482B6}"
EndProject
Project("{FAE04EC0-301F-11D3-BF4B-00C04F79EFBC}") = "NSwag.AspNet.WebApi", "NSwag.AspNet.WebApi\NSwag.AspNet.WebApi.csproj", "{E5AC8F27-F9E2-4E98-AC98-6F9361132A2E}"
EndProject
Project("{2150E333-8FDC-42A3-9474-1A3956D46DE8}") = "NuGet", "NuGet", "{DDBB05AC-B066-48C4-933C-034F401EBB6A}"
EndProject
Project("{FAE04EC0-301F-11D3-BF4B-00C04F79EFBC}") = "NSwag.Integration.Console", "NSwag.Integration.Console\NSwag.Integration.Console.csproj", "{C683AABE-5FE5-47B8-BB4D-EE5C5E89D9DE}"
EndProject
Project("{FAE04EC0-301F-11D3-BF4B-00C04F79EFBC}") = "NSwag.Commands", "NSwag.Commands\NSwag.Commands.csproj", "{71B39C21-46A2-471B-AACE-226C575B8AC1}"
EndProject
Project("{FAE04EC0-301F-11D3-BF4B-00C04F79EFBC}") = "NSwag.Terminal", "NSwag.Terminal\NSwag.Terminal.csproj", "{26CBD69C-EE7C-4D81-8D62-410F4AD4876B}"
EndProject
Project("{2150E333-8FDC-42A3-9474-1A3956D46DE8}") = "NSwag.AssemblyLoaderCore", "NSwag.AssemblyLoaderCore", "{C8E685E7-06E6-483C-88D6-7F351E966A34}"
	ProjectSection(SolutionItems) = preProject
		NSwag.AssemblyLoaderCore\project.json = NSwag.AssemblyLoaderCore\project.json
	EndProjectSection
EndProject
Global
	GlobalSection(SolutionConfigurationPlatforms) = preSolution
		Debug|Any CPU = Debug|Any CPU
		Debug|x64 = Debug|x64
		Debug|x86 = Debug|x86
		Release|Any CPU = Release|Any CPU
		Release|x64 = Release|x64
		Release|x86 = Release|x86
	EndGlobalSection
	GlobalSection(ProjectConfigurationPlatforms) = postSolution
		{75B3F91D-687E-4FB3-AD45-CCFA3C406DB4}.Debug|Any CPU.ActiveCfg = Debug|Any CPU
		{75B3F91D-687E-4FB3-AD45-CCFA3C406DB4}.Debug|Any CPU.Build.0 = Debug|Any CPU
		{75B3F91D-687E-4FB3-AD45-CCFA3C406DB4}.Debug|x64.ActiveCfg = Debug|x64
		{75B3F91D-687E-4FB3-AD45-CCFA3C406DB4}.Debug|x64.Build.0 = Debug|x64
		{75B3F91D-687E-4FB3-AD45-CCFA3C406DB4}.Debug|x86.ActiveCfg = Debug|Any CPU
		{75B3F91D-687E-4FB3-AD45-CCFA3C406DB4}.Debug|x86.Build.0 = Debug|Any CPU
		{75B3F91D-687E-4FB3-AD45-CCFA3C406DB4}.Release|Any CPU.ActiveCfg = Release|Any CPU
		{75B3F91D-687E-4FB3-AD45-CCFA3C406DB4}.Release|Any CPU.Build.0 = Release|Any CPU
		{75B3F91D-687E-4FB3-AD45-CCFA3C406DB4}.Release|x64.ActiveCfg = Release|x64
		{75B3F91D-687E-4FB3-AD45-CCFA3C406DB4}.Release|x64.Build.0 = Release|x64
		{75B3F91D-687E-4FB3-AD45-CCFA3C406DB4}.Release|x86.ActiveCfg = Release|Any CPU
		{37650571-163A-4BE7-86BF-DC1B02ADACBB}.Debug|Any CPU.ActiveCfg = Debug|Any CPU
		{37650571-163A-4BE7-86BF-DC1B02ADACBB}.Debug|Any CPU.Build.0 = Debug|Any CPU
		{37650571-163A-4BE7-86BF-DC1B02ADACBB}.Debug|x64.ActiveCfg = Debug|x64
		{37650571-163A-4BE7-86BF-DC1B02ADACBB}.Debug|x64.Build.0 = Debug|x64
		{37650571-163A-4BE7-86BF-DC1B02ADACBB}.Debug|x86.ActiveCfg = Debug|Any CPU
		{37650571-163A-4BE7-86BF-DC1B02ADACBB}.Debug|x86.Build.0 = Debug|Any CPU
		{37650571-163A-4BE7-86BF-DC1B02ADACBB}.Release|Any CPU.ActiveCfg = Release|Any CPU
		{37650571-163A-4BE7-86BF-DC1B02ADACBB}.Release|Any CPU.Build.0 = Release|Any CPU
		{37650571-163A-4BE7-86BF-DC1B02ADACBB}.Release|x64.ActiveCfg = Release|x64
		{37650571-163A-4BE7-86BF-DC1B02ADACBB}.Release|x64.Build.0 = Release|x64
		{37650571-163A-4BE7-86BF-DC1B02ADACBB}.Release|x86.ActiveCfg = Release|Any CPU
		{37AE85DE-B127-4861-B925-1A67A35F314A}.Debug|Any CPU.ActiveCfg = Debug|Any CPU
		{37AE85DE-B127-4861-B925-1A67A35F314A}.Debug|Any CPU.Build.0 = Debug|Any CPU
		{37AE85DE-B127-4861-B925-1A67A35F314A}.Debug|x64.ActiveCfg = Debug|x64
		{37AE85DE-B127-4861-B925-1A67A35F314A}.Debug|x64.Build.0 = Debug|x64
		{37AE85DE-B127-4861-B925-1A67A35F314A}.Debug|x86.ActiveCfg = Debug|Any CPU
		{37AE85DE-B127-4861-B925-1A67A35F314A}.Debug|x86.Build.0 = Debug|Any CPU
		{37AE85DE-B127-4861-B925-1A67A35F314A}.Release|Any CPU.ActiveCfg = Release|Any CPU
		{37AE85DE-B127-4861-B925-1A67A35F314A}.Release|Any CPU.Build.0 = Release|Any CPU
		{37AE85DE-B127-4861-B925-1A67A35F314A}.Release|x64.ActiveCfg = Release|x64
		{37AE85DE-B127-4861-B925-1A67A35F314A}.Release|x64.Build.0 = Release|x64
		{37AE85DE-B127-4861-B925-1A67A35F314A}.Release|x86.ActiveCfg = Release|Any CPU
		{267D875B-3481-465D-AD2C-4BB18EB911BA}.Debug|Any CPU.ActiveCfg = Debug|Any CPU
		{267D875B-3481-465D-AD2C-4BB18EB911BA}.Debug|Any CPU.Build.0 = Debug|Any CPU
		{267D875B-3481-465D-AD2C-4BB18EB911BA}.Debug|x64.ActiveCfg = Debug|x64
		{267D875B-3481-465D-AD2C-4BB18EB911BA}.Debug|x64.Build.0 = Debug|x64
		{267D875B-3481-465D-AD2C-4BB18EB911BA}.Debug|x86.ActiveCfg = Debug|Any CPU
		{267D875B-3481-465D-AD2C-4BB18EB911BA}.Debug|x86.Build.0 = Debug|Any CPU
		{267D875B-3481-465D-AD2C-4BB18EB911BA}.Release|Any CPU.ActiveCfg = Release|Any CPU
		{267D875B-3481-465D-AD2C-4BB18EB911BA}.Release|Any CPU.Build.0 = Release|Any CPU
		{267D875B-3481-465D-AD2C-4BB18EB911BA}.Release|x64.ActiveCfg = Release|x64
		{267D875B-3481-465D-AD2C-4BB18EB911BA}.Release|x64.Build.0 = Release|x64
		{267D875B-3481-465D-AD2C-4BB18EB911BA}.Release|x86.ActiveCfg = Release|Any CPU
		{DADA2D11-14E2-40B1-B31D-B68D6F18378C}.Debug|Any CPU.ActiveCfg = Debug|Any CPU
		{DADA2D11-14E2-40B1-B31D-B68D6F18378C}.Debug|Any CPU.Build.0 = Debug|Any CPU
		{DADA2D11-14E2-40B1-B31D-B68D6F18378C}.Debug|x64.ActiveCfg = Debug|x64
		{DADA2D11-14E2-40B1-B31D-B68D6F18378C}.Debug|x64.Build.0 = Debug|x64
		{DADA2D11-14E2-40B1-B31D-B68D6F18378C}.Debug|x86.ActiveCfg = Debug|Any CPU
		{DADA2D11-14E2-40B1-B31D-B68D6F18378C}.Debug|x86.Build.0 = Debug|Any CPU
		{DADA2D11-14E2-40B1-B31D-B68D6F18378C}.Release|Any CPU.ActiveCfg = Release|Any CPU
		{DADA2D11-14E2-40B1-B31D-B68D6F18378C}.Release|Any CPU.Build.0 = Release|Any CPU
		{DADA2D11-14E2-40B1-B31D-B68D6F18378C}.Release|x64.ActiveCfg = Release|x64
		{DADA2D11-14E2-40B1-B31D-B68D6F18378C}.Release|x64.Build.0 = Release|x64
		{DADA2D11-14E2-40B1-B31D-B68D6F18378C}.Release|x86.ActiveCfg = Release|Any CPU
		{DADA2D11-14E2-40B1-B31D-B68D6F18378C}.Release|x86.Build.0 = Release|Any CPU
		{8232C857-CAA5-400C-8EC5-6239C799BAF5}.Debug|Any CPU.ActiveCfg = Debug|Any CPU
		{8232C857-CAA5-400C-8EC5-6239C799BAF5}.Debug|Any CPU.Build.0 = Debug|Any CPU
		{8232C857-CAA5-400C-8EC5-6239C799BAF5}.Debug|x64.ActiveCfg = Debug|x64
		{8232C857-CAA5-400C-8EC5-6239C799BAF5}.Debug|x64.Build.0 = Debug|x64
		{8232C857-CAA5-400C-8EC5-6239C799BAF5}.Debug|x86.ActiveCfg = Debug|Any CPU
		{8232C857-CAA5-400C-8EC5-6239C799BAF5}.Debug|x86.Build.0 = Debug|Any CPU
		{8232C857-CAA5-400C-8EC5-6239C799BAF5}.Release|Any CPU.ActiveCfg = Release|Any CPU
		{8232C857-CAA5-400C-8EC5-6239C799BAF5}.Release|Any CPU.Build.0 = Release|Any CPU
		{8232C857-CAA5-400C-8EC5-6239C799BAF5}.Release|x64.ActiveCfg = Release|x64
		{8232C857-CAA5-400C-8EC5-6239C799BAF5}.Release|x64.Build.0 = Release|x64
		{8232C857-CAA5-400C-8EC5-6239C799BAF5}.Release|x86.ActiveCfg = Release|Any CPU
		{8232C857-CAA5-400C-8EC5-6239C799BAF5}.Release|x86.Build.0 = Release|Any CPU
		{CA084154-E758-4A44-938D-7806AF2DD886}.Debug|Any CPU.ActiveCfg = Debug|Any CPU
		{CA084154-E758-4A44-938D-7806AF2DD886}.Debug|Any CPU.Build.0 = Debug|Any CPU
		{CA084154-E758-4A44-938D-7806AF2DD886}.Debug|x64.ActiveCfg = Debug|x64
		{CA084154-E758-4A44-938D-7806AF2DD886}.Debug|x64.Build.0 = Debug|x64
		{CA084154-E758-4A44-938D-7806AF2DD886}.Debug|x86.ActiveCfg = Debug|Any CPU
		{CA084154-E758-4A44-938D-7806AF2DD886}.Debug|x86.Build.0 = Debug|Any CPU
		{CA084154-E758-4A44-938D-7806AF2DD886}.Release|Any CPU.ActiveCfg = Release|Any CPU
		{CA084154-E758-4A44-938D-7806AF2DD886}.Release|Any CPU.Build.0 = Release|Any CPU
		{CA084154-E758-4A44-938D-7806AF2DD886}.Release|x64.ActiveCfg = Release|x64
		{CA084154-E758-4A44-938D-7806AF2DD886}.Release|x64.Build.0 = Release|x64
		{CA084154-E758-4A44-938D-7806AF2DD886}.Release|x86.ActiveCfg = Release|Any CPU
		{CA084154-E758-4A44-938D-7806AF2DD886}.Release|x86.Build.0 = Release|Any CPU
		{2E6174AA-FC75-4821-9E86-51B30568BEC0}.Debug|Any CPU.ActiveCfg = Debug|Any CPU
		{2E6174AA-FC75-4821-9E86-51B30568BEC0}.Debug|Any CPU.Build.0 = Debug|Any CPU
		{2E6174AA-FC75-4821-9E86-51B30568BEC0}.Debug|x64.ActiveCfg = Debug|x64
		{2E6174AA-FC75-4821-9E86-51B30568BEC0}.Debug|x64.Build.0 = Debug|x64
		{2E6174AA-FC75-4821-9E86-51B30568BEC0}.Debug|x86.ActiveCfg = Debug|Any CPU
		{2E6174AA-FC75-4821-9E86-51B30568BEC0}.Debug|x86.Build.0 = Debug|Any CPU
		{2E6174AA-FC75-4821-9E86-51B30568BEC0}.Release|Any CPU.ActiveCfg = Release|Any CPU
		{2E6174AA-FC75-4821-9E86-51B30568BEC0}.Release|Any CPU.Build.0 = Release|Any CPU
		{2E6174AA-FC75-4821-9E86-51B30568BEC0}.Release|x64.ActiveCfg = Release|x64
		{2E6174AA-FC75-4821-9E86-51B30568BEC0}.Release|x64.Build.0 = Release|x64
		{2E6174AA-FC75-4821-9E86-51B30568BEC0}.Release|x86.ActiveCfg = Release|Any CPU
		{2E6174AA-FC75-4821-9E86-51B30568BEC0}.Release|x86.Build.0 = Release|Any CPU
		{50DCC09C-7349-4BAC-8833-261A641E0669}.Debug|Any CPU.ActiveCfg = Debug|x86
		{50DCC09C-7349-4BAC-8833-261A641E0669}.Debug|Any CPU.Build.0 = Debug|x86
		{50DCC09C-7349-4BAC-8833-261A641E0669}.Debug|x64.ActiveCfg = Debug|x86
		{50DCC09C-7349-4BAC-8833-261A641E0669}.Debug|x86.ActiveCfg = Debug|x86
		{50DCC09C-7349-4BAC-8833-261A641E0669}.Debug|x86.Build.0 = Debug|x86
		{50DCC09C-7349-4BAC-8833-261A641E0669}.Release|Any CPU.ActiveCfg = Release|x86
		{50DCC09C-7349-4BAC-8833-261A641E0669}.Release|Any CPU.Build.0 = Release|x86
		{50DCC09C-7349-4BAC-8833-261A641E0669}.Release|x64.ActiveCfg = Release|x86
		{50DCC09C-7349-4BAC-8833-261A641E0669}.Release|x86.ActiveCfg = Release|x86
		{50DCC09C-7349-4BAC-8833-261A641E0669}.Release|x86.Build.0 = Release|x86
		{46634C60-BA7D-43E6-9049-6AD461488C39}.Debug|Any CPU.ActiveCfg = Debug|Any CPU
		{46634C60-BA7D-43E6-9049-6AD461488C39}.Debug|Any CPU.Build.0 = Debug|Any CPU
		{46634C60-BA7D-43E6-9049-6AD461488C39}.Debug|x64.ActiveCfg = Debug|x64
		{46634C60-BA7D-43E6-9049-6AD461488C39}.Debug|x64.Build.0 = Debug|x64
		{46634C60-BA7D-43E6-9049-6AD461488C39}.Debug|x86.ActiveCfg = Debug|Any CPU
		{46634C60-BA7D-43E6-9049-6AD461488C39}.Debug|x86.Build.0 = Debug|Any CPU
		{46634C60-BA7D-43E6-9049-6AD461488C39}.Release|Any CPU.ActiveCfg = Release|Any CPU
		{46634C60-BA7D-43E6-9049-6AD461488C39}.Release|Any CPU.Build.0 = Release|Any CPU
		{46634C60-BA7D-43E6-9049-6AD461488C39}.Release|x64.ActiveCfg = Release|x64
		{46634C60-BA7D-43E6-9049-6AD461488C39}.Release|x64.Build.0 = Release|x64
		{46634C60-BA7D-43E6-9049-6AD461488C39}.Release|x86.ActiveCfg = Release|Any CPU
		{46634C60-BA7D-43E6-9049-6AD461488C39}.Release|x86.Build.0 = Release|Any CPU
		{AFB11187-666F-4225-8039-D91AE046AFCB}.Debug|Any CPU.ActiveCfg = Debug|Any CPU
		{AFB11187-666F-4225-8039-D91AE046AFCB}.Debug|Any CPU.Build.0 = Debug|Any CPU
		{AFB11187-666F-4225-8039-D91AE046AFCB}.Debug|x64.ActiveCfg = Debug|x64
		{AFB11187-666F-4225-8039-D91AE046AFCB}.Debug|x64.Build.0 = Debug|x64
		{AFB11187-666F-4225-8039-D91AE046AFCB}.Debug|x86.ActiveCfg = Debug|Any CPU
		{AFB11187-666F-4225-8039-D91AE046AFCB}.Debug|x86.Build.0 = Debug|Any CPU
		{AFB11187-666F-4225-8039-D91AE046AFCB}.Release|Any CPU.ActiveCfg = Release|Any CPU
		{AFB11187-666F-4225-8039-D91AE046AFCB}.Release|Any CPU.Build.0 = Release|Any CPU
		{AFB11187-666F-4225-8039-D91AE046AFCB}.Release|x64.ActiveCfg = Release|x64
		{AFB11187-666F-4225-8039-D91AE046AFCB}.Release|x64.Build.0 = Release|x64
		{AFB11187-666F-4225-8039-D91AE046AFCB}.Release|x86.ActiveCfg = Release|Any CPU
		{AFB11187-666F-4225-8039-D91AE046AFCB}.Release|x86.Build.0 = Release|Any CPU
		{69A692EB-C277-46AB-BA55-B33E7E6E129C}.Debug|Any CPU.ActiveCfg = Debug|Any CPU
		{69A692EB-C277-46AB-BA55-B33E7E6E129C}.Debug|Any CPU.Build.0 = Debug|Any CPU
		{69A692EB-C277-46AB-BA55-B33E7E6E129C}.Debug|x64.ActiveCfg = Debug|x64
		{69A692EB-C277-46AB-BA55-B33E7E6E129C}.Debug|x64.Build.0 = Debug|x64
		{69A692EB-C277-46AB-BA55-B33E7E6E129C}.Debug|x86.ActiveCfg = Debug|Any CPU
		{69A692EB-C277-46AB-BA55-B33E7E6E129C}.Debug|x86.Build.0 = Debug|Any CPU
		{69A692EB-C277-46AB-BA55-B33E7E6E129C}.Release|Any CPU.ActiveCfg = Release|Any CPU
		{69A692EB-C277-46AB-BA55-B33E7E6E129C}.Release|Any CPU.Build.0 = Release|Any CPU
		{69A692EB-C277-46AB-BA55-B33E7E6E129C}.Release|x64.ActiveCfg = Release|x64
		{69A692EB-C277-46AB-BA55-B33E7E6E129C}.Release|x64.Build.0 = Release|x64
		{69A692EB-C277-46AB-BA55-B33E7E6E129C}.Release|x86.ActiveCfg = Release|Any CPU
		{69A692EB-C277-46AB-BA55-B33E7E6E129C}.Release|x86.Build.0 = Release|Any CPU
		{6DF73809-53CA-4A82-AAE6-3C2C62C2D8E8}.Debug|Any CPU.ActiveCfg = Debug|Any CPU
		{6DF73809-53CA-4A82-AAE6-3C2C62C2D8E8}.Debug|Any CPU.Build.0 = Debug|Any CPU
		{6DF73809-53CA-4A82-AAE6-3C2C62C2D8E8}.Debug|x64.ActiveCfg = Debug|x64
		{6DF73809-53CA-4A82-AAE6-3C2C62C2D8E8}.Debug|x64.Build.0 = Debug|x64
		{6DF73809-53CA-4A82-AAE6-3C2C62C2D8E8}.Debug|x86.ActiveCfg = Debug|Any CPU
		{6DF73809-53CA-4A82-AAE6-3C2C62C2D8E8}.Debug|x86.Build.0 = Debug|Any CPU
		{6DF73809-53CA-4A82-AAE6-3C2C62C2D8E8}.Release|Any CPU.ActiveCfg = Release|Any CPU
		{6DF73809-53CA-4A82-AAE6-3C2C62C2D8E8}.Release|Any CPU.Build.0 = Release|Any CPU
		{6DF73809-53CA-4A82-AAE6-3C2C62C2D8E8}.Release|x64.ActiveCfg = Release|x64
		{6DF73809-53CA-4A82-AAE6-3C2C62C2D8E8}.Release|x64.Build.0 = Release|x64
		{6DF73809-53CA-4A82-AAE6-3C2C62C2D8E8}.Release|x86.ActiveCfg = Release|Any CPU
		{6DF73809-53CA-4A82-AAE6-3C2C62C2D8E8}.Release|x86.Build.0 = Release|Any CPU
		{ECD41518-A92C-4706-8E74-9707AFA554B7}.Debug|Any CPU.ActiveCfg = Debug|Any CPU
		{ECD41518-A92C-4706-8E74-9707AFA554B7}.Debug|Any CPU.Build.0 = Debug|Any CPU
		{ECD41518-A92C-4706-8E74-9707AFA554B7}.Debug|x64.ActiveCfg = Debug|x64
		{ECD41518-A92C-4706-8E74-9707AFA554B7}.Debug|x64.Build.0 = Debug|x64
		{ECD41518-A92C-4706-8E74-9707AFA554B7}.Debug|x86.ActiveCfg = Debug|Any CPU
		{ECD41518-A92C-4706-8E74-9707AFA554B7}.Debug|x86.Build.0 = Debug|Any CPU
		{ECD41518-A92C-4706-8E74-9707AFA554B7}.Release|Any CPU.ActiveCfg = Release|Any CPU
		{ECD41518-A92C-4706-8E74-9707AFA554B7}.Release|Any CPU.Build.0 = Release|Any CPU
		{ECD41518-A92C-4706-8E74-9707AFA554B7}.Release|x64.ActiveCfg = Release|x64
		{ECD41518-A92C-4706-8E74-9707AFA554B7}.Release|x64.Build.0 = Release|x64
		{ECD41518-A92C-4706-8E74-9707AFA554B7}.Release|x86.ActiveCfg = Release|Any CPU
		{ECD41518-A92C-4706-8E74-9707AFA554B7}.Release|x86.Build.0 = Release|Any CPU
		{987EDAA3-9D9D-4F88-87C6-B81AE8213FCF}.Debug|Any CPU.ActiveCfg = Debug|Any CPU
		{987EDAA3-9D9D-4F88-87C6-B81AE8213FCF}.Debug|Any CPU.Build.0 = Debug|Any CPU
		{987EDAA3-9D9D-4F88-87C6-B81AE8213FCF}.Debug|x64.ActiveCfg = Debug|x64
		{987EDAA3-9D9D-4F88-87C6-B81AE8213FCF}.Debug|x64.Build.0 = Debug|x64
		{987EDAA3-9D9D-4F88-87C6-B81AE8213FCF}.Debug|x86.ActiveCfg = Debug|Any CPU
		{987EDAA3-9D9D-4F88-87C6-B81AE8213FCF}.Debug|x86.Build.0 = Debug|Any CPU
		{987EDAA3-9D9D-4F88-87C6-B81AE8213FCF}.Release|Any CPU.ActiveCfg = Release|Any CPU
		{987EDAA3-9D9D-4F88-87C6-B81AE8213FCF}.Release|Any CPU.Build.0 = Release|Any CPU
		{987EDAA3-9D9D-4F88-87C6-B81AE8213FCF}.Release|x64.ActiveCfg = Release|x64
		{987EDAA3-9D9D-4F88-87C6-B81AE8213FCF}.Release|x64.Build.0 = Release|x64
		{987EDAA3-9D9D-4F88-87C6-B81AE8213FCF}.Release|x86.ActiveCfg = Release|Any CPU
		{987EDAA3-9D9D-4F88-87C6-B81AE8213FCF}.Release|x86.Build.0 = Release|Any CPU
		{A46ED5E6-95EE-448B-AA88-E43FA32482B6}.Debug|Any CPU.ActiveCfg = Debug|Any CPU
		{A46ED5E6-95EE-448B-AA88-E43FA32482B6}.Debug|Any CPU.Build.0 = Debug|Any CPU
		{A46ED5E6-95EE-448B-AA88-E43FA32482B6}.Debug|x64.ActiveCfg = Debug|x64
		{A46ED5E6-95EE-448B-AA88-E43FA32482B6}.Debug|x64.Build.0 = Debug|x64
		{A46ED5E6-95EE-448B-AA88-E43FA32482B6}.Debug|x86.ActiveCfg = Debug|Any CPU
		{A46ED5E6-95EE-448B-AA88-E43FA32482B6}.Debug|x86.Build.0 = Debug|Any CPU
		{A46ED5E6-95EE-448B-AA88-E43FA32482B6}.Release|Any CPU.ActiveCfg = Release|Any CPU
		{A46ED5E6-95EE-448B-AA88-E43FA32482B6}.Release|Any CPU.Build.0 = Release|Any CPU
		{A46ED5E6-95EE-448B-AA88-E43FA32482B6}.Release|x64.ActiveCfg = Release|x64
		{A46ED5E6-95EE-448B-AA88-E43FA32482B6}.Release|x64.Build.0 = Release|x64
		{A46ED5E6-95EE-448B-AA88-E43FA32482B6}.Release|x86.ActiveCfg = Release|Any CPU
		{A46ED5E6-95EE-448B-AA88-E43FA32482B6}.Release|x86.Build.0 = Release|Any CPU
		{E5AC8F27-F9E2-4E98-AC98-6F9361132A2E}.Debug|Any CPU.ActiveCfg = Debug|Any CPU
		{E5AC8F27-F9E2-4E98-AC98-6F9361132A2E}.Debug|Any CPU.Build.0 = Debug|Any CPU
		{E5AC8F27-F9E2-4E98-AC98-6F9361132A2E}.Debug|x64.ActiveCfg = Debug|x64
		{E5AC8F27-F9E2-4E98-AC98-6F9361132A2E}.Debug|x64.Build.0 = Debug|x64
		{E5AC8F27-F9E2-4E98-AC98-6F9361132A2E}.Debug|x86.ActiveCfg = Debug|Any CPU
		{E5AC8F27-F9E2-4E98-AC98-6F9361132A2E}.Debug|x86.Build.0 = Debug|Any CPU
		{E5AC8F27-F9E2-4E98-AC98-6F9361132A2E}.Release|Any CPU.ActiveCfg = Release|Any CPU
		{E5AC8F27-F9E2-4E98-AC98-6F9361132A2E}.Release|Any CPU.Build.0 = Release|Any CPU
		{E5AC8F27-F9E2-4E98-AC98-6F9361132A2E}.Release|x64.ActiveCfg = Release|x64
		{E5AC8F27-F9E2-4E98-AC98-6F9361132A2E}.Release|x64.Build.0 = Release|x64
		{E5AC8F27-F9E2-4E98-AC98-6F9361132A2E}.Release|x86.ActiveCfg = Release|Any CPU
		{E5AC8F27-F9E2-4E98-AC98-6F9361132A2E}.Release|x86.Build.0 = Release|Any CPU
		{C683AABE-5FE5-47B8-BB4D-EE5C5E89D9DE}.Debug|Any CPU.ActiveCfg = Debug|Any CPU
		{C683AABE-5FE5-47B8-BB4D-EE5C5E89D9DE}.Debug|Any CPU.Build.0 = Debug|Any CPU
		{C683AABE-5FE5-47B8-BB4D-EE5C5E89D9DE}.Debug|x64.ActiveCfg = Debug|x64
		{C683AABE-5FE5-47B8-BB4D-EE5C5E89D9DE}.Debug|x64.Build.0 = Debug|x64
		{C683AABE-5FE5-47B8-BB4D-EE5C5E89D9DE}.Debug|x86.ActiveCfg = Debug|Any CPU
		{C683AABE-5FE5-47B8-BB4D-EE5C5E89D9DE}.Debug|x86.Build.0 = Debug|Any CPU
		{C683AABE-5FE5-47B8-BB4D-EE5C5E89D9DE}.Release|Any CPU.ActiveCfg = Release|Any CPU
		{C683AABE-5FE5-47B8-BB4D-EE5C5E89D9DE}.Release|Any CPU.Build.0 = Release|Any CPU
		{C683AABE-5FE5-47B8-BB4D-EE5C5E89D9DE}.Release|x64.ActiveCfg = Release|x64
		{C683AABE-5FE5-47B8-BB4D-EE5C5E89D9DE}.Release|x64.Build.0 = Release|x64
		{C683AABE-5FE5-47B8-BB4D-EE5C5E89D9DE}.Release|x86.ActiveCfg = Release|Any CPU
		{C683AABE-5FE5-47B8-BB4D-EE5C5E89D9DE}.Release|x86.Build.0 = Release|Any CPU
		{71B39C21-46A2-471B-AACE-226C575B8AC1}.Debug|Any CPU.ActiveCfg = Debug|Any CPU
		{71B39C21-46A2-471B-AACE-226C575B8AC1}.Debug|Any CPU.Build.0 = Debug|Any CPU
		{71B39C21-46A2-471B-AACE-226C575B8AC1}.Debug|x64.ActiveCfg = Debug|Any CPU
		{71B39C21-46A2-471B-AACE-226C575B8AC1}.Debug|x64.Build.0 = Debug|Any CPU
		{71B39C21-46A2-471B-AACE-226C575B8AC1}.Debug|x86.ActiveCfg = Debug|Any CPU
		{71B39C21-46A2-471B-AACE-226C575B8AC1}.Debug|x86.Build.0 = Debug|Any CPU
		{71B39C21-46A2-471B-AACE-226C575B8AC1}.Release|Any CPU.ActiveCfg = Release|Any CPU
		{71B39C21-46A2-471B-AACE-226C575B8AC1}.Release|Any CPU.Build.0 = Release|Any CPU
		{71B39C21-46A2-471B-AACE-226C575B8AC1}.Release|x64.ActiveCfg = Release|Any CPU
		{71B39C21-46A2-471B-AACE-226C575B8AC1}.Release|x64.Build.0 = Release|Any CPU
		{71B39C21-46A2-471B-AACE-226C575B8AC1}.Release|x86.ActiveCfg = Release|Any CPU
		{71B39C21-46A2-471B-AACE-226C575B8AC1}.Release|x86.Build.0 = Release|Any CPU
		{26CBD69C-EE7C-4D81-8D62-410F4AD4876B}.Debug|Any CPU.ActiveCfg = Debug|Any CPU
		{26CBD69C-EE7C-4D81-8D62-410F4AD4876B}.Debug|Any CPU.Build.0 = Debug|Any CPU
		{26CBD69C-EE7C-4D81-8D62-410F4AD4876B}.Debug|x64.ActiveCfg = Debug|x64
		{26CBD69C-EE7C-4D81-8D62-410F4AD4876B}.Debug|x64.Build.0 = Debug|x64
		{26CBD69C-EE7C-4D81-8D62-410F4AD4876B}.Debug|x86.ActiveCfg = Debug|Any CPU
		{26CBD69C-EE7C-4D81-8D62-410F4AD4876B}.Debug|x86.Build.0 = Debug|Any CPU
		{26CBD69C-EE7C-4D81-8D62-410F4AD4876B}.Release|Any CPU.ActiveCfg = Release|Any CPU
		{26CBD69C-EE7C-4D81-8D62-410F4AD4876B}.Release|Any CPU.Build.0 = Release|Any CPU
		{26CBD69C-EE7C-4D81-8D62-410F4AD4876B}.Release|x64.ActiveCfg = Release|x64
		{26CBD69C-EE7C-4D81-8D62-410F4AD4876B}.Release|x64.Build.0 = Release|x64
		{26CBD69C-EE7C-4D81-8D62-410F4AD4876B}.Release|x86.ActiveCfg = Release|Any CPU
		{26CBD69C-EE7C-4D81-8D62-410F4AD4876B}.Release|x86.Build.0 = Release|Any CPU
	EndGlobalSection
	GlobalSection(SolutionProperties) = preSolution
		HideSolutionNode = FALSE
	EndGlobalSection
	GlobalSection(NestedProjects) = preSolution
		{37650571-163A-4BE7-86BF-DC1B02ADACBB} = {F31829C6-CEE4-4242-A4D9-820C36127B0B}
		{37AE85DE-B127-4861-B925-1A67A35F314A} = {CCE905FB-0DE1-4A8A-89AE-D84E9367D35C}
		{267D875B-3481-465D-AD2C-4BB18EB911BA} = {CCE905FB-0DE1-4A8A-89AE-D84E9367D35C}
		{8232C857-CAA5-400C-8EC5-6239C799BAF5} = {F31829C6-CEE4-4242-A4D9-820C36127B0B}
		{B50AC8CD-CF12-4E7E-9295-E65750C46AA6} = {CCE905FB-0DE1-4A8A-89AE-D84E9367D35C}
		{0CBA6B21-C510-441F-A37F-6B74D504B966} = {DDBB05AC-B066-48C4-933C-034F401EBB6A}
		{AFB11187-666F-4225-8039-D91AE046AFCB} = {CCE905FB-0DE1-4A8A-89AE-D84E9367D35C}
		{B1B98B5E-313E-44D2-8707-9DF487E93F70} = {DDBB05AC-B066-48C4-933C-034F401EBB6A}
		{19DD88A1-6C11-4D99-B753-9878048E8935} = {DDBB05AC-B066-48C4-933C-034F401EBB6A}
		{492F35DB-5245-4F5A-8DA9-E9C532C2DDA7} = {F31829C6-CEE4-4242-A4D9-820C36127B0B}
		{6DF73809-53CA-4A82-AAE6-3C2C62C2D8E8} = {492F35DB-5245-4F5A-8DA9-E9C532C2DDA7}
		{ECD41518-A92C-4706-8E74-9707AFA554B7} = {492F35DB-5245-4F5A-8DA9-E9C532C2DDA7}
		{987EDAA3-9D9D-4F88-87C6-B81AE8213FCF} = {492F35DB-5245-4F5A-8DA9-E9C532C2DDA7}
		{A46ED5E6-95EE-448B-AA88-E43FA32482B6} = {492F35DB-5245-4F5A-8DA9-E9C532C2DDA7}
		{C683AABE-5FE5-47B8-BB4D-EE5C5E89D9DE} = {492F35DB-5245-4F5A-8DA9-E9C532C2DDA7}
		{C8E685E7-06E6-483C-88D6-7F351E966A34} = {DDBB05AC-B066-48C4-933C-034F401EBB6A}
	EndGlobalSection
EndGlobal
