
Microsoft Visual Studio Solution File, Format Version 12.00
# Visual Studio 14
VisualStudioVersion = 14.0.24720.0
MinimumVisualStudioVersion = 10.0.40219.1
Project("{FAE04EC0-301F-11D3-BF4B-00C04F79EFBC}") = "NSwag.CodeGeneration", "NSwag.CodeGeneration\NSwag.CodeGeneration.csproj", "{75B3F91D-687E-4FB3-AD45-CCFA3C406DB4}"
EndProject
Project("{FAE04EC0-301F-11D3-BF4B-00C04F79EFBC}") = "NSwag.CodeGeneration.Tests", "NSwag.CodeGeneration.Tests\NSwag.CodeGeneration.Tests.csproj", "{37650571-163A-4BE7-86BF-DC1B02ADACBB}"
EndProject
Project("{FAE04EC0-301F-11D3-BF4B-00C04F79EFBC}") = "NSwag.Demo.Web", "NSwag.Demo.Web\NSwag.Demo.Web.csproj", "{37AE85DE-B127-4861-B925-1A67A35F314A}"
EndProject
Project("{2150E333-8FDC-42A3-9474-1A3956D46DE8}") = "Demo", "Demo", "{CCE905FB-0DE1-4A8A-89AE-D84E9367D35C}"
EndProject
Project("{FAE04EC0-301F-11D3-BF4B-00C04F79EFBC}") = "NSwag.Demo.Client", "NSwag.Demo.Client\NSwag.Demo.Client.csproj", "{267D875B-3481-465D-AD2C-4BB18EB911BA}"
EndProject
Project("{FAE04EC0-301F-11D3-BF4B-00C04F79EFBC}") = "NSwagStudio", "NSwagStudio\NSwagStudio.csproj", "{DADA2D11-14E2-40B1-B31D-B68D6F18378C}"
EndProject
Project("{FAE04EC0-301F-11D3-BF4B-00C04F79EFBC}") = "NSwag", "NSwag\NSwag.csproj", "{26CBD69C-EE7C-4D81-8D62-410F4AD4876B}"
EndProject
Project("{FAE04EC0-301F-11D3-BF4B-00C04F79EFBC}") = "NSwag.Tests", "NSwag.Tests\NSwag.Tests.csproj", "{8232C857-CAA5-400C-8EC5-6239C799BAF5}"
EndProject
Project("{FAE04EC0-301F-11D3-BF4B-00C04F79EFBC}") = "NSwag.Annotations", "NSwag.Annotations\NSwag.Annotations.csproj", "{CA084154-E758-4A44-938D-7806AF2DD886}"
EndProject
Project("{2150E333-8FDC-42A3-9474-1A3956D46DE8}") = "Tests", "Tests", "{F31829C6-CEE4-4242-A4D9-820C36127B0B}"
EndProject
Project("{FAE04EC0-301F-11D3-BF4B-00C04F79EFBC}") = "NSwag.Core", "NSwag.Core\NSwag.Core.csproj", "{2E6174AA-FC75-4821-9E86-51B30568BEC0}"
EndProject
Project("{930C7802-8A8C-48F9-8165-68863BCCD9DD}") = "NSwagStudio.Installer", "NSwagStudio.Installer\NSwagStudio.Installer.wixproj", "{50DCC09C-7349-4BAC-8833-261A641E0669}"
EndProject
Project("{FAE04EC0-301F-11D3-BF4B-00C04F79EFBC}") = "NJsonSchema", "..\..\NJsonSchema\src\NJsonSchema\NJsonSchema.csproj", "{7B7A2E32-E808-4A19-98B1-37E766580F8C}"
EndProject
Project("{FAE04EC0-301F-11D3-BF4B-00C04F79EFBC}") = "NJsonSchema.CodeGeneration", "..\..\NJsonSchema\src\NJsonSchema.CodeGeneration\NJsonSchema.CodeGeneration.csproj", "{8A463FA0-DAAF-483C-813E-AE9C6153CBF7}"
EndProject
Global
	GlobalSection(SolutionConfigurationPlatforms) = preSolution
		Debug|Any CPU = Debug|Any CPU
		Debug|ARM = Debug|ARM
		Debug|x64 = Debug|x64
		Debug|x86 = Debug|x86
		Release|Any CPU = Release|Any CPU
		Release|ARM = Release|ARM
		Release|x64 = Release|x64
		Release|x86 = Release|x86
	EndGlobalSection
	GlobalSection(ProjectConfigurationPlatforms) = postSolution
		{75B3F91D-687E-4FB3-AD45-CCFA3C406DB4}.Debug|Any CPU.ActiveCfg = Debug|Any CPU
		{75B3F91D-687E-4FB3-AD45-CCFA3C406DB4}.Debug|Any CPU.Build.0 = Debug|Any CPU
		{75B3F91D-687E-4FB3-AD45-CCFA3C406DB4}.Debug|ARM.ActiveCfg = Debug|Any CPU
		{75B3F91D-687E-4FB3-AD45-CCFA3C406DB4}.Debug|x64.ActiveCfg = Debug|Any CPU
		{75B3F91D-687E-4FB3-AD45-CCFA3C406DB4}.Debug|x86.ActiveCfg = Debug|Any CPU
		{75B3F91D-687E-4FB3-AD45-CCFA3C406DB4}.Release|Any CPU.ActiveCfg = Release|Any CPU
		{75B3F91D-687E-4FB3-AD45-CCFA3C406DB4}.Release|Any CPU.Build.0 = Release|Any CPU
		{75B3F91D-687E-4FB3-AD45-CCFA3C406DB4}.Release|ARM.ActiveCfg = Release|Any CPU
		{75B3F91D-687E-4FB3-AD45-CCFA3C406DB4}.Release|x64.ActiveCfg = Release|Any CPU
		{75B3F91D-687E-4FB3-AD45-CCFA3C406DB4}.Release|x86.ActiveCfg = Release|Any CPU
		{37650571-163A-4BE7-86BF-DC1B02ADACBB}.Debug|Any CPU.ActiveCfg = Debug|Any CPU
		{37650571-163A-4BE7-86BF-DC1B02ADACBB}.Debug|Any CPU.Build.0 = Debug|Any CPU
		{37650571-163A-4BE7-86BF-DC1B02ADACBB}.Debug|ARM.ActiveCfg = Debug|Any CPU
		{37650571-163A-4BE7-86BF-DC1B02ADACBB}.Debug|x64.ActiveCfg = Debug|Any CPU
		{37650571-163A-4BE7-86BF-DC1B02ADACBB}.Debug|x86.ActiveCfg = Debug|Any CPU
		{37650571-163A-4BE7-86BF-DC1B02ADACBB}.Release|Any CPU.ActiveCfg = Release|Any CPU
		{37650571-163A-4BE7-86BF-DC1B02ADACBB}.Release|Any CPU.Build.0 = Release|Any CPU
		{37650571-163A-4BE7-86BF-DC1B02ADACBB}.Release|ARM.ActiveCfg = Release|Any CPU
		{37650571-163A-4BE7-86BF-DC1B02ADACBB}.Release|x64.ActiveCfg = Release|Any CPU
		{37650571-163A-4BE7-86BF-DC1B02ADACBB}.Release|x86.ActiveCfg = Release|Any CPU
		{37AE85DE-B127-4861-B925-1A67A35F314A}.Debug|Any CPU.ActiveCfg = Debug|Any CPU
		{37AE85DE-B127-4861-B925-1A67A35F314A}.Debug|Any CPU.Build.0 = Debug|Any CPU
		{37AE85DE-B127-4861-B925-1A67A35F314A}.Debug|ARM.ActiveCfg = Debug|Any CPU
		{37AE85DE-B127-4861-B925-1A67A35F314A}.Debug|x64.ActiveCfg = Debug|Any CPU
		{37AE85DE-B127-4861-B925-1A67A35F314A}.Debug|x86.ActiveCfg = Debug|Any CPU
		{37AE85DE-B127-4861-B925-1A67A35F314A}.Release|Any CPU.ActiveCfg = Release|Any CPU
		{37AE85DE-B127-4861-B925-1A67A35F314A}.Release|Any CPU.Build.0 = Release|Any CPU
		{37AE85DE-B127-4861-B925-1A67A35F314A}.Release|ARM.ActiveCfg = Release|Any CPU
		{37AE85DE-B127-4861-B925-1A67A35F314A}.Release|x64.ActiveCfg = Release|Any CPU
		{37AE85DE-B127-4861-B925-1A67A35F314A}.Release|x86.ActiveCfg = Release|Any CPU
		{267D875B-3481-465D-AD2C-4BB18EB911BA}.Debug|Any CPU.ActiveCfg = Debug|Any CPU
		{267D875B-3481-465D-AD2C-4BB18EB911BA}.Debug|Any CPU.Build.0 = Debug|Any CPU
		{267D875B-3481-465D-AD2C-4BB18EB911BA}.Debug|ARM.ActiveCfg = Debug|Any CPU
		{267D875B-3481-465D-AD2C-4BB18EB911BA}.Debug|x64.ActiveCfg = Debug|Any CPU
		{267D875B-3481-465D-AD2C-4BB18EB911BA}.Debug|x86.ActiveCfg = Debug|Any CPU
		{267D875B-3481-465D-AD2C-4BB18EB911BA}.Release|Any CPU.ActiveCfg = Release|Any CPU
		{267D875B-3481-465D-AD2C-4BB18EB911BA}.Release|Any CPU.Build.0 = Release|Any CPU
		{267D875B-3481-465D-AD2C-4BB18EB911BA}.Release|ARM.ActiveCfg = Release|Any CPU
		{267D875B-3481-465D-AD2C-4BB18EB911BA}.Release|x64.ActiveCfg = Release|Any CPU
		{267D875B-3481-465D-AD2C-4BB18EB911BA}.Release|x86.ActiveCfg = Release|Any CPU
		{DADA2D11-14E2-40B1-B31D-B68D6F18378C}.Debug|Any CPU.ActiveCfg = Debug|Any CPU
		{DADA2D11-14E2-40B1-B31D-B68D6F18378C}.Debug|Any CPU.Build.0 = Debug|Any CPU
		{DADA2D11-14E2-40B1-B31D-B68D6F18378C}.Debug|ARM.ActiveCfg = Debug|Any CPU
		{DADA2D11-14E2-40B1-B31D-B68D6F18378C}.Debug|ARM.Build.0 = Debug|Any CPU
		{DADA2D11-14E2-40B1-B31D-B68D6F18378C}.Debug|x64.ActiveCfg = Debug|Any CPU
		{DADA2D11-14E2-40B1-B31D-B68D6F18378C}.Debug|x64.Build.0 = Debug|Any CPU
		{DADA2D11-14E2-40B1-B31D-B68D6F18378C}.Debug|x86.ActiveCfg = Debug|Any CPU
		{DADA2D11-14E2-40B1-B31D-B68D6F18378C}.Debug|x86.Build.0 = Debug|Any CPU
		{DADA2D11-14E2-40B1-B31D-B68D6F18378C}.Release|Any CPU.ActiveCfg = Release|Any CPU
		{DADA2D11-14E2-40B1-B31D-B68D6F18378C}.Release|Any CPU.Build.0 = Release|Any CPU
		{DADA2D11-14E2-40B1-B31D-B68D6F18378C}.Release|ARM.ActiveCfg = Release|Any CPU
		{DADA2D11-14E2-40B1-B31D-B68D6F18378C}.Release|ARM.Build.0 = Release|Any CPU
		{DADA2D11-14E2-40B1-B31D-B68D6F18378C}.Release|x64.ActiveCfg = Release|Any CPU
		{DADA2D11-14E2-40B1-B31D-B68D6F18378C}.Release|x64.Build.0 = Release|Any CPU
		{DADA2D11-14E2-40B1-B31D-B68D6F18378C}.Release|x86.ActiveCfg = Release|Any CPU
		{DADA2D11-14E2-40B1-B31D-B68D6F18378C}.Release|x86.Build.0 = Release|Any CPU
		{26CBD69C-EE7C-4D81-8D62-410F4AD4876B}.Debug|Any CPU.ActiveCfg = Debug|Any CPU
		{26CBD69C-EE7C-4D81-8D62-410F4AD4876B}.Debug|Any CPU.Build.0 = Debug|Any CPU
		{26CBD69C-EE7C-4D81-8D62-410F4AD4876B}.Debug|ARM.ActiveCfg = Debug|Any CPU
		{26CBD69C-EE7C-4D81-8D62-410F4AD4876B}.Debug|ARM.Build.0 = Debug|Any CPU
		{26CBD69C-EE7C-4D81-8D62-410F4AD4876B}.Debug|x64.ActiveCfg = Debug|Any CPU
		{26CBD69C-EE7C-4D81-8D62-410F4AD4876B}.Debug|x64.Build.0 = Debug|Any CPU
		{26CBD69C-EE7C-4D81-8D62-410F4AD4876B}.Debug|x86.ActiveCfg = Debug|Any CPU
		{26CBD69C-EE7C-4D81-8D62-410F4AD4876B}.Debug|x86.Build.0 = Debug|Any CPU
		{26CBD69C-EE7C-4D81-8D62-410F4AD4876B}.Release|Any CPU.ActiveCfg = Release|Any CPU
		{26CBD69C-EE7C-4D81-8D62-410F4AD4876B}.Release|Any CPU.Build.0 = Release|Any CPU
		{26CBD69C-EE7C-4D81-8D62-410F4AD4876B}.Release|ARM.ActiveCfg = Release|Any CPU
		{26CBD69C-EE7C-4D81-8D62-410F4AD4876B}.Release|ARM.Build.0 = Release|Any CPU
		{26CBD69C-EE7C-4D81-8D62-410F4AD4876B}.Release|x64.ActiveCfg = Release|Any CPU
		{26CBD69C-EE7C-4D81-8D62-410F4AD4876B}.Release|x64.Build.0 = Release|Any CPU
		{26CBD69C-EE7C-4D81-8D62-410F4AD4876B}.Release|x86.ActiveCfg = Release|Any CPU
		{26CBD69C-EE7C-4D81-8D62-410F4AD4876B}.Release|x86.Build.0 = Release|Any CPU
		{8232C857-CAA5-400C-8EC5-6239C799BAF5}.Debug|Any CPU.ActiveCfg = Debug|Any CPU
		{8232C857-CAA5-400C-8EC5-6239C799BAF5}.Debug|Any CPU.Build.0 = Debug|Any CPU
		{8232C857-CAA5-400C-8EC5-6239C799BAF5}.Debug|ARM.ActiveCfg = Debug|Any CPU
		{8232C857-CAA5-400C-8EC5-6239C799BAF5}.Debug|ARM.Build.0 = Debug|Any CPU
		{8232C857-CAA5-400C-8EC5-6239C799BAF5}.Debug|x64.ActiveCfg = Debug|Any CPU
		{8232C857-CAA5-400C-8EC5-6239C799BAF5}.Debug|x64.Build.0 = Debug|Any CPU
		{8232C857-CAA5-400C-8EC5-6239C799BAF5}.Debug|x86.ActiveCfg = Debug|Any CPU
		{8232C857-CAA5-400C-8EC5-6239C799BAF5}.Debug|x86.Build.0 = Debug|Any CPU
		{8232C857-CAA5-400C-8EC5-6239C799BAF5}.Release|Any CPU.ActiveCfg = Release|Any CPU
		{8232C857-CAA5-400C-8EC5-6239C799BAF5}.Release|Any CPU.Build.0 = Release|Any CPU
		{8232C857-CAA5-400C-8EC5-6239C799BAF5}.Release|ARM.ActiveCfg = Release|Any CPU
		{8232C857-CAA5-400C-8EC5-6239C799BAF5}.Release|ARM.Build.0 = Release|Any CPU
		{8232C857-CAA5-400C-8EC5-6239C799BAF5}.Release|x64.ActiveCfg = Release|Any CPU
		{8232C857-CAA5-400C-8EC5-6239C799BAF5}.Release|x64.Build.0 = Release|Any CPU
		{8232C857-CAA5-400C-8EC5-6239C799BAF5}.Release|x86.ActiveCfg = Release|Any CPU
		{8232C857-CAA5-400C-8EC5-6239C799BAF5}.Release|x86.Build.0 = Release|Any CPU
		{CA084154-E758-4A44-938D-7806AF2DD886}.Debug|Any CPU.ActiveCfg = Debug|Any CPU
		{CA084154-E758-4A44-938D-7806AF2DD886}.Debug|Any CPU.Build.0 = Debug|Any CPU
		{CA084154-E758-4A44-938D-7806AF2DD886}.Debug|ARM.ActiveCfg = Debug|Any CPU
		{CA084154-E758-4A44-938D-7806AF2DD886}.Debug|ARM.Build.0 = Debug|Any CPU
		{CA084154-E758-4A44-938D-7806AF2DD886}.Debug|x64.ActiveCfg = Debug|Any CPU
		{CA084154-E758-4A44-938D-7806AF2DD886}.Debug|x64.Build.0 = Debug|Any CPU
		{CA084154-E758-4A44-938D-7806AF2DD886}.Debug|x86.ActiveCfg = Debug|Any CPU
		{CA084154-E758-4A44-938D-7806AF2DD886}.Debug|x86.Build.0 = Debug|Any CPU
		{CA084154-E758-4A44-938D-7806AF2DD886}.Release|Any CPU.ActiveCfg = Release|Any CPU
		{CA084154-E758-4A44-938D-7806AF2DD886}.Release|Any CPU.Build.0 = Release|Any CPU
		{CA084154-E758-4A44-938D-7806AF2DD886}.Release|ARM.ActiveCfg = Release|Any CPU
		{CA084154-E758-4A44-938D-7806AF2DD886}.Release|ARM.Build.0 = Release|Any CPU
		{CA084154-E758-4A44-938D-7806AF2DD886}.Release|x64.ActiveCfg = Release|Any CPU
		{CA084154-E758-4A44-938D-7806AF2DD886}.Release|x64.Build.0 = Release|Any CPU
		{CA084154-E758-4A44-938D-7806AF2DD886}.Release|x86.ActiveCfg = Release|Any CPU
		{CA084154-E758-4A44-938D-7806AF2DD886}.Release|x86.Build.0 = Release|Any CPU
		{2E6174AA-FC75-4821-9E86-51B30568BEC0}.Debug|Any CPU.ActiveCfg = Debug|Any CPU
		{2E6174AA-FC75-4821-9E86-51B30568BEC0}.Debug|Any CPU.Build.0 = Debug|Any CPU
		{2E6174AA-FC75-4821-9E86-51B30568BEC0}.Debug|ARM.ActiveCfg = Debug|Any CPU
		{2E6174AA-FC75-4821-9E86-51B30568BEC0}.Debug|ARM.Build.0 = Debug|Any CPU
		{2E6174AA-FC75-4821-9E86-51B30568BEC0}.Debug|x64.ActiveCfg = Debug|Any CPU
		{2E6174AA-FC75-4821-9E86-51B30568BEC0}.Debug|x64.Build.0 = Debug|Any CPU
		{2E6174AA-FC75-4821-9E86-51B30568BEC0}.Debug|x86.ActiveCfg = Debug|Any CPU
		{2E6174AA-FC75-4821-9E86-51B30568BEC0}.Debug|x86.Build.0 = Debug|Any CPU
		{2E6174AA-FC75-4821-9E86-51B30568BEC0}.Release|Any CPU.ActiveCfg = Release|Any CPU
		{2E6174AA-FC75-4821-9E86-51B30568BEC0}.Release|Any CPU.Build.0 = Release|Any CPU
		{2E6174AA-FC75-4821-9E86-51B30568BEC0}.Release|ARM.ActiveCfg = Release|Any CPU
		{2E6174AA-FC75-4821-9E86-51B30568BEC0}.Release|ARM.Build.0 = Release|Any CPU
		{2E6174AA-FC75-4821-9E86-51B30568BEC0}.Release|x64.ActiveCfg = Release|Any CPU
		{2E6174AA-FC75-4821-9E86-51B30568BEC0}.Release|x64.Build.0 = Release|Any CPU
		{2E6174AA-FC75-4821-9E86-51B30568BEC0}.Release|x86.ActiveCfg = Release|Any CPU
		{2E6174AA-FC75-4821-9E86-51B30568BEC0}.Release|x86.Build.0 = Release|Any CPU
		{50DCC09C-7349-4BAC-8833-261A641E0669}.Debug|Any CPU.ActiveCfg = Debug|x86
		{50DCC09C-7349-4BAC-8833-261A641E0669}.Debug|Any CPU.Build.0 = Debug|x86
		{50DCC09C-7349-4BAC-8833-261A641E0669}.Debug|ARM.ActiveCfg = Debug|x86
		{50DCC09C-7349-4BAC-8833-261A641E0669}.Debug|x64.ActiveCfg = Debug|x86
		{50DCC09C-7349-4BAC-8833-261A641E0669}.Debug|x86.ActiveCfg = Debug|x86
		{50DCC09C-7349-4BAC-8833-261A641E0669}.Debug|x86.Build.0 = Debug|x86
		{50DCC09C-7349-4BAC-8833-261A641E0669}.Release|Any CPU.ActiveCfg = Release|x86
		{50DCC09C-7349-4BAC-8833-261A641E0669}.Release|Any CPU.Build.0 = Release|x86
		{50DCC09C-7349-4BAC-8833-261A641E0669}.Release|ARM.ActiveCfg = Release|x86
		{50DCC09C-7349-4BAC-8833-261A641E0669}.Release|x64.ActiveCfg = Release|x86
		{50DCC09C-7349-4BAC-8833-261A641E0669}.Release|x86.ActiveCfg = Release|x86
		{50DCC09C-7349-4BAC-8833-261A641E0669}.Release|x86.Build.0 = Release|x86
		{7B7A2E32-E808-4A19-98B1-37E766580F8C}.Debug|Any CPU.ActiveCfg = Debug|Any CPU
		{7B7A2E32-E808-4A19-98B1-37E766580F8C}.Debug|Any CPU.Build.0 = Debug|Any CPU
		{7B7A2E32-E808-4A19-98B1-37E766580F8C}.Debug|ARM.ActiveCfg = Debug|Any CPU
		{7B7A2E32-E808-4A19-98B1-37E766580F8C}.Debug|ARM.Build.0 = Debug|Any CPU
		{7B7A2E32-E808-4A19-98B1-37E766580F8C}.Debug|x64.ActiveCfg = Debug|Any CPU
		{7B7A2E32-E808-4A19-98B1-37E766580F8C}.Debug|x64.Build.0 = Debug|Any CPU
		{7B7A2E32-E808-4A19-98B1-37E766580F8C}.Debug|x86.ActiveCfg = Debug|Any CPU
		{7B7A2E32-E808-4A19-98B1-37E766580F8C}.Debug|x86.Build.0 = Debug|Any CPU
		{7B7A2E32-E808-4A19-98B1-37E766580F8C}.Release|Any CPU.ActiveCfg = Release|Any CPU
		{7B7A2E32-E808-4A19-98B1-37E766580F8C}.Release|Any CPU.Build.0 = Release|Any CPU
		{7B7A2E32-E808-4A19-98B1-37E766580F8C}.Release|ARM.ActiveCfg = Release|Any CPU
		{7B7A2E32-E808-4A19-98B1-37E766580F8C}.Release|ARM.Build.0 = Release|Any CPU
		{7B7A2E32-E808-4A19-98B1-37E766580F8C}.Release|x64.ActiveCfg = Release|Any CPU
		{7B7A2E32-E808-4A19-98B1-37E766580F8C}.Release|x64.Build.0 = Release|Any CPU
		{7B7A2E32-E808-4A19-98B1-37E766580F8C}.Release|x86.ActiveCfg = Release|Any CPU
		{7B7A2E32-E808-4A19-98B1-37E766580F8C}.Release|x86.Build.0 = Release|Any CPU
		{8A463FA0-DAAF-483C-813E-AE9C6153CBF7}.Debug|Any CPU.ActiveCfg = Debug|Any CPU
		{8A463FA0-DAAF-483C-813E-AE9C6153CBF7}.Debug|Any CPU.Build.0 = Debug|Any CPU
		{8A463FA0-DAAF-483C-813E-AE9C6153CBF7}.Debug|ARM.ActiveCfg = Debug|Any CPU
		{8A463FA0-DAAF-483C-813E-AE9C6153CBF7}.Debug|ARM.Build.0 = Debug|Any CPU
		{8A463FA0-DAAF-483C-813E-AE9C6153CBF7}.Debug|x64.ActiveCfg = Debug|Any CPU
		{8A463FA0-DAAF-483C-813E-AE9C6153CBF7}.Debug|x64.Build.0 = Debug|Any CPU
		{8A463FA0-DAAF-483C-813E-AE9C6153CBF7}.Debug|x86.ActiveCfg = Debug|Any CPU
		{8A463FA0-DAAF-483C-813E-AE9C6153CBF7}.Debug|x86.Build.0 = Debug|Any CPU
		{8A463FA0-DAAF-483C-813E-AE9C6153CBF7}.Release|Any CPU.ActiveCfg = Release|Any CPU
		{8A463FA0-DAAF-483C-813E-AE9C6153CBF7}.Release|Any CPU.Build.0 = Release|Any CPU
		{8A463FA0-DAAF-483C-813E-AE9C6153CBF7}.Release|ARM.ActiveCfg = Release|Any CPU
		{8A463FA0-DAAF-483C-813E-AE9C6153CBF7}.Release|ARM.Build.0 = Release|Any CPU
		{8A463FA0-DAAF-483C-813E-AE9C6153CBF7}.Release|x64.ActiveCfg = Release|Any CPU
		{8A463FA0-DAAF-483C-813E-AE9C6153CBF7}.Release|x64.Build.0 = Release|Any CPU
		{8A463FA0-DAAF-483C-813E-AE9C6153CBF7}.Release|x86.ActiveCfg = Release|Any CPU
		{8A463FA0-DAAF-483C-813E-AE9C6153CBF7}.Release|x86.Build.0 = Release|Any CPU
	EndGlobalSection
	GlobalSection(SolutionProperties) = preSolution
		HideSolutionNode = FALSE
	EndGlobalSection
	GlobalSection(NestedProjects) = preSolution
		{37650571-163A-4BE7-86BF-DC1B02ADACBB} = {F31829C6-CEE4-4242-A4D9-820C36127B0B}
		{37AE85DE-B127-4861-B925-1A67A35F314A} = {CCE905FB-0DE1-4A8A-89AE-D84E9367D35C}
		{267D875B-3481-465D-AD2C-4BB18EB911BA} = {CCE905FB-0DE1-4A8A-89AE-D84E9367D35C}
		{8232C857-CAA5-400C-8EC5-6239C799BAF5} = {F31829C6-CEE4-4242-A4D9-820C36127B0B}
	EndGlobalSection
EndGlobal
